// !$*UTF8*$!
{
	archiveVersion = 1;
	classes = {
	};
	objectVersion = 56;
	objects = {

/* Begin PBXBuildFile section */
		2447AB532CE1C4C100399C4D /* LaunchScreen.storyboard in Resources */ = {isa = PBXBuildFile; fileRef = 2447AB522CE1C4C100399C4D /* LaunchScreen.storyboard */; };
		2447AB562CE1D0EC00399C4D /* StoreClient.swift in Sources */ = {isa = PBXBuildFile; fileRef = 2447AB552CE1D0EC00399C4D /* StoreClient.swift */; };
		2447AB582CE1E16200399C4D /* ErrorResponse.swift in Sources */ = {isa = PBXBuildFile; fileRef = 2447AB572CE1E16200399C4D /* ErrorResponse.swift */; };
		2447AB5A2CE2200100399C4D /* ChannelClient.swift in Sources */ = {isa = PBXBuildFile; fileRef = 2447AB592CE2200100399C4D /* ChannelClient.swift */; };
		2447AB5C2CE22D1300399C4D /* APIError.swift in Sources */ = {isa = PBXBuildFile; fileRef = 2447AB5B2CE22D1300399C4D /* APIError.swift */; };
		2447AB5E2CE2371C00399C4D /* UnreadCountResponse.swift in Sources */ = {isa = PBXBuildFile; fileRef = 2447AB5D2CE2371C00399C4D /* UnreadCountResponse.swift */; };
		2447AB612CE3276A00399C4D /* AuthView.swift in Sources */ = {isa = PBXBuildFile; fileRef = 2447AB602CE3276A00399C4D /* AuthView.swift */; };
		2447AB642CE327C800399C4D /* ToastView.swift in Sources */ = {isa = PBXBuildFile; fileRef = 2447AB632CE327C800399C4D /* ToastView.swift */; };
		2447AB662CE329AB00399C4D /* ToastWindowManager.swift in Sources */ = {isa = PBXBuildFile; fileRef = 2447AB652CE329AB00399C4D /* ToastWindowManager.swift */; };
		2447AB682CE329BB00399C4D /* Toast.swift in Sources */ = {isa = PBXBuildFile; fileRef = 2447AB672CE329BB00399C4D /* Toast.swift */; };
		2447AB6A2CE32B6800399C4D /* ToastModifier.swift in Sources */ = {isa = PBXBuildFile; fileRef = 2447AB692CE32B6800399C4D /* ToastModifier.swift */; };
		2447AB6D2CE32ED300399C4D /* Notification.swift in Sources */ = {isa = PBXBuildFile; fileRef = 2447AB6C2CE32ED300399C4D /* Notification.swift */; };
		2447AB6F2CE3326D00399C4D /* OnboardingView.swift in Sources */ = {isa = PBXBuildFile; fileRef = 2447AB6E2CE3326D00399C4D /* OnboardingView.swift */; };
		2447AB712CE3789600399C4D /* LoginPopUpView.swift in Sources */ = {isa = PBXBuildFile; fileRef = 2447AB702CE3789600399C4D /* LoginPopUpView.swift */; };
		2447AB732CE378B600399C4D /* OnboardingFeature.swift in Sources */ = {isa = PBXBuildFile; fileRef = 2447AB722CE378B600399C4D /* OnboardingFeature.swift */; };
		24ABE91D2CD4AEDB000E7EC5 /* GatheringApp.swift in Sources */ = {isa = PBXBuildFile; fileRef = 24ABE91C2CD4AEDB000E7EC5 /* GatheringApp.swift */; };
		24ABE91F2CD4AEDB000E7EC5 /* ContentView.swift in Sources */ = {isa = PBXBuildFile; fileRef = 24ABE91E2CD4AEDB000E7EC5 /* ContentView.swift */; };
		24ABE9212CD4AEDD000E7EC5 /* Assets.xcassets in Resources */ = {isa = PBXBuildFile; fileRef = 24ABE9202CD4AEDD000E7EC5 /* Assets.xcassets */; };
		24ABE9242CD4AEDD000E7EC5 /* Preview Assets.xcassets in Resources */ = {isa = PBXBuildFile; fileRef = 24ABE9232CD4AEDD000E7EC5 /* Preview Assets.xcassets */; };
		24ABE92C2CD4AEF2000E7EC5 /* ComposableArchitecture in Frameworks */ = {isa = PBXBuildFile; productRef = 24ABE92B2CD4AEF2000E7EC5 /* ComposableArchitecture */; };
		24ABE92F2CD4AF24000E7EC5 /* Alamofire in Frameworks */ = {isa = PBXBuildFile; productRef = 24ABE92E2CD4AF24000E7EC5 /* Alamofire */; };
		24ABE9322CD4AF3D000E7EC5 /* Kingfisher in Frameworks */ = {isa = PBXBuildFile; productRef = 24ABE9312CD4AF3D000E7EC5 /* Kingfisher */; };
		24ABE9352CD4AF81000E7EC5 /* RealmSwift in Frameworks */ = {isa = PBXBuildFile; productRef = 24ABE9342CD4AF81000E7EC5 /* RealmSwift */; };
		24ABE9392CD4B0B4000E7EC5 /* RealmSwift in Embed Frameworks */ = {isa = PBXBuildFile; productRef = 24ABE9342CD4AF81000E7EC5 /* RealmSwift */; settings = {ATTRIBUTES = (CodeSignOnCopy, ); }; };
		24ABE93C2CD4B4D9000E7EC5 /* .gitignore in Resources */ = {isa = PBXBuildFile; fileRef = 24ABE93B2CD4B4D9000E7EC5 /* .gitignore */; };
		24ABE9402CD4B6D1000E7EC5 /* APIAuth.swift in Sources */ = {isa = PBXBuildFile; fileRef = 24ABE93F2CD4B6D1000E7EC5 /* APIAuth.swift */; };
		24ABE9432CD4B7CC000E7EC5 /* SeungHyunView.swift in Sources */ = {isa = PBXBuildFile; fileRef = 24ABE9422CD4B7CC000E7EC5 /* SeungHyunView.swift */; };
		24ABE94B2CD4B8A9000E7EC5 /* .swiftlint.yml in Resources */ = {isa = PBXBuildFile; fileRef = 24ABE94A2CD4B8A9000E7EC5 /* .swiftlint.yml */; };
		24ABE94C2CD4BACD000E7EC5 /* APIKey.xcconfig in Resources */ = {isa = PBXBuildFile; fileRef = 24ABE93D2CD4B557000E7EC5 /* APIKey.xcconfig */; };
		24ABE94E2CD8A71D000E7EC5 /* RootView.swift in Sources */ = {isa = PBXBuildFile; fileRef = 24ABE94D2CD8A71D000E7EC5 /* RootView.swift */; };
		24ABE9522CD8B65E000E7EC5 /* DMView.swift in Sources */ = {isa = PBXBuildFile; fileRef = 24ABE9512CD8B65E000E7EC5 /* DMView.swift */; };
		24ABE9542CD8B711000E7EC5 /* Font+.swift in Sources */ = {isa = PBXBuildFile; fileRef = 24ABE9532CD8B711000E7EC5 /* Font+.swift */; };
		24ABE95A2CDB86F3000E7EC5 /* Color+.swift in Sources */ = {isa = PBXBuildFile; fileRef = 24ABE9592CDB86F3000E7EC5 /* Color+.swift */; };
		24ABE95C2CDB8701000E7EC5 /* Design.swift in Sources */ = {isa = PBXBuildFile; fileRef = 24ABE95B2CDB8701000E7EC5 /* Design.swift */; };
		24ABE95F2CDB93B5000E7EC5 /* View+.swift in Sources */ = {isa = PBXBuildFile; fileRef = 24ABE95E2CDB93B5000E7EC5 /* View+.swift */; };
		24ABE9622CDB99B1000E7EC5 /* ChannelOutButton.swift in Sources */ = {isa = PBXBuildFile; fileRef = 24ABE9612CDB99B1000E7EC5 /* ChannelOutButton.swift */; };
		24ABE9642CDB99C8000E7EC5 /* ContinueEmailButton.swift in Sources */ = {isa = PBXBuildFile; fileRef = 24ABE9632CDB99C8000E7EC5 /* ContinueEmailButton.swift */; };
		24ABE9662CDB99D0000E7EC5 /* StartInactiveButton.swift in Sources */ = {isa = PBXBuildFile; fileRef = 24ABE9652CDB99D0000E7EC5 /* StartInactiveButton.swift */; };
		24ABE9682CDB99D6000E7EC5 /* StartActiveButton.swift in Sources */ = {isa = PBXBuildFile; fileRef = 24ABE9672CDB99D6000E7EC5 /* StartActiveButton.swift */; };
		24ABE96A2CDB9AB8000E7EC5 /* KakaoLoginButton.swift in Sources */ = {isa = PBXBuildFile; fileRef = 24ABE9692CDB9AB8000E7EC5 /* KakaoLoginButton.swift */; };
		24ABE96C2CDB9AF9000E7EC5 /* AppleLoginButton.swift in Sources */ = {isa = PBXBuildFile; fileRef = 24ABE96B2CDB9AF9000E7EC5 /* AppleLoginButton.swift */; };
		24ABE96E2CDCE2A3000E7EC5 /* NetworkManager.swift in Sources */ = {isa = PBXBuildFile; fileRef = 24ABE96D2CDCE2A3000E7EC5 /* NetworkManager.swift */; };
		24ABE9702CDCEDB2000E7EC5 /* UserDefaultsManager.swift in Sources */ = {isa = PBXBuildFile; fileRef = 24ABE96F2CDCEDB2000E7EC5 /* UserDefaultsManager.swift */; };
		24ABE9732CDCEF9D000E7EC5 /* StoreRouter.swift in Sources */ = {isa = PBXBuildFile; fileRef = 24ABE9722CDCEF9D000E7EC5 /* StoreRouter.swift */; };
		24ABE9792CDCF02A000E7EC5 /* PayValidationResponse.swift in Sources */ = {isa = PBXBuildFile; fileRef = 24ABE9782CDCF02A000E7EC5 /* PayValidationResponse.swift */; };
		24ABE97B2CDCF03D000E7EC5 /* StoreItemResponse.swift in Sources */ = {isa = PBXBuildFile; fileRef = 24ABE97A2CDCF03D000E7EC5 /* StoreItemResponse.swift */; };
		24ABE97D2CDCF15D000E7EC5 /* PayValidationRequest.swift in Sources */ = {isa = PBXBuildFile; fileRef = 24ABE97C2CDCF15D000E7EC5 /* PayValidationRequest.swift */; };
		24ABE9822CDE0FE9000E7EC5 /* ChannelRouter.swift in Sources */ = {isa = PBXBuildFile; fileRef = 24ABE9812CDE0FE9000E7EC5 /* ChannelRouter.swift */; };
		24ABE9862CDE12BE000E7EC5 /* ChannelResponse.swift in Sources */ = {isa = PBXBuildFile; fileRef = 24ABE9852CDE12BE000E7EC5 /* ChannelResponse.swift */; };
		24ABE9882CDE172F000E7EC5 /* ChannelRequest.swift in Sources */ = {isa = PBXBuildFile; fileRef = 24ABE9872CDE172F000E7EC5 /* ChannelRequest.swift */; };
		24ABE98A2CDF004D000E7EC5 /* ChattingResponse.swift in Sources */ = {isa = PBXBuildFile; fileRef = 24ABE9892CDF004D000E7EC5 /* ChattingResponse.swift */; };
		24ABE98C2CDF005F000E7EC5 /* MemberResponse.swift in Sources */ = {isa = PBXBuildFile; fileRef = 24ABE98B2CDF005F000E7EC5 /* MemberResponse.swift */; };
		24ABE98E2CDF02E1000E7EC5 /* ChattingRequest.swift in Sources */ = {isa = PBXBuildFile; fileRef = 24ABE98D2CDF02E1000E7EC5 /* ChattingRequest.swift */; };
		24ABE9902CDF0CFB000E7EC5 /* OwnerRequest.swift in Sources */ = {isa = PBXBuildFile; fileRef = 24ABE98F2CDF0CFB000E7EC5 /* OwnerRequest.swift */; };
		847A3F812CD8FFEF004A9361 /* CounterFeature.swift in Sources */ = {isa = PBXBuildFile; fileRef = 847A3F802CD8FFEF004A9361 /* CounterFeature.swift */; };
		847A3F842CD9000F004A9361 /* HomeView.swift in Sources */ = {isa = PBXBuildFile; fileRef = 847A3F832CD9000F004A9361 /* HomeView.swift */; };
		847A3F882CD9C032004A9361 /* ProfileImageView.swift in Sources */ = {isa = PBXBuildFile; fileRef = 847A3F872CD9C032004A9361 /* ProfileImageView.swift */; };
		847A3F8B2CD9EA54004A9361 /* TempModel.swift in Sources */ = {isa = PBXBuildFile; fileRef = 847A3F8A2CD9EA54004A9361 /* TempModel.swift */; };
		847A3F902CDA440F004A9361 /* CustomDisclosure.swift in Sources */ = {isa = PBXBuildFile; fileRef = 847A3F8F2CDA440F004A9361 /* CustomDisclosure.swift */; };
		847A3F922CDA9FC0004A9361 /* GatheringNavigationStack.swift in Sources */ = {isa = PBXBuildFile; fileRef = 847A3F912CDA9FC0004A9361 /* GatheringNavigationStack.swift */; };
		847A3F972CDAFB19004A9361 /* TargetType.swift in Sources */ = {isa = PBXBuildFile; fileRef = 847A3F962CDAFB19004A9361 /* TargetType.swift */; };
		847A3F992CDAFC6B004A9361 /* Router.swift in Sources */ = {isa = PBXBuildFile; fileRef = 847A3F982CDAFC6B004A9361 /* Router.swift */; };
		847A3F9B2CDAFF04004A9361 /* Header.swift in Sources */ = {isa = PBXBuildFile; fileRef = 847A3F9A2CDAFF04004A9361 /* Header.swift */; };
		847A3F9D2CDB0E6B004A9361 /* AddChannelView.swift in Sources */ = {isa = PBXBuildFile; fileRef = 847A3F9C2CDB0E6B004A9361 /* AddChannelView.swift */; };
		847A3F9F2CDB6AC4004A9361 /* ToolbarModifier.swift in Sources */ = {isa = PBXBuildFile; fileRef = 847A3F9E2CDB6AC4004A9361 /* ToolbarModifier.swift */; };
		847A3FA12CDCB96E004A9361 /* SheetHeaderView.swift in Sources */ = {isa = PBXBuildFile; fileRef = 847A3FA02CDCB96E004A9361 /* SheetHeaderView.swift */; };
		847A3FA32CDE111A004A9361 /* InviteMemberView.swift in Sources */ = {isa = PBXBuildFile; fileRef = 847A3FA22CDE111A004A9361 /* InviteMemberView.swift */; };
		847A3FA52CDE1183004A9361 /* ChannelExploreView.swift in Sources */ = {isa = PBXBuildFile; fileRef = 847A3FA42CDE1183004A9361 /* ChannelExploreView.swift */; };
		A0E444C52CDD0A5C0024AE71 /* ChatMessage.swift in Sources */ = {isa = PBXBuildFile; fileRef = A0E444C42CDD0A5C0024AE71 /* ChatMessage.swift */; };
		A0E444CA2CDDF4520024AE71 /* ChattingPhotoPicker.swift in Sources */ = {isa = PBXBuildFile; fileRef = A0E444C92CDDF4520024AE71 /* ChattingPhotoPicker.swift */; };
		A0E444CC2CDE010D0024AE71 /* ChattingImageView.swift in Sources */ = {isa = PBXBuildFile; fileRef = A0E444CB2CDE010D0024AE71 /* ChattingImageView.swift */; };
		A0E444D12CE29A850024AE71 /* WorkSpaceRouter.swift in Sources */ = {isa = PBXBuildFile; fileRef = A0E444D02CE29A850024AE71 /* WorkSpaceRouter.swift */; };
		A0E444D92CE2A90C0024AE71 /* WorkspaceCreateRequest.swift in Sources */ = {isa = PBXBuildFile; fileRef = A0E444D82CE2A90C0024AE71 /* WorkspaceCreateRequest.swift */; };
		A0E444DB2CE2AC130024AE71 /* WorkspaceEditRequest.swift in Sources */ = {isa = PBXBuildFile; fileRef = A0E444DA2CE2AC130024AE71 /* WorkspaceEditRequest.swift */; };
		A0E444DD2CE2AD690024AE71 /* InviteMemberRequest.swift in Sources */ = {isa = PBXBuildFile; fileRef = A0E444DC2CE2AD690024AE71 /* InviteMemberRequest.swift */; };
		A0E444DF2CE2B1ED0024AE71 /* WorkspaceResponse.swift in Sources */ = {isa = PBXBuildFile; fileRef = A0E444DE2CE2B1ED0024AE71 /* WorkspaceResponse.swift */; };
		A0E444E12CE2B37D0024AE71 /* WorkspaceInfoResponse.swift in Sources */ = {isa = PBXBuildFile; fileRef = A0E444E02CE2B37D0024AE71 /* WorkspaceInfoResponse.swift */; };
		A0E444E32CE2C0F20024AE71 /* DmsRouter.swift in Sources */ = {isa = PBXBuildFile; fileRef = A0E444E22CE2C0F20024AE71 /* DmsRouter.swift */; };
		A0E444E72CE2C3800024AE71 /* DmMessageRequest.swift in Sources */ = {isa = PBXBuildFile; fileRef = A0E444E62CE2C3800024AE71 /* DmMessageRequest.swift */; };
		A0E444E92CE2C3D80024AE71 /* DmOpponentRequest.swift in Sources */ = {isa = PBXBuildFile; fileRef = A0E444E82CE2C3D80024AE71 /* DmOpponentRequest.swift */; };
		A0E444EB2CE2C7E20024AE71 /* DmsResponse.swift in Sources */ = {isa = PBXBuildFile; fileRef = A0E444EA2CE2C7E20024AE71 /* DmsResponse.swift */; };
		A0E444ED2CE2C9C70024AE71 /* UnreadDmsResponse.swift in Sources */ = {isa = PBXBuildFile; fileRef = A0E444EC2CE2C9C70024AE71 /* UnreadDmsResponse.swift */; };
		A0E444EF2CE2CA8C0024AE71 /* DmsRoomResponse.swift in Sources */ = {isa = PBXBuildFile; fileRef = A0E444EE2CE2CA8C0024AE71 /* DmsRoomResponse.swift */; };
		A0E444F12CE326170024AE71 /* WorkspaceClient.swift in Sources */ = {isa = PBXBuildFile; fileRef = A0E444F02CE326170024AE71 /* WorkspaceClient.swift */; };
		A0E444F32CE336F30024AE71 /* DmsClient.swift in Sources */ = {isa = PBXBuildFile; fileRef = A0E444F22CE336F30024AE71 /* DmsClient.swift */; };
		A0EEC1982CDA46B700D81239 /* ChattingView.swift in Sources */ = {isa = PBXBuildFile; fileRef = A0EEC1972CDA46B700D81239 /* ChattingView.swift */; };
/* End PBXBuildFile section */

/* Begin PBXCopyFilesBuildPhase section */
		24ABE93A2CD4B0B4000E7EC5 /* Embed Frameworks */ = {
			isa = PBXCopyFilesBuildPhase;
			buildActionMask = 2147483647;
			dstPath = "";
			dstSubfolderSpec = 10;
			files = (
				24ABE9392CD4B0B4000E7EC5 /* RealmSwift in Embed Frameworks */,
			);
			name = "Embed Frameworks";
			runOnlyForDeploymentPostprocessing = 0;
		};
/* End PBXCopyFilesBuildPhase section */

/* Begin PBXFileReference section */
		2447AB522CE1C4C100399C4D /* LaunchScreen.storyboard */ = {isa = PBXFileReference; lastKnownFileType = file.storyboard; path = LaunchScreen.storyboard; sourceTree = "<group>"; };
		2447AB552CE1D0EC00399C4D /* StoreClient.swift */ = {isa = PBXFileReference; lastKnownFileType = sourcecode.swift; path = StoreClient.swift; sourceTree = "<group>"; };
		2447AB572CE1E16200399C4D /* ErrorResponse.swift */ = {isa = PBXFileReference; lastKnownFileType = sourcecode.swift; path = ErrorResponse.swift; sourceTree = "<group>"; };
		2447AB592CE2200100399C4D /* ChannelClient.swift */ = {isa = PBXFileReference; lastKnownFileType = sourcecode.swift; path = ChannelClient.swift; sourceTree = "<group>"; };
		2447AB5B2CE22D1300399C4D /* APIError.swift */ = {isa = PBXFileReference; lastKnownFileType = sourcecode.swift; path = APIError.swift; sourceTree = "<group>"; };
		2447AB5D2CE2371C00399C4D /* UnreadCountResponse.swift */ = {isa = PBXFileReference; lastKnownFileType = sourcecode.swift; path = UnreadCountResponse.swift; sourceTree = "<group>"; };
		2447AB602CE3276A00399C4D /* AuthView.swift */ = {isa = PBXFileReference; lastKnownFileType = sourcecode.swift; path = AuthView.swift; sourceTree = "<group>"; };
		2447AB632CE327C800399C4D /* ToastView.swift */ = {isa = PBXFileReference; lastKnownFileType = sourcecode.swift; path = ToastView.swift; sourceTree = "<group>"; };
		2447AB652CE329AB00399C4D /* ToastWindowManager.swift */ = {isa = PBXFileReference; lastKnownFileType = sourcecode.swift; path = ToastWindowManager.swift; sourceTree = "<group>"; };
		2447AB672CE329BB00399C4D /* Toast.swift */ = {isa = PBXFileReference; lastKnownFileType = sourcecode.swift; path = Toast.swift; sourceTree = "<group>"; };
		2447AB692CE32B6800399C4D /* ToastModifier.swift */ = {isa = PBXFileReference; lastKnownFileType = sourcecode.swift; path = ToastModifier.swift; sourceTree = "<group>"; };
		2447AB6C2CE32ED300399C4D /* Notification.swift */ = {isa = PBXFileReference; lastKnownFileType = sourcecode.swift; path = Notification.swift; sourceTree = "<group>"; };
		2447AB6E2CE3326D00399C4D /* OnboardingView.swift */ = {isa = PBXFileReference; lastKnownFileType = sourcecode.swift; path = OnboardingView.swift; sourceTree = "<group>"; };
		2447AB702CE3789600399C4D /* LoginPopUpView.swift */ = {isa = PBXFileReference; lastKnownFileType = sourcecode.swift; path = LoginPopUpView.swift; sourceTree = "<group>"; };
		2447AB722CE378B600399C4D /* OnboardingFeature.swift */ = {isa = PBXFileReference; lastKnownFileType = sourcecode.swift; path = OnboardingFeature.swift; sourceTree = "<group>"; };
		24ABE9192CD4AEDB000E7EC5 /* Gathering.app */ = {isa = PBXFileReference; explicitFileType = wrapper.application; includeInIndex = 0; path = Gathering.app; sourceTree = BUILT_PRODUCTS_DIR; };
		24ABE91C2CD4AEDB000E7EC5 /* GatheringApp.swift */ = {isa = PBXFileReference; lastKnownFileType = sourcecode.swift; path = GatheringApp.swift; sourceTree = "<group>"; };
		24ABE91E2CD4AEDB000E7EC5 /* ContentView.swift */ = {isa = PBXFileReference; lastKnownFileType = sourcecode.swift; path = ContentView.swift; sourceTree = "<group>"; };
		24ABE9202CD4AEDD000E7EC5 /* Assets.xcassets */ = {isa = PBXFileReference; lastKnownFileType = folder.assetcatalog; path = Assets.xcassets; sourceTree = "<group>"; };
		24ABE9232CD4AEDD000E7EC5 /* Preview Assets.xcassets */ = {isa = PBXFileReference; lastKnownFileType = folder.assetcatalog; path = "Preview Assets.xcassets"; sourceTree = "<group>"; };
		24ABE93B2CD4B4D9000E7EC5 /* .gitignore */ = {isa = PBXFileReference; lastKnownFileType = text; path = .gitignore; sourceTree = "<group>"; };
		24ABE93D2CD4B557000E7EC5 /* APIKey.xcconfig */ = {isa = PBXFileReference; lastKnownFileType = text.xcconfig; path = APIKey.xcconfig; sourceTree = "<group>"; };
		24ABE93E2CD4B5B9000E7EC5 /* Info.plist */ = {isa = PBXFileReference; lastKnownFileType = text.plist; path = Info.plist; sourceTree = "<group>"; };
		24ABE93F2CD4B6D1000E7EC5 /* APIAuth.swift */ = {isa = PBXFileReference; lastKnownFileType = sourcecode.swift; path = APIAuth.swift; sourceTree = "<group>"; };
		24ABE9422CD4B7CC000E7EC5 /* SeungHyunView.swift */ = {isa = PBXFileReference; lastKnownFileType = sourcecode.swift; path = SeungHyunView.swift; sourceTree = "<group>"; };
		24ABE94A2CD4B8A9000E7EC5 /* .swiftlint.yml */ = {isa = PBXFileReference; lastKnownFileType = text.yaml; path = .swiftlint.yml; sourceTree = "<group>"; };
		24ABE94D2CD8A71D000E7EC5 /* RootView.swift */ = {isa = PBXFileReference; lastKnownFileType = sourcecode.swift; path = RootView.swift; sourceTree = "<group>"; };
		24ABE9512CD8B65E000E7EC5 /* DMView.swift */ = {isa = PBXFileReference; lastKnownFileType = sourcecode.swift; path = DMView.swift; sourceTree = "<group>"; };
		24ABE9532CD8B711000E7EC5 /* Font+.swift */ = {isa = PBXFileReference; lastKnownFileType = sourcecode.swift; path = "Font+.swift"; sourceTree = "<group>"; };
		24ABE9592CDB86F3000E7EC5 /* Color+.swift */ = {isa = PBXFileReference; lastKnownFileType = sourcecode.swift; path = "Color+.swift"; sourceTree = "<group>"; };
		24ABE95B2CDB8701000E7EC5 /* Design.swift */ = {isa = PBXFileReference; lastKnownFileType = sourcecode.swift; path = Design.swift; sourceTree = "<group>"; };
		24ABE95E2CDB93B5000E7EC5 /* View+.swift */ = {isa = PBXFileReference; lastKnownFileType = sourcecode.swift; path = "View+.swift"; sourceTree = "<group>"; };
		24ABE9612CDB99B1000E7EC5 /* ChannelOutButton.swift */ = {isa = PBXFileReference; lastKnownFileType = sourcecode.swift; path = ChannelOutButton.swift; sourceTree = "<group>"; };
		24ABE9632CDB99C8000E7EC5 /* ContinueEmailButton.swift */ = {isa = PBXFileReference; lastKnownFileType = sourcecode.swift; path = ContinueEmailButton.swift; sourceTree = "<group>"; };
		24ABE9652CDB99D0000E7EC5 /* StartInactiveButton.swift */ = {isa = PBXFileReference; lastKnownFileType = sourcecode.swift; path = StartInactiveButton.swift; sourceTree = "<group>"; };
		24ABE9672CDB99D6000E7EC5 /* StartActiveButton.swift */ = {isa = PBXFileReference; lastKnownFileType = sourcecode.swift; path = StartActiveButton.swift; sourceTree = "<group>"; };
		24ABE9692CDB9AB8000E7EC5 /* KakaoLoginButton.swift */ = {isa = PBXFileReference; lastKnownFileType = sourcecode.swift; path = KakaoLoginButton.swift; sourceTree = "<group>"; };
		24ABE96B2CDB9AF9000E7EC5 /* AppleLoginButton.swift */ = {isa = PBXFileReference; lastKnownFileType = sourcecode.swift; path = AppleLoginButton.swift; sourceTree = "<group>"; };
		24ABE96D2CDCE2A3000E7EC5 /* NetworkManager.swift */ = {isa = PBXFileReference; lastKnownFileType = sourcecode.swift; path = NetworkManager.swift; sourceTree = "<group>"; };
		24ABE96F2CDCEDB2000E7EC5 /* UserDefaultsManager.swift */ = {isa = PBXFileReference; lastKnownFileType = sourcecode.swift; path = UserDefaultsManager.swift; sourceTree = "<group>"; };
		24ABE9722CDCEF9D000E7EC5 /* StoreRouter.swift */ = {isa = PBXFileReference; lastKnownFileType = sourcecode.swift; path = StoreRouter.swift; sourceTree = "<group>"; };
		24ABE9782CDCF02A000E7EC5 /* PayValidationResponse.swift */ = {isa = PBXFileReference; lastKnownFileType = sourcecode.swift; path = PayValidationResponse.swift; sourceTree = "<group>"; };
		24ABE97A2CDCF03D000E7EC5 /* StoreItemResponse.swift */ = {isa = PBXFileReference; lastKnownFileType = sourcecode.swift; path = StoreItemResponse.swift; sourceTree = "<group>"; };
		24ABE97C2CDCF15D000E7EC5 /* PayValidationRequest.swift */ = {isa = PBXFileReference; lastKnownFileType = sourcecode.swift; path = PayValidationRequest.swift; sourceTree = "<group>"; };
		24ABE9812CDE0FE9000E7EC5 /* ChannelRouter.swift */ = {isa = PBXFileReference; lastKnownFileType = sourcecode.swift; path = ChannelRouter.swift; sourceTree = "<group>"; };
		24ABE9852CDE12BE000E7EC5 /* ChannelResponse.swift */ = {isa = PBXFileReference; lastKnownFileType = sourcecode.swift; path = ChannelResponse.swift; sourceTree = "<group>"; };
		24ABE9872CDE172F000E7EC5 /* ChannelRequest.swift */ = {isa = PBXFileReference; lastKnownFileType = sourcecode.swift; path = ChannelRequest.swift; sourceTree = "<group>"; };
		24ABE9892CDF004D000E7EC5 /* ChattingResponse.swift */ = {isa = PBXFileReference; lastKnownFileType = sourcecode.swift; path = ChattingResponse.swift; sourceTree = "<group>"; };
		24ABE98B2CDF005F000E7EC5 /* MemberResponse.swift */ = {isa = PBXFileReference; lastKnownFileType = sourcecode.swift; path = MemberResponse.swift; sourceTree = "<group>"; };
		24ABE98D2CDF02E1000E7EC5 /* ChattingRequest.swift */ = {isa = PBXFileReference; lastKnownFileType = sourcecode.swift; path = ChattingRequest.swift; sourceTree = "<group>"; };
		24ABE98F2CDF0CFB000E7EC5 /* OwnerRequest.swift */ = {isa = PBXFileReference; lastKnownFileType = sourcecode.swift; path = OwnerRequest.swift; sourceTree = "<group>"; };
		847A3F802CD8FFEF004A9361 /* CounterFeature.swift */ = {isa = PBXFileReference; lastKnownFileType = sourcecode.swift; path = CounterFeature.swift; sourceTree = "<group>"; };
		847A3F832CD9000F004A9361 /* HomeView.swift */ = {isa = PBXFileReference; lastKnownFileType = sourcecode.swift; path = HomeView.swift; sourceTree = "<group>"; };
		847A3F872CD9C032004A9361 /* ProfileImageView.swift */ = {isa = PBXFileReference; lastKnownFileType = sourcecode.swift; path = ProfileImageView.swift; sourceTree = "<group>"; };
		847A3F8A2CD9EA54004A9361 /* TempModel.swift */ = {isa = PBXFileReference; lastKnownFileType = sourcecode.swift; path = TempModel.swift; sourceTree = "<group>"; };
		847A3F8F2CDA440F004A9361 /* CustomDisclosure.swift */ = {isa = PBXFileReference; lastKnownFileType = sourcecode.swift; path = CustomDisclosure.swift; sourceTree = "<group>"; };
		847A3F912CDA9FC0004A9361 /* GatheringNavigationStack.swift */ = {isa = PBXFileReference; lastKnownFileType = sourcecode.swift; path = GatheringNavigationStack.swift; sourceTree = "<group>"; };
		847A3F962CDAFB19004A9361 /* TargetType.swift */ = {isa = PBXFileReference; lastKnownFileType = sourcecode.swift; path = TargetType.swift; sourceTree = "<group>"; };
		847A3F982CDAFC6B004A9361 /* Router.swift */ = {isa = PBXFileReference; lastKnownFileType = sourcecode.swift; path = Router.swift; sourceTree = "<group>"; };
		847A3F9A2CDAFF04004A9361 /* Header.swift */ = {isa = PBXFileReference; lastKnownFileType = sourcecode.swift; path = Header.swift; sourceTree = "<group>"; };
		847A3F9C2CDB0E6B004A9361 /* AddChannelView.swift */ = {isa = PBXFileReference; lastKnownFileType = sourcecode.swift; path = AddChannelView.swift; sourceTree = "<group>"; };
		847A3F9E2CDB6AC4004A9361 /* ToolbarModifier.swift */ = {isa = PBXFileReference; lastKnownFileType = sourcecode.swift; path = ToolbarModifier.swift; sourceTree = "<group>"; };
		847A3FA02CDCB96E004A9361 /* SheetHeaderView.swift */ = {isa = PBXFileReference; lastKnownFileType = sourcecode.swift; path = SheetHeaderView.swift; sourceTree = "<group>"; };
		847A3FA22CDE111A004A9361 /* InviteMemberView.swift */ = {isa = PBXFileReference; lastKnownFileType = sourcecode.swift; path = InviteMemberView.swift; sourceTree = "<group>"; };
		847A3FA42CDE1183004A9361 /* ChannelExploreView.swift */ = {isa = PBXFileReference; lastKnownFileType = sourcecode.swift; path = ChannelExploreView.swift; sourceTree = "<group>"; };
		A0E444C42CDD0A5C0024AE71 /* ChatMessage.swift */ = {isa = PBXFileReference; lastKnownFileType = sourcecode.swift; path = ChatMessage.swift; sourceTree = "<group>"; };
		A0E444C92CDDF4520024AE71 /* ChattingPhotoPicker.swift */ = {isa = PBXFileReference; lastKnownFileType = sourcecode.swift; path = ChattingPhotoPicker.swift; sourceTree = "<group>"; };
		A0E444CB2CDE010D0024AE71 /* ChattingImageView.swift */ = {isa = PBXFileReference; lastKnownFileType = sourcecode.swift; path = ChattingImageView.swift; sourceTree = "<group>"; };
		A0E444D02CE29A850024AE71 /* WorkSpaceRouter.swift */ = {isa = PBXFileReference; lastKnownFileType = sourcecode.swift; path = WorkSpaceRouter.swift; sourceTree = "<group>"; };
		A0E444D82CE2A90C0024AE71 /* WorkspaceCreateRequest.swift */ = {isa = PBXFileReference; lastKnownFileType = sourcecode.swift; path = WorkspaceCreateRequest.swift; sourceTree = "<group>"; };
		A0E444DA2CE2AC130024AE71 /* WorkspaceEditRequest.swift */ = {isa = PBXFileReference; lastKnownFileType = sourcecode.swift; path = WorkspaceEditRequest.swift; sourceTree = "<group>"; };
		A0E444DC2CE2AD690024AE71 /* InviteMemberRequest.swift */ = {isa = PBXFileReference; lastKnownFileType = sourcecode.swift; path = InviteMemberRequest.swift; sourceTree = "<group>"; };
		A0E444DE2CE2B1ED0024AE71 /* WorkspaceResponse.swift */ = {isa = PBXFileReference; lastKnownFileType = sourcecode.swift; path = WorkspaceResponse.swift; sourceTree = "<group>"; };
		A0E444E02CE2B37D0024AE71 /* WorkspaceInfoResponse.swift */ = {isa = PBXFileReference; lastKnownFileType = sourcecode.swift; path = WorkspaceInfoResponse.swift; sourceTree = "<group>"; };
		A0E444E22CE2C0F20024AE71 /* DmsRouter.swift */ = {isa = PBXFileReference; lastKnownFileType = sourcecode.swift; path = DmsRouter.swift; sourceTree = "<group>"; };
		A0E444E62CE2C3800024AE71 /* DmMessageRequest.swift */ = {isa = PBXFileReference; lastKnownFileType = sourcecode.swift; path = DmMessageRequest.swift; sourceTree = "<group>"; };
		A0E444E82CE2C3D80024AE71 /* DmOpponentRequest.swift */ = {isa = PBXFileReference; lastKnownFileType = sourcecode.swift; path = DmOpponentRequest.swift; sourceTree = "<group>"; };
		A0E444EA2CE2C7E20024AE71 /* DmsResponse.swift */ = {isa = PBXFileReference; lastKnownFileType = sourcecode.swift; path = DmsResponse.swift; sourceTree = "<group>"; };
		A0E444EC2CE2C9C70024AE71 /* UnreadDmsResponse.swift */ = {isa = PBXFileReference; lastKnownFileType = sourcecode.swift; path = UnreadDmsResponse.swift; sourceTree = "<group>"; };
		A0E444EE2CE2CA8C0024AE71 /* DmsRoomResponse.swift */ = {isa = PBXFileReference; lastKnownFileType = sourcecode.swift; path = DmsRoomResponse.swift; sourceTree = "<group>"; };
		A0E444F02CE326170024AE71 /* WorkspaceClient.swift */ = {isa = PBXFileReference; lastKnownFileType = sourcecode.swift; path = WorkspaceClient.swift; sourceTree = "<group>"; };
		A0E444F22CE336F30024AE71 /* DmsClient.swift */ = {isa = PBXFileReference; lastKnownFileType = sourcecode.swift; path = DmsClient.swift; sourceTree = "<group>"; };
		A0EEC1972CDA46B700D81239 /* ChattingView.swift */ = {isa = PBXFileReference; lastKnownFileType = sourcecode.swift; path = ChattingView.swift; sourceTree = "<group>"; };
/* End PBXFileReference section */

/* Begin PBXFrameworksBuildPhase section */
		24ABE9162CD4AEDB000E7EC5 /* Frameworks */ = {
			isa = PBXFrameworksBuildPhase;
			buildActionMask = 2147483647;
			files = (
				24ABE9352CD4AF81000E7EC5 /* RealmSwift in Frameworks */,
				24ABE9322CD4AF3D000E7EC5 /* Kingfisher in Frameworks */,
				24ABE92C2CD4AEF2000E7EC5 /* ComposableArchitecture in Frameworks */,
				24ABE92F2CD4AF24000E7EC5 /* Alamofire in Frameworks */,
			);
			runOnlyForDeploymentPostprocessing = 0;
		};
/* End PBXFrameworksBuildPhase section */

/* Begin PBXGroup section */
		2447AB542CE1D0D400399C4D /* Client */ = {
			isa = PBXGroup;
			children = (
				2447AB592CE2200100399C4D /* ChannelClient.swift */,
				2447AB552CE1D0EC00399C4D /* StoreClient.swift */,
				A0E444F02CE326170024AE71 /* WorkspaceClient.swift */,
				A0E444F22CE336F30024AE71 /* DmsClient.swift */,
			);
			path = Client;
			sourceTree = "<group>";
		};
		2447AB5F2CE324C400399C4D /* Auth */ = {
			isa = PBXGroup;
			children = (
				2447AB6E2CE3326D00399C4D /* OnboardingView.swift */,
				2447AB722CE378B600399C4D /* OnboardingFeature.swift */,
				2447AB702CE3789600399C4D /* LoginPopUpView.swift */,
				2447AB602CE3276A00399C4D /* AuthView.swift */,
			);
			path = Auth;
			sourceTree = "<group>";
		};
		2447AB622CE3278E00399C4D /* Toast */ = {
			isa = PBXGroup;
			children = (
				2447AB672CE329BB00399C4D /* Toast.swift */,
				2447AB632CE327C800399C4D /* ToastView.swift */,
				2447AB692CE32B6800399C4D /* ToastModifier.swift */,
				2447AB652CE329AB00399C4D /* ToastWindowManager.swift */,
			);
			path = Toast;
			sourceTree = "<group>";
		};
		2447AB6B2CE32EC900399C4D /* Extension */ = {
			isa = PBXGroup;
			children = (
				2447AB6C2CE32ED300399C4D /* Notification.swift */,
			);
			path = Extension;
			sourceTree = "<group>";
		};
		24ABE9102CD4AEDB000E7EC5 = {
			isa = PBXGroup;
			children = (
				24ABE94A2CD4B8A9000E7EC5 /* .swiftlint.yml */,
				24ABE93B2CD4B4D9000E7EC5 /* .gitignore */,
				24ABE91B2CD4AEDB000E7EC5 /* Gathering */,
				24ABE91A2CD4AEDB000E7EC5 /* Products */,
			);
			sourceTree = "<group>";
		};
		24ABE91A2CD4AEDB000E7EC5 /* Products */ = {
			isa = PBXGroup;
			children = (
				24ABE9192CD4AEDB000E7EC5 /* Gathering.app */,
			);
			name = Products;
			sourceTree = "<group>";
		};
		24ABE91B2CD4AEDB000E7EC5 /* Gathering */ = {
			isa = PBXGroup;
			children = (
				24ABE93E2CD4B5B9000E7EC5 /* Info.plist */,
				24ABE93D2CD4B557000E7EC5 /* APIKey.xcconfig */,
				2447AB522CE1C4C100399C4D /* LaunchScreen.storyboard */,
				24ABE91C2CD4AEDB000E7EC5 /* GatheringApp.swift */,
				24ABE94D2CD8A71D000E7EC5 /* RootView.swift */,
				24ABE91E2CD4AEDB000E7EC5 /* ContentView.swift */,
				24ABE93F2CD4B6D1000E7EC5 /* APIAuth.swift */,
				24ABE96F2CDCEDB2000E7EC5 /* UserDefaultsManager.swift */,
				2447AB6B2CE32EC900399C4D /* Extension */,
				847A3F952CDAFAFF004A9361 /* Network */,
				24ABE95D2CDB931B000E7EC5 /* Modifier */,
				24ABE9582CDA167C000E7EC5 /* Component */,
				24ABE9552CD8BC3A000E7EC5 /* Design */,
				24ABE9472CD4B7F2000E7EC5 /* SungEun */,
				24ABE9442CD4B7DC000E7EC5 /* SeongMin */,
				24ABE9412CD4B7AF000E7EC5 /* SeungHyun */,
				24ABE9202CD4AEDD000E7EC5 /* Assets.xcassets */,
				24ABE9222CD4AEDD000E7EC5 /* Preview Content */,
			);
			path = Gathering;
			sourceTree = "<group>";
		};
		24ABE9222CD4AEDD000E7EC5 /* Preview Content */ = {
			isa = PBXGroup;
			children = (
				24ABE9232CD4AEDD000E7EC5 /* Preview Assets.xcassets */,
			);
			path = "Preview Content";
			sourceTree = "<group>";
		};
		24ABE9412CD4B7AF000E7EC5 /* SeungHyun */ = {
			isa = PBXGroup;
			children = (
				847A3F892CD9EA36004A9361 /* Model */,
				847A3F822CD8FFFD004A9361 /* Home */,
				847A3F7F2CD8FFD4004A9361 /* CounterView */,
			);
			path = SeungHyun;
			sourceTree = "<group>";
		};
		24ABE9442CD4B7DC000E7EC5 /* SeongMin */ = {
			isa = PBXGroup;
			children = (
				2447AB622CE3278E00399C4D /* Toast */,
				2447AB5F2CE324C400399C4D /* Auth */,
				24ABE9512CD8B65E000E7EC5 /* DMView.swift */,
			);
			path = SeongMin;
			sourceTree = "<group>";
		};
		24ABE9472CD4B7F2000E7EC5 /* SungEun */ = {
			isa = PBXGroup;
			children = (
				A0E444C82CDDF3D70024AE71 /* PhotoPicker */,
				A0E444C32CDD0A460024AE71 /* Model */,
				A0EEC1962CDA469E00D81239 /* Chatting */,
			);
			path = SungEun;
			sourceTree = "<group>";
		};
		24ABE9552CD8BC3A000E7EC5 /* Design */ = {
			isa = PBXGroup;
			children = (
				24ABE95B2CDB8701000E7EC5 /* Design.swift */,
				24ABE9532CD8B711000E7EC5 /* Font+.swift */,
				24ABE9592CDB86F3000E7EC5 /* Color+.swift */,
			);
			path = Design;
			sourceTree = "<group>";
		};
		24ABE9582CDA167C000E7EC5 /* Component */ = {
			isa = PBXGroup;
			children = (
				24ABE9602CDB99A8000E7EC5 /* Buttons */,
				847A3F872CD9C032004A9361 /* ProfileImageView.swift */,
				847A3F8F2CDA440F004A9361 /* CustomDisclosure.swift */,
				847A3F912CDA9FC0004A9361 /* GatheringNavigationStack.swift */,
				847A3F9E2CDB6AC4004A9361 /* ToolbarModifier.swift */,
				847A3FA02CDCB96E004A9361 /* SheetHeaderView.swift */,
			);
			path = Component;
			sourceTree = "<group>";
		};
		24ABE95D2CDB931B000E7EC5 /* Modifier */ = {
			isa = PBXGroup;
			children = (
				24ABE95E2CDB93B5000E7EC5 /* View+.swift */,
			);
			path = Modifier;
			sourceTree = "<group>";
		};
		24ABE9602CDB99A8000E7EC5 /* Buttons */ = {
			isa = PBXGroup;
			children = (
				24ABE9672CDB99D6000E7EC5 /* StartActiveButton.swift */,
				24ABE9652CDB99D0000E7EC5 /* StartInactiveButton.swift */,
				24ABE9632CDB99C8000E7EC5 /* ContinueEmailButton.swift */,
				24ABE9612CDB99B1000E7EC5 /* ChannelOutButton.swift */,
				24ABE9692CDB9AB8000E7EC5 /* KakaoLoginButton.swift */,
				24ABE96B2CDB9AF9000E7EC5 /* AppleLoginButton.swift */,
			);
			path = Buttons;
			sourceTree = "<group>";
		};
		24ABE9712CDCEF8D000E7EC5 /* Store */ = {
			isa = PBXGroup;
			children = (
				24ABE9722CDCEF9D000E7EC5 /* StoreRouter.swift */,
				24ABE9772CDCF01D000E7EC5 /* RequestModel */,
				24ABE9762CDCF015000E7EC5 /* ResponseModel */,
			);
			path = Store;
			sourceTree = "<group>";
		};
		24ABE9742CDCEFB4000E7EC5 /* Router */ = {
			isa = PBXGroup;
			children = (
				A0E444CF2CE283AD0024AE71 /* Dms */,
				A0E444CE2CE283A40024AE71 /* WorkSpace */,
				24ABE9802CDE0FDB000E7EC5 /* Channel */,
				24ABE9712CDCEF8D000E7EC5 /* Store */,
			);
			path = Router;
			sourceTree = "<group>";
		};
		24ABE9762CDCF015000E7EC5 /* ResponseModel */ = {
			isa = PBXGroup;
			children = (
				24ABE9782CDCF02A000E7EC5 /* PayValidationResponse.swift */,
				24ABE97A2CDCF03D000E7EC5 /* StoreItemResponse.swift */,
			);
			path = ResponseModel;
			sourceTree = "<group>";
		};
		24ABE9772CDCF01D000E7EC5 /* RequestModel */ = {
			isa = PBXGroup;
			children = (
				24ABE97C2CDCF15D000E7EC5 /* PayValidationRequest.swift */,
			);
			path = RequestModel;
			sourceTree = "<group>";
		};
		24ABE9802CDE0FDB000E7EC5 /* Channel */ = {
			isa = PBXGroup;
			children = (
				24ABE9812CDE0FE9000E7EC5 /* ChannelRouter.swift */,
				24ABE9832CDE12A2000E7EC5 /* RequestModel */,
				24ABE9842CDE12AA000E7EC5 /* ResponseModel */,
			);
			path = Channel;
			sourceTree = "<group>";
		};
		24ABE9832CDE12A2000E7EC5 /* RequestModel */ = {
			isa = PBXGroup;
			children = (
				24ABE9872CDE172F000E7EC5 /* ChannelRequest.swift */,
				24ABE98D2CDF02E1000E7EC5 /* ChattingRequest.swift */,
				24ABE98F2CDF0CFB000E7EC5 /* OwnerRequest.swift */,
			);
			path = RequestModel;
			sourceTree = "<group>";
		};
		24ABE9842CDE12AA000E7EC5 /* ResponseModel */ = {
			isa = PBXGroup;
			children = (
				24ABE9852CDE12BE000E7EC5 /* ChannelResponse.swift */,
				24ABE98B2CDF005F000E7EC5 /* MemberResponse.swift */,
				24ABE9892CDF004D000E7EC5 /* ChattingResponse.swift */,
				2447AB5D2CE2371C00399C4D /* UnreadCountResponse.swift */,
			);
			path = ResponseModel;
			sourceTree = "<group>";
		};
		847A3F7F2CD8FFD4004A9361 /* CounterView */ = {
			isa = PBXGroup;
			children = (
				24ABE9422CD4B7CC000E7EC5 /* SeungHyunView.swift */,
				847A3F802CD8FFEF004A9361 /* CounterFeature.swift */,
			);
			path = CounterView;
			sourceTree = "<group>";
		};
		847A3F822CD8FFFD004A9361 /* Home */ = {
			isa = PBXGroup;
			children = (
				847A3F832CD9000F004A9361 /* HomeView.swift */,
				847A3F9C2CDB0E6B004A9361 /* AddChannelView.swift */,
				847A3FA42CDE1183004A9361 /* ChannelExploreView.swift */,
				847A3FA22CDE111A004A9361 /* InviteMemberView.swift */,
			);
			path = Home;
			sourceTree = "<group>";
		};
		847A3F892CD9EA36004A9361 /* Model */ = {
			isa = PBXGroup;
			children = (
				847A3F8A2CD9EA54004A9361 /* TempModel.swift */,
			);
			path = Model;
			sourceTree = "<group>";
		};
		847A3F952CDAFAFF004A9361 /* Network */ = {
			isa = PBXGroup;
			children = (
				847A3F962CDAFB19004A9361 /* TargetType.swift */,
				847A3F982CDAFC6B004A9361 /* Router.swift */,
				847A3F9A2CDAFF04004A9361 /* Header.swift */,
				24ABE96D2CDCE2A3000E7EC5 /* NetworkManager.swift */,
				2447AB5B2CE22D1300399C4D /* APIError.swift */,
				2447AB572CE1E16200399C4D /* ErrorResponse.swift */,
				24ABE9742CDCEFB4000E7EC5 /* Router */,
				2447AB542CE1D0D400399C4D /* Client */,
			);
			path = Network;
			sourceTree = "<group>";
		};
		A0E444C32CDD0A460024AE71 /* Model */ = {
			isa = PBXGroup;
			children = (
				A0E444C42CDD0A5C0024AE71 /* ChatMessage.swift */,
			);
			path = Model;
			sourceTree = "<group>";
		};
		A0E444C82CDDF3D70024AE71 /* PhotoPicker */ = {
			isa = PBXGroup;
			children = (
				A0E444C92CDDF4520024AE71 /* ChattingPhotoPicker.swift */,
			);
			path = PhotoPicker;
			sourceTree = "<group>";
		};
		A0E444CE2CE283A40024AE71 /* WorkSpace */ = {
			isa = PBXGroup;
			children = (
				A0E444D02CE29A850024AE71 /* WorkSpaceRouter.swift */,
				A0E444D22CE29B450024AE71 /* RequestModel */,
				A0E444D32CE29B4E0024AE71 /* ResponseModel */,
			);
			path = WorkSpace;
			sourceTree = "<group>";
		};
		A0E444CF2CE283AD0024AE71 /* Dms */ = {
			isa = PBXGroup;
			children = (
				A0E444E22CE2C0F20024AE71 /* DmsRouter.swift */,
				A0E444E42CE2C1010024AE71 /* RequestModel */,
				A0E444E52CE2C10C0024AE71 /* ResponseModel */,
			);
			path = Dms;
			sourceTree = "<group>";
		};
		A0E444D22CE29B450024AE71 /* RequestModel */ = {
			isa = PBXGroup;
			children = (
				A0E444D82CE2A90C0024AE71 /* WorkspaceCreateRequest.swift */,
				A0E444DA2CE2AC130024AE71 /* WorkspaceEditRequest.swift */,
				A0E444DC2CE2AD690024AE71 /* InviteMemberRequest.swift */,
			);
			path = RequestModel;
			sourceTree = "<group>";
		};
		A0E444D32CE29B4E0024AE71 /* ResponseModel */ = {
			isa = PBXGroup;
			children = (
				A0E444DE2CE2B1ED0024AE71 /* WorkspaceResponse.swift */,
				A0E444E02CE2B37D0024AE71 /* WorkspaceInfoResponse.swift */,
			);
			path = ResponseModel;
			sourceTree = "<group>";
		};
		A0E444E42CE2C1010024AE71 /* RequestModel */ = {
			isa = PBXGroup;
			children = (
				A0E444E62CE2C3800024AE71 /* DmMessageRequest.swift */,
				A0E444E82CE2C3D80024AE71 /* DmOpponentRequest.swift */,
			);
			path = RequestModel;
			sourceTree = "<group>";
		};
		A0E444E52CE2C10C0024AE71 /* ResponseModel */ = {
			isa = PBXGroup;
			children = (
				A0E444EE2CE2CA8C0024AE71 /* DmsRoomResponse.swift */,
				A0E444EA2CE2C7E20024AE71 /* DmsResponse.swift */,
				A0E444EC2CE2C9C70024AE71 /* UnreadDmsResponse.swift */,
			);
			path = ResponseModel;
			sourceTree = "<group>";
		};
		A0EEC1962CDA469E00D81239 /* Chatting */ = {
			isa = PBXGroup;
			children = (
				A0EEC1972CDA46B700D81239 /* ChattingView.swift */,
				A0E444CB2CDE010D0024AE71 /* ChattingImageView.swift */,
			);
			path = Chatting;
			sourceTree = "<group>";
		};
/* End PBXGroup section */

/* Begin PBXNativeTarget section */
		24ABE9182CD4AEDB000E7EC5 /* Gathering */ = {
			isa = PBXNativeTarget;
			buildConfigurationList = 24ABE9272CD4AEDD000E7EC5 /* Build configuration list for PBXNativeTarget "Gathering" */;
			buildPhases = (
				24ABE9152CD4AEDB000E7EC5 /* Sources */,
				24ABE9162CD4AEDB000E7EC5 /* Frameworks */,
				24ABE9172CD4AEDB000E7EC5 /* Resources */,
				24ABE93A2CD4B0B4000E7EC5 /* Embed Frameworks */,
			);
			buildRules = (
			);
			dependencies = (
				24ABE9382CD4B04D000E7EC5 /* PBXTargetDependency */,
			);
			name = Gathering;
			packageProductDependencies = (
				24ABE92B2CD4AEF2000E7EC5 /* ComposableArchitecture */,
				24ABE92E2CD4AF24000E7EC5 /* Alamofire */,
				24ABE9312CD4AF3D000E7EC5 /* Kingfisher */,
				24ABE9342CD4AF81000E7EC5 /* RealmSwift */,
			);
			productName = Gathering;
			productReference = 24ABE9192CD4AEDB000E7EC5 /* Gathering.app */;
			productType = "com.apple.product-type.application";
		};
/* End PBXNativeTarget section */

/* Begin PBXProject section */
		24ABE9112CD4AEDB000E7EC5 /* Project object */ = {
			isa = PBXProject;
			attributes = {
				BuildIndependentTargetsInParallel = 1;
				LastSwiftUpdateCheck = 1540;
				LastUpgradeCheck = 1540;
				TargetAttributes = {
					24ABE9182CD4AEDB000E7EC5 = {
						CreatedOnToolsVersion = 15.4;
					};
				};
			};
			buildConfigurationList = 24ABE9142CD4AEDB000E7EC5 /* Build configuration list for PBXProject "Gathering" */;
			compatibilityVersion = "Xcode 14.0";
			developmentRegion = en;
			hasScannedForEncodings = 0;
			knownRegions = (
				en,
				Base,
			);
			mainGroup = 24ABE9102CD4AEDB000E7EC5;
			packageReferences = (
				24ABE92A2CD4AEF2000E7EC5 /* XCRemoteSwiftPackageReference "swift-composable-architecture" */,
				24ABE92D2CD4AF24000E7EC5 /* XCRemoteSwiftPackageReference "Alamofire" */,
				24ABE9302CD4AF3D000E7EC5 /* XCRemoteSwiftPackageReference "Kingfisher" */,
				24ABE9332CD4AF81000E7EC5 /* XCRemoteSwiftPackageReference "realm-swift" */,
				24ABE9362CD4B006000E7EC5 /* XCRemoteSwiftPackageReference "SwiftLint" */,
			);
			productRefGroup = 24ABE91A2CD4AEDB000E7EC5 /* Products */;
			projectDirPath = "";
			projectRoot = "";
			targets = (
				24ABE9182CD4AEDB000E7EC5 /* Gathering */,
			);
		};
/* End PBXProject section */

/* Begin PBXResourcesBuildPhase section */
		24ABE9172CD4AEDB000E7EC5 /* Resources */ = {
			isa = PBXResourcesBuildPhase;
			buildActionMask = 2147483647;
			files = (
				24ABE94C2CD4BACD000E7EC5 /* APIKey.xcconfig in Resources */,
				24ABE94B2CD4B8A9000E7EC5 /* .swiftlint.yml in Resources */,
				24ABE9242CD4AEDD000E7EC5 /* Preview Assets.xcassets in Resources */,
				2447AB532CE1C4C100399C4D /* LaunchScreen.storyboard in Resources */,
				24ABE93C2CD4B4D9000E7EC5 /* .gitignore in Resources */,
				24ABE9212CD4AEDD000E7EC5 /* Assets.xcassets in Resources */,
			);
			runOnlyForDeploymentPostprocessing = 0;
		};
/* End PBXResourcesBuildPhase section */

/* Begin PBXSourcesBuildPhase section */
		24ABE9152CD4AEDB000E7EC5 /* Sources */ = {
			isa = PBXSourcesBuildPhase;
			buildActionMask = 2147483647;
			files = (
				847A3F9B2CDAFF04004A9361 /* Header.swift in Sources */,
				A0E444CA2CDDF4520024AE71 /* ChattingPhotoPicker.swift in Sources */,
				A0E444DD2CE2AD690024AE71 /* InviteMemberRequest.swift in Sources */,
				A0E444CC2CDE010D0024AE71 /* ChattingImageView.swift in Sources */,
				24ABE9402CD4B6D1000E7EC5 /* APIAuth.swift in Sources */,
				24ABE95C2CDB8701000E7EC5 /* Design.swift in Sources */,
				2447AB562CE1D0EC00399C4D /* StoreClient.swift in Sources */,
				2447AB6A2CE32B6800399C4D /* ToastModifier.swift in Sources */,
				24ABE9702CDCEDB2000E7EC5 /* UserDefaultsManager.swift in Sources */,
				A0E444EB2CE2C7E20024AE71 /* DmsResponse.swift in Sources */,
				A0E444E12CE2B37D0024AE71 /* WorkspaceInfoResponse.swift in Sources */,
				2447AB6F2CE3326D00399C4D /* OnboardingView.swift in Sources */,
				A0E444EF2CE2CA8C0024AE71 /* DmsRoomResponse.swift in Sources */,
				A0E444DB2CE2AC130024AE71 /* WorkspaceEditRequest.swift in Sources */,
				24ABE96C2CDB9AF9000E7EC5 /* AppleLoginButton.swift in Sources */,
				2447AB712CE3789600399C4D /* LoginPopUpView.swift in Sources */,
				A0E444F32CE336F30024AE71 /* DmsClient.swift in Sources */,
				A0E444F12CE326170024AE71 /* WorkspaceClient.swift in Sources */,
				A0E444DF2CE2B1ED0024AE71 /* WorkspaceResponse.swift in Sources */,
				24ABE97D2CDCF15D000E7EC5 /* PayValidationRequest.swift in Sources */,
				24ABE95F2CDB93B5000E7EC5 /* View+.swift in Sources */,
				2447AB612CE3276A00399C4D /* AuthView.swift in Sources */,
				24ABE9822CDE0FE9000E7EC5 /* ChannelRouter.swift in Sources */,
				24ABE9902CDF0CFB000E7EC5 /* OwnerRequest.swift in Sources */,
				24ABE96A2CDB9AB8000E7EC5 /* KakaoLoginButton.swift in Sources */,
				A0E444E92CE2C3D80024AE71 /* DmOpponentRequest.swift in Sources */,
				847A3FA12CDCB96E004A9361 /* SheetHeaderView.swift in Sources */,
				847A3F8B2CD9EA54004A9361 /* TempModel.swift in Sources */,
				24ABE9622CDB99B1000E7EC5 /* ChannelOutButton.swift in Sources */,
				24ABE91F2CD4AEDB000E7EC5 /* ContentView.swift in Sources */,
				847A3F992CDAFC6B004A9361 /* Router.swift in Sources */,
				24ABE96E2CDCE2A3000E7EC5 /* NetworkManager.swift in Sources */,
				A0E444C52CDD0A5C0024AE71 /* ChatMessage.swift in Sources */,
				2447AB642CE327C800399C4D /* ToastView.swift in Sources */,
				2447AB5C2CE22D1300399C4D /* APIError.swift in Sources */,
				24ABE9682CDB99D6000E7EC5 /* StartActiveButton.swift in Sources */,
				24ABE95A2CDB86F3000E7EC5 /* Color+.swift in Sources */,
				847A3F9F2CDB6AC4004A9361 /* ToolbarModifier.swift in Sources */,
				847A3F882CD9C032004A9361 /* ProfileImageView.swift in Sources */,
				24ABE9882CDE172F000E7EC5 /* ChannelRequest.swift in Sources */,
				847A3F842CD9000F004A9361 /* HomeView.swift in Sources */,
				A0E444ED2CE2C9C70024AE71 /* UnreadDmsResponse.swift in Sources */,
				24ABE9862CDE12BE000E7EC5 /* ChannelResponse.swift in Sources */,
				24ABE9662CDB99D0000E7EC5 /* StartInactiveButton.swift in Sources */,
				847A3F922CDA9FC0004A9361 /* GatheringNavigationStack.swift in Sources */,
				847A3F812CD8FFEF004A9361 /* CounterFeature.swift in Sources */,
				A0E444D92CE2A90C0024AE71 /* WorkspaceCreateRequest.swift in Sources */,
				847A3F902CDA440F004A9361 /* CustomDisclosure.swift in Sources */,
				24ABE9542CD8B711000E7EC5 /* Font+.swift in Sources */,
				24ABE97B2CDCF03D000E7EC5 /* StoreItemResponse.swift in Sources */,
				2447AB732CE378B600399C4D /* OnboardingFeature.swift in Sources */,
				847A3F972CDAFB19004A9361 /* TargetType.swift in Sources */,
				2447AB662CE329AB00399C4D /* ToastWindowManager.swift in Sources */,
				24ABE9792CDCF02A000E7EC5 /* PayValidationResponse.swift in Sources */,
				24ABE9642CDB99C8000E7EC5 /* ContinueEmailButton.swift in Sources */,
				24ABE98A2CDF004D000E7EC5 /* ChattingResponse.swift in Sources */,
				24ABE9522CD8B65E000E7EC5 /* DMView.swift in Sources */,
				24ABE9732CDCEF9D000E7EC5 /* StoreRouter.swift in Sources */,
				24ABE91D2CD4AEDB000E7EC5 /* GatheringApp.swift in Sources */,
				2447AB682CE329BB00399C4D /* Toast.swift in Sources */,
				A0EEC1982CDA46B700D81239 /* ChattingView.swift in Sources */,
				24ABE94E2CD8A71D000E7EC5 /* RootView.swift in Sources */,
				2447AB5A2CE2200100399C4D /* ChannelClient.swift in Sources */,
				A0E444E32CE2C0F20024AE71 /* DmsRouter.swift in Sources */,
				A0E444E72CE2C3800024AE71 /* DmMessageRequest.swift in Sources */,
				A0E444D12CE29A850024AE71 /* WorkSpaceRouter.swift in Sources */,
				24ABE9432CD4B7CC000E7EC5 /* SeungHyunView.swift in Sources */,
				24ABE98E2CDF02E1000E7EC5 /* ChattingRequest.swift in Sources */,
				24ABE98C2CDF005F000E7EC5 /* MemberResponse.swift in Sources */,
				847A3F9D2CDB0E6B004A9361 /* AddChannelView.swift in Sources */,
				847A3FA52CDE1183004A9361 /* ChannelExploreView.swift in Sources */,
				2447AB6D2CE32ED300399C4D /* Notification.swift in Sources */,
				847A3FA32CDE111A004A9361 /* InviteMemberView.swift in Sources */,
				2447AB582CE1E16200399C4D /* ErrorResponse.swift in Sources */,
				2447AB5E2CE2371C00399C4D /* UnreadCountResponse.swift in Sources */,
			);
			runOnlyForDeploymentPostprocessing = 0;
		};
/* End PBXSourcesBuildPhase section */

/* Begin PBXTargetDependency section */
		24ABE9382CD4B04D000E7EC5 /* PBXTargetDependency */ = {
			isa = PBXTargetDependency;
			productRef = 24ABE9372CD4B04D000E7EC5 /* SwiftLintBuildToolPlugin */;
		};
/* End PBXTargetDependency section */

/* Begin XCBuildConfiguration section */
		24ABE9252CD4AEDD000E7EC5 /* Debug */ = {
			isa = XCBuildConfiguration;
			buildSettings = {
				ALWAYS_SEARCH_USER_PATHS = NO;
				ASSETCATALOG_COMPILER_GENERATE_SWIFT_ASSET_SYMBOL_EXTENSIONS = YES;
				CLANG_ANALYZER_NONNULL = YES;
				CLANG_ANALYZER_NUMBER_OBJECT_CONVERSION = YES_AGGRESSIVE;
				CLANG_CXX_LANGUAGE_STANDARD = "gnu++20";
				CLANG_ENABLE_MODULES = YES;
				CLANG_ENABLE_OBJC_ARC = YES;
				CLANG_ENABLE_OBJC_WEAK = YES;
				CLANG_WARN_BLOCK_CAPTURE_AUTORELEASING = YES;
				CLANG_WARN_BOOL_CONVERSION = YES;
				CLANG_WARN_COMMA = YES;
				CLANG_WARN_CONSTANT_CONVERSION = YES;
				CLANG_WARN_DEPRECATED_OBJC_IMPLEMENTATIONS = YES;
				CLANG_WARN_DIRECT_OBJC_ISA_USAGE = YES_ERROR;
				CLANG_WARN_DOCUMENTATION_COMMENTS = YES;
				CLANG_WARN_EMPTY_BODY = YES;
				CLANG_WARN_ENUM_CONVERSION = YES;
				CLANG_WARN_INFINITE_RECURSION = YES;
				CLANG_WARN_INT_CONVERSION = YES;
				CLANG_WARN_NON_LITERAL_NULL_CONVERSION = YES;
				CLANG_WARN_OBJC_IMPLICIT_RETAIN_SELF = YES;
				CLANG_WARN_OBJC_LITERAL_CONVERSION = YES;
				CLANG_WARN_OBJC_ROOT_CLASS = YES_ERROR;
				CLANG_WARN_QUOTED_INCLUDE_IN_FRAMEWORK_HEADER = YES;
				CLANG_WARN_RANGE_LOOP_ANALYSIS = YES;
				CLANG_WARN_STRICT_PROTOTYPES = YES;
				CLANG_WARN_SUSPICIOUS_MOVE = YES;
				CLANG_WARN_UNGUARDED_AVAILABILITY = YES_AGGRESSIVE;
				CLANG_WARN_UNREACHABLE_CODE = YES;
				CLANG_WARN__DUPLICATE_METHOD_MATCH = YES;
				COPY_PHASE_STRIP = NO;
				DEBUG_INFORMATION_FORMAT = dwarf;
				ENABLE_STRICT_OBJC_MSGSEND = YES;
				ENABLE_TESTABILITY = YES;
				ENABLE_USER_SCRIPT_SANDBOXING = YES;
				GCC_C_LANGUAGE_STANDARD = gnu17;
				GCC_DYNAMIC_NO_PIC = NO;
				GCC_NO_COMMON_BLOCKS = YES;
				GCC_OPTIMIZATION_LEVEL = 0;
				GCC_PREPROCESSOR_DEFINITIONS = (
					"DEBUG=1",
					"$(inherited)",
				);
				GCC_WARN_64_TO_32_BIT_CONVERSION = YES;
				GCC_WARN_ABOUT_RETURN_TYPE = YES_ERROR;
				GCC_WARN_UNDECLARED_SELECTOR = YES;
				GCC_WARN_UNINITIALIZED_AUTOS = YES_AGGRESSIVE;
				GCC_WARN_UNUSED_FUNCTION = YES;
				GCC_WARN_UNUSED_VARIABLE = YES;
				IPHONEOS_DEPLOYMENT_TARGET = 17.5;
				LOCALIZATION_PREFERS_STRING_CATALOGS = YES;
				MTL_ENABLE_DEBUG_INFO = INCLUDE_SOURCE;
				MTL_FAST_MATH = YES;
				ONLY_ACTIVE_ARCH = YES;
				SDKROOT = iphoneos;
				SWIFT_ACTIVE_COMPILATION_CONDITIONS = "DEBUG $(inherited)";
				SWIFT_OPTIMIZATION_LEVEL = "-Onone";
			};
			name = Debug;
		};
		24ABE9262CD4AEDD000E7EC5 /* Release */ = {
			isa = XCBuildConfiguration;
			buildSettings = {
				ALWAYS_SEARCH_USER_PATHS = NO;
				ASSETCATALOG_COMPILER_GENERATE_SWIFT_ASSET_SYMBOL_EXTENSIONS = YES;
				CLANG_ANALYZER_NONNULL = YES;
				CLANG_ANALYZER_NUMBER_OBJECT_CONVERSION = YES_AGGRESSIVE;
				CLANG_CXX_LANGUAGE_STANDARD = "gnu++20";
				CLANG_ENABLE_MODULES = YES;
				CLANG_ENABLE_OBJC_ARC = YES;
				CLANG_ENABLE_OBJC_WEAK = YES;
				CLANG_WARN_BLOCK_CAPTURE_AUTORELEASING = YES;
				CLANG_WARN_BOOL_CONVERSION = YES;
				CLANG_WARN_COMMA = YES;
				CLANG_WARN_CONSTANT_CONVERSION = YES;
				CLANG_WARN_DEPRECATED_OBJC_IMPLEMENTATIONS = YES;
				CLANG_WARN_DIRECT_OBJC_ISA_USAGE = YES_ERROR;
				CLANG_WARN_DOCUMENTATION_COMMENTS = YES;
				CLANG_WARN_EMPTY_BODY = YES;
				CLANG_WARN_ENUM_CONVERSION = YES;
				CLANG_WARN_INFINITE_RECURSION = YES;
				CLANG_WARN_INT_CONVERSION = YES;
				CLANG_WARN_NON_LITERAL_NULL_CONVERSION = YES;
				CLANG_WARN_OBJC_IMPLICIT_RETAIN_SELF = YES;
				CLANG_WARN_OBJC_LITERAL_CONVERSION = YES;
				CLANG_WARN_OBJC_ROOT_CLASS = YES_ERROR;
				CLANG_WARN_QUOTED_INCLUDE_IN_FRAMEWORK_HEADER = YES;
				CLANG_WARN_RANGE_LOOP_ANALYSIS = YES;
				CLANG_WARN_STRICT_PROTOTYPES = YES;
				CLANG_WARN_SUSPICIOUS_MOVE = YES;
				CLANG_WARN_UNGUARDED_AVAILABILITY = YES_AGGRESSIVE;
				CLANG_WARN_UNREACHABLE_CODE = YES;
				CLANG_WARN__DUPLICATE_METHOD_MATCH = YES;
				COPY_PHASE_STRIP = NO;
				DEBUG_INFORMATION_FORMAT = "dwarf-with-dsym";
				ENABLE_NS_ASSERTIONS = NO;
				ENABLE_STRICT_OBJC_MSGSEND = YES;
				ENABLE_USER_SCRIPT_SANDBOXING = YES;
				GCC_C_LANGUAGE_STANDARD = gnu17;
				GCC_NO_COMMON_BLOCKS = YES;
				GCC_WARN_64_TO_32_BIT_CONVERSION = YES;
				GCC_WARN_ABOUT_RETURN_TYPE = YES_ERROR;
				GCC_WARN_UNDECLARED_SELECTOR = YES;
				GCC_WARN_UNINITIALIZED_AUTOS = YES_AGGRESSIVE;
				GCC_WARN_UNUSED_FUNCTION = YES;
				GCC_WARN_UNUSED_VARIABLE = YES;
				IPHONEOS_DEPLOYMENT_TARGET = 17.5;
				LOCALIZATION_PREFERS_STRING_CATALOGS = YES;
				MTL_ENABLE_DEBUG_INFO = NO;
				MTL_FAST_MATH = YES;
				SDKROOT = iphoneos;
				SWIFT_COMPILATION_MODE = wholemodule;
				VALIDATE_PRODUCT = YES;
			};
			name = Release;
		};
		24ABE9282CD4AEDD000E7EC5 /* Debug */ = {
			isa = XCBuildConfiguration;
			baseConfigurationReference = 24ABE93D2CD4B557000E7EC5 /* APIKey.xcconfig */;
			buildSettings = {
				ASSETCATALOG_COMPILER_APPICON_NAME = AppIcon;
				ASSETCATALOG_COMPILER_GLOBAL_ACCENT_COLOR_NAME = AccentColor;
				CODE_SIGN_STYLE = Automatic;
				CURRENT_PROJECT_VERSION = 1;
				DEVELOPMENT_ASSET_PATHS = "\"Gathering/Preview Content\"";
				DEVELOPMENT_TEAM = HP4XA8YZN3;
				ENABLE_PREVIEWS = YES;
				GENERATE_INFOPLIST_FILE = YES;
				INFOPLIST_FILE = Gathering/Info.plist;
				INFOPLIST_KEY_LSApplicationCategoryType = "";
				INFOPLIST_KEY_UIApplicationSceneManifest_Generation = YES;
				INFOPLIST_KEY_UIApplicationSupportsIndirectInputEvents = YES;
				INFOPLIST_KEY_UILaunchScreen_Generation = YES;
				INFOPLIST_KEY_UILaunchStoryboardName = LaunchScreen.storyboard;
				INFOPLIST_KEY_UISupportedInterfaceOrientations = UIInterfaceOrientationPortrait;
				INFOPLIST_KEY_UISupportedInterfaceOrientations_iPad = "UIInterfaceOrientationLandscapeLeft UIInterfaceOrientationLandscapeRight UIInterfaceOrientationPortrait UIInterfaceOrientationPortraitUpsideDown";
				INFOPLIST_KEY_UIUserInterfaceStyle = Light;
				IPHONEOS_DEPLOYMENT_TARGET = 16.0;
				LD_RUNPATH_SEARCH_PATHS = (
					"$(inherited)",
					"@executable_path/Frameworks",
				);
				MARKETING_VERSION = 1.0;
				PRODUCT_BUNDLE_IDENTIFIER = com.ksm.Gathering;
				PRODUCT_NAME = "$(TARGET_NAME)";
				SUPPORTED_PLATFORMS = "iphoneos iphonesimulator";
				SUPPORTS_MACCATALYST = NO;
				SUPPORTS_MAC_DESIGNED_FOR_IPHONE_IPAD = NO;
				SUPPORTS_XR_DESIGNED_FOR_IPHONE_IPAD = NO;
				SWIFT_EMIT_LOC_STRINGS = YES;
				SWIFT_VERSION = 5.0;
				TARGETED_DEVICE_FAMILY = 1;
			};
			name = Debug;
		};
		24ABE9292CD4AEDD000E7EC5 /* Release */ = {
			isa = XCBuildConfiguration;
			baseConfigurationReference = 24ABE93D2CD4B557000E7EC5 /* APIKey.xcconfig */;
			buildSettings = {
				ASSETCATALOG_COMPILER_APPICON_NAME = AppIcon;
				ASSETCATALOG_COMPILER_GLOBAL_ACCENT_COLOR_NAME = AccentColor;
				CODE_SIGN_STYLE = Automatic;
				CURRENT_PROJECT_VERSION = 1;
				DEVELOPMENT_ASSET_PATHS = "\"Gathering/Preview Content\"";
				DEVELOPMENT_TEAM = HP4XA8YZN3;
				ENABLE_PREVIEWS = YES;
				GENERATE_INFOPLIST_FILE = YES;
				INFOPLIST_FILE = Gathering/Info.plist;
				INFOPLIST_KEY_LSApplicationCategoryType = "";
				INFOPLIST_KEY_UIApplicationSceneManifest_Generation = YES;
				INFOPLIST_KEY_UIApplicationSupportsIndirectInputEvents = YES;
				INFOPLIST_KEY_UILaunchScreen_Generation = YES;
				INFOPLIST_KEY_UILaunchStoryboardName = LaunchScreen.storyboard;
				INFOPLIST_KEY_UISupportedInterfaceOrientations = UIInterfaceOrientationPortrait;
				INFOPLIST_KEY_UISupportedInterfaceOrientations_iPad = "UIInterfaceOrientationLandscapeLeft UIInterfaceOrientationLandscapeRight UIInterfaceOrientationPortrait UIInterfaceOrientationPortraitUpsideDown";
				INFOPLIST_KEY_UIUserInterfaceStyle = Light;
				IPHONEOS_DEPLOYMENT_TARGET = 16.0;
				LD_RUNPATH_SEARCH_PATHS = (
					"$(inherited)",
					"@executable_path/Frameworks",
				);
				MARKETING_VERSION = 1.0;
				PRODUCT_BUNDLE_IDENTIFIER = com.ksm.Gathering;
				PRODUCT_NAME = "$(TARGET_NAME)";
				SUPPORTED_PLATFORMS = "iphoneos iphonesimulator";
				SUPPORTS_MACCATALYST = NO;
				SUPPORTS_MAC_DESIGNED_FOR_IPHONE_IPAD = NO;
				SUPPORTS_XR_DESIGNED_FOR_IPHONE_IPAD = NO;
				SWIFT_EMIT_LOC_STRINGS = YES;
				SWIFT_VERSION = 5.0;
				TARGETED_DEVICE_FAMILY = 1;
			};
			name = Release;
		};
/* End XCBuildConfiguration section */

/* Begin XCConfigurationList section */
		24ABE9142CD4AEDB000E7EC5 /* Build configuration list for PBXProject "Gathering" */ = {
			isa = XCConfigurationList;
			buildConfigurations = (
				24ABE9252CD4AEDD000E7EC5 /* Debug */,
				24ABE9262CD4AEDD000E7EC5 /* Release */,
			);
			defaultConfigurationIsVisible = 0;
			defaultConfigurationName = Release;
		};
		24ABE9272CD4AEDD000E7EC5 /* Build configuration list for PBXNativeTarget "Gathering" */ = {
			isa = XCConfigurationList;
			buildConfigurations = (
				24ABE9282CD4AEDD000E7EC5 /* Debug */,
				24ABE9292CD4AEDD000E7EC5 /* Release */,
			);
			defaultConfigurationIsVisible = 0;
			defaultConfigurationName = Release;
		};
/* End XCConfigurationList section */

/* Begin XCRemoteSwiftPackageReference section */
		24ABE92A2CD4AEF2000E7EC5 /* XCRemoteSwiftPackageReference "swift-composable-architecture" */ = {
			isa = XCRemoteSwiftPackageReference;
			repositoryURL = "https://github.com/pointfreeco/swift-composable-architecture.git";
			requirement = {
				kind = upToNextMajorVersion;
				minimumVersion = 1.15.2;
			};
		};
		24ABE92D2CD4AF24000E7EC5 /* XCRemoteSwiftPackageReference "Alamofire" */ = {
			isa = XCRemoteSwiftPackageReference;
			repositoryURL = "https://github.com/Alamofire/Alamofire.git";
			requirement = {
				kind = upToNextMajorVersion;
				minimumVersion = 5.10.1;
			};
		};
		24ABE9302CD4AF3D000E7EC5 /* XCRemoteSwiftPackageReference "Kingfisher" */ = {
			isa = XCRemoteSwiftPackageReference;
			repositoryURL = "https://github.com/onevcat/Kingfisher";
			requirement = {
				kind = upToNextMajorVersion;
				minimumVersion = 8.1.0;
			};
		};
		24ABE9332CD4AF81000E7EC5 /* XCRemoteSwiftPackageReference "realm-swift" */ = {
			isa = XCRemoteSwiftPackageReference;
			repositoryURL = "https://github.com/realm/realm-swift.git";
			requirement = {
				kind = exactVersion;
				version = 10.54.1;
			};
		};
		24ABE9362CD4B006000E7EC5 /* XCRemoteSwiftPackageReference "SwiftLint" */ = {
			isa = XCRemoteSwiftPackageReference;
			repositoryURL = "https://github.com/realm/SwiftLint.git";
			requirement = {
				kind = upToNextMajorVersion;
				minimumVersion = 0.57.0;
			};
		};
/* End XCRemoteSwiftPackageReference section */

/* Begin XCSwiftPackageProductDependency section */
		24ABE92B2CD4AEF2000E7EC5 /* ComposableArchitecture */ = {
			isa = XCSwiftPackageProductDependency;
			package = 24ABE92A2CD4AEF2000E7EC5 /* XCRemoteSwiftPackageReference "swift-composable-architecture" */;
			productName = ComposableArchitecture;
		};
		24ABE92E2CD4AF24000E7EC5 /* Alamofire */ = {
			isa = XCSwiftPackageProductDependency;
			package = 24ABE92D2CD4AF24000E7EC5 /* XCRemoteSwiftPackageReference "Alamofire" */;
			productName = Alamofire;
		};
		24ABE9312CD4AF3D000E7EC5 /* Kingfisher */ = {
			isa = XCSwiftPackageProductDependency;
			package = 24ABE9302CD4AF3D000E7EC5 /* XCRemoteSwiftPackageReference "Kingfisher" */;
			productName = Kingfisher;
		};
		24ABE9342CD4AF81000E7EC5 /* RealmSwift */ = {
			isa = XCSwiftPackageProductDependency;
			package = 24ABE9332CD4AF81000E7EC5 /* XCRemoteSwiftPackageReference "realm-swift" */;
			productName = RealmSwift;
		};
		24ABE9372CD4B04D000E7EC5 /* SwiftLintBuildToolPlugin */ = {
			isa = XCSwiftPackageProductDependency;
			package = 24ABE9362CD4B006000E7EC5 /* XCRemoteSwiftPackageReference "SwiftLint" */;
			productName = "plugin:SwiftLintBuildToolPlugin";
		};
/* End XCSwiftPackageProductDependency section */
	};
	rootObject = 24ABE9112CD4AEDB000E7EC5 /* Project object */;
}
