// !$*UTF8*$!
{
	archiveVersion = 1;
	classes = {
	};
	objectVersion = 56;
	objects = {

/* Begin PBXBuildFile section */
		2447AB532CE1C4C100399C4D /* LaunchScreen.storyboard in Resources */ = {isa = PBXBuildFile; fileRef = 2447AB522CE1C4C100399C4D /* LaunchScreen.storyboard */; };
		2447AB562CE1D0EC00399C4D /* StoreClient.swift in Sources */ = {isa = PBXBuildFile; fileRef = 2447AB552CE1D0EC00399C4D /* StoreClient.swift */; };
		2447AB582CE1E16200399C4D /* ErrorResponse.swift in Sources */ = {isa = PBXBuildFile; fileRef = 2447AB572CE1E16200399C4D /* ErrorResponse.swift */; };
		2447AB5A2CE2200100399C4D /* ChannelClient.swift in Sources */ = {isa = PBXBuildFile; fileRef = 2447AB592CE2200100399C4D /* ChannelClient.swift */; };
		2447AB5C2CE22D1300399C4D /* APIError.swift in Sources */ = {isa = PBXBuildFile; fileRef = 2447AB5B2CE22D1300399C4D /* APIError.swift */; };
		2447AB5E2CE2371C00399C4D /* UnreadCountResponse.swift in Sources */ = {isa = PBXBuildFile; fileRef = 2447AB5D2CE2371C00399C4D /* UnreadCountResponse.swift */; };
		2447AB642CE327C800399C4D /* ToastView.swift in Sources */ = {isa = PBXBuildFile; fileRef = 2447AB632CE327C800399C4D /* ToastView.swift */; };
		2447AB662CE329AB00399C4D /* ToastWindowManager.swift in Sources */ = {isa = PBXBuildFile; fileRef = 2447AB652CE329AB00399C4D /* ToastWindowManager.swift */; };
		2447AB682CE329BB00399C4D /* Toast.swift in Sources */ = {isa = PBXBuildFile; fileRef = 2447AB672CE329BB00399C4D /* Toast.swift */; };
		2447AB6A2CE32B6800399C4D /* ToastModifier.swift in Sources */ = {isa = PBXBuildFile; fileRef = 2447AB692CE32B6800399C4D /* ToastModifier.swift */; };
		2447AB6D2CE32ED300399C4D /* Notification+.swift in Sources */ = {isa = PBXBuildFile; fileRef = 2447AB6C2CE32ED300399C4D /* Notification+.swift */; };
		2447AB6F2CE3326D00399C4D /* OnboardingView.swift in Sources */ = {isa = PBXBuildFile; fileRef = 2447AB6E2CE3326D00399C4D /* OnboardingView.swift */; };
		2447AB712CE3789600399C4D /* LoginPopUpView.swift in Sources */ = {isa = PBXBuildFile; fileRef = 2447AB702CE3789600399C4D /* LoginPopUpView.swift */; };
		2447AB732CE378B600399C4D /* OnboardingFeature.swift in Sources */ = {isa = PBXBuildFile; fileRef = 2447AB722CE378B600399C4D /* OnboardingFeature.swift */; };
		2447AB792CE7329000399C4D /* SignUpView.swift in Sources */ = {isa = PBXBuildFile; fileRef = 2447AB782CE7329000399C4D /* SignUpView.swift */; };
		2447AB7B2CE732C400399C4D /* TextFieldWithTitle.swift in Sources */ = {isa = PBXBuildFile; fileRef = 2447AB7A2CE732C400399C4D /* TextFieldWithTitle.swift */; };
		2447AB7D2CE734ED00399C4D /* SignUpFeature.swift in Sources */ = {isa = PBXBuildFile; fileRef = 2447AB7C2CE734ED00399C4D /* SignUpFeature.swift */; };
		2447AB7F2CE878AA00399C4D /* LoginPopUpFeature.swift in Sources */ = {isa = PBXBuildFile; fileRef = 2447AB7E2CE878AA00399C4D /* LoginPopUpFeature.swift */; };
		2447AB812CE87A3A00399C4D /* EmailLoginView.swift in Sources */ = {isa = PBXBuildFile; fileRef = 2447AB802CE87A3A00399C4D /* EmailLoginView.swift */; };
		2447AB832CE87A9200399C4D /* EmailLoginFeature.swift in Sources */ = {isa = PBXBuildFile; fileRef = 2447AB822CE87A9200399C4D /* EmailLoginFeature.swift */; };
		2447AB872CE8C25C00399C4D /* SecureTextFieldWithTitle.swift in Sources */ = {isa = PBXBuildFile; fileRef = 2447AB862CE8C25C00399C4D /* SecureTextFieldWithTitle.swift */; };
		2447AB892CE8C46B00399C4D /* DMFeature.swift in Sources */ = {isa = PBXBuildFile; fileRef = 2447AB882CE8C46B00399C4D /* DMFeature.swift */; };
		2447AB8B2CE9E58700399C4D /* AppFeature.swift in Sources */ = {isa = PBXBuildFile; fileRef = 2447AB8A2CE9E58700399C4D /* AppFeature.swift */; };
		2459BDAF2D083A470040BC6E /* ImageDetailView.swift in Sources */ = {isa = PBXBuildFile; fileRef = 2459BDAE2D083A470040BC6E /* ImageDetailView.swift */; };
		2459BDB12D0AF8B20040BC6E /* ExploreFeature.swift in Sources */ = {isa = PBXBuildFile; fileRef = 2459BDB02D0AF8B20040BC6E /* ExploreFeature.swift */; };
		2459BDB32D0B039A0040BC6E /* Image+.swift in Sources */ = {isa = PBXBuildFile; fileRef = 2459BDB22D0B039A0040BC6E /* Image+.swift */; };
		249FB0C02CEC643800CA418B /* ImageFileManager.swift in Sources */ = {isa = PBXBuildFile; fileRef = 249FB0BF2CEC643800CA418B /* ImageFileManager.swift */; };
		249FB0C52CEC70EA00CA418B /* DMChattingDBModel.swift in Sources */ = {isa = PBXBuildFile; fileRef = 249FB0C42CEC70EA00CA418B /* DMChattingDBModel.swift */; };
		249FB0C72CEC70F700CA418B /* ChannelChattingDBModel.swift in Sources */ = {isa = PBXBuildFile; fileRef = 249FB0C62CEC70F700CA418B /* ChannelChattingDBModel.swift */; };
		249FB0C92CEC711800CA418B /* MemberDBModel.swift in Sources */ = {isa = PBXBuildFile; fileRef = 249FB0C82CEC711800CA418B /* MemberDBModel.swift */; };
		249FB0CC2CEC9F4400CA418B /* ImageRouter.swift in Sources */ = {isa = PBXBuildFile; fileRef = 249FB0CB2CEC9F4400CA418B /* ImageRouter.swift */; };
		249FB0CE2CEC9F5B00CA418B /* ImageClient.swift in Sources */ = {isa = PBXBuildFile; fileRef = 249FB0CD2CEC9F5B00CA418B /* ImageClient.swift */; };
		249FB0D22CECA8EE00CA418B /* DBClient.swift in Sources */ = {isa = PBXBuildFile; fileRef = 249FB0D12CECA8EE00CA418B /* DBClient.swift */; };
		249FB0DB2CECAB3B00CA418B /* Token.swift in Sources */ = {isa = PBXBuildFile; fileRef = 249FB0DA2CECAB3B00CA418B /* Token.swift */; };
		249FB0FC2CECBCDB00CA418B /* BadgeModifier.swift in Sources */ = {isa = PBXBuildFile; fileRef = 249FB0FB2CECBCDB00CA418B /* BadgeModifier.swift */; };
		249FB0FE2CEDA92000CA418B /* ImageCache.swift in Sources */ = {isa = PBXBuildFile; fileRef = 249FB0FD2CEDA92000CA418B /* ImageCache.swift */; };
		249FB1022CEF5E0600CA418B /* WorkspaceView.swift in Sources */ = {isa = PBXBuildFile; fileRef = 249FB1012CEF5E0600CA418B /* WorkspaceView.swift */; };
		249FB1042CEF5E1000CA418B /* ProfileView.swift in Sources */ = {isa = PBXBuildFile; fileRef = 249FB1032CEF5E1000CA418B /* ProfileView.swift */; };
		249FB1062CEF5FFD00CA418B /* Member.swift in Sources */ = {isa = PBXBuildFile; fileRef = 249FB1052CEF5FFD00CA418B /* Member.swift */; };
		249FB1082CEF602300CA418B /* DMsRoom.swift in Sources */ = {isa = PBXBuildFile; fileRef = 249FB1072CEF602300CA418B /* DMsRoom.swift */; };
		249FB10A2CEF619A00CA418B /* Date+.swift in Sources */ = {isa = PBXBuildFile; fileRef = 249FB1092CEF619900CA418B /* Date+.swift */; };
		24ABE91D2CD4AEDB000E7EC5 /* GatheringApp.swift in Sources */ = {isa = PBXBuildFile; fileRef = 24ABE91C2CD4AEDB000E7EC5 /* GatheringApp.swift */; };
		24ABE9212CD4AEDD000E7EC5 /* Assets.xcassets in Resources */ = {isa = PBXBuildFile; fileRef = 24ABE9202CD4AEDD000E7EC5 /* Assets.xcassets */; };
		24ABE9242CD4AEDD000E7EC5 /* Preview Assets.xcassets in Resources */ = {isa = PBXBuildFile; fileRef = 24ABE9232CD4AEDD000E7EC5 /* Preview Assets.xcassets */; };
		24ABE92C2CD4AEF2000E7EC5 /* ComposableArchitecture in Frameworks */ = {isa = PBXBuildFile; productRef = 24ABE92B2CD4AEF2000E7EC5 /* ComposableArchitecture */; };
		24ABE92F2CD4AF24000E7EC5 /* Alamofire in Frameworks */ = {isa = PBXBuildFile; productRef = 24ABE92E2CD4AF24000E7EC5 /* Alamofire */; };
		24ABE9322CD4AF3D000E7EC5 /* Kingfisher in Frameworks */ = {isa = PBXBuildFile; productRef = 24ABE9312CD4AF3D000E7EC5 /* Kingfisher */; };
		24ABE9352CD4AF81000E7EC5 /* RealmSwift in Frameworks */ = {isa = PBXBuildFile; productRef = 24ABE9342CD4AF81000E7EC5 /* RealmSwift */; };
		24ABE9392CD4B0B4000E7EC5 /* RealmSwift in Embed Frameworks */ = {isa = PBXBuildFile; productRef = 24ABE9342CD4AF81000E7EC5 /* RealmSwift */; settings = {ATTRIBUTES = (CodeSignOnCopy, ); }; };
		24ABE93C2CD4B4D9000E7EC5 /* .gitignore in Resources */ = {isa = PBXBuildFile; fileRef = 24ABE93B2CD4B4D9000E7EC5 /* .gitignore */; };
		24ABE9402CD4B6D1000E7EC5 /* APIAuth.swift in Sources */ = {isa = PBXBuildFile; fileRef = 24ABE93F2CD4B6D1000E7EC5 /* APIAuth.swift */; };
		24ABE94B2CD4B8A9000E7EC5 /* .swiftlint.yml in Resources */ = {isa = PBXBuildFile; fileRef = 24ABE94A2CD4B8A9000E7EC5 /* .swiftlint.yml */; };
		24ABE94E2CD8A71D000E7EC5 /* RootView.swift in Sources */ = {isa = PBXBuildFile; fileRef = 24ABE94D2CD8A71D000E7EC5 /* RootView.swift */; };
		24ABE9522CD8B65E000E7EC5 /* DMView.swift in Sources */ = {isa = PBXBuildFile; fileRef = 24ABE9512CD8B65E000E7EC5 /* DMView.swift */; };
		24ABE9542CD8B711000E7EC5 /* Font+.swift in Sources */ = {isa = PBXBuildFile; fileRef = 24ABE9532CD8B711000E7EC5 /* Font+.swift */; };
		24ABE95A2CDB86F3000E7EC5 /* Color+.swift in Sources */ = {isa = PBXBuildFile; fileRef = 24ABE9592CDB86F3000E7EC5 /* Color+.swift */; };
		24ABE95C2CDB8701000E7EC5 /* Design.swift in Sources */ = {isa = PBXBuildFile; fileRef = 24ABE95B2CDB8701000E7EC5 /* Design.swift */; };
		24ABE95F2CDB93B5000E7EC5 /* RoundButtonModifier.swift in Sources */ = {isa = PBXBuildFile; fileRef = 24ABE95E2CDB93B5000E7EC5 /* RoundButtonModifier.swift */; };
		24ABE9622CDB99B1000E7EC5 /* RoundedBorderButton.swift in Sources */ = {isa = PBXBuildFile; fileRef = 24ABE9612CDB99B1000E7EC5 /* RoundedBorderButton.swift */; };
		24ABE9642CDB99C8000E7EC5 /* ContinueEmailButton.swift in Sources */ = {isa = PBXBuildFile; fileRef = 24ABE9632CDB99C8000E7EC5 /* ContinueEmailButton.swift */; };
		24ABE9662CDB99D0000E7EC5 /* RoundedButton.swift in Sources */ = {isa = PBXBuildFile; fileRef = 24ABE9652CDB99D0000E7EC5 /* RoundedButton.swift */; };
		24ABE96A2CDB9AB8000E7EC5 /* KakaoLoginButton.swift in Sources */ = {isa = PBXBuildFile; fileRef = 24ABE9692CDB9AB8000E7EC5 /* KakaoLoginButton.swift */; };
		24ABE96C2CDB9AF9000E7EC5 /* AppleLoginButton.swift in Sources */ = {isa = PBXBuildFile; fileRef = 24ABE96B2CDB9AF9000E7EC5 /* AppleLoginButton.swift */; };
		24ABE96E2CDCE2A3000E7EC5 /* NetworkManager.swift in Sources */ = {isa = PBXBuildFile; fileRef = 24ABE96D2CDCE2A3000E7EC5 /* NetworkManager.swift */; };
		24ABE9702CDCEDB2000E7EC5 /* UserDefaultsManager.swift in Sources */ = {isa = PBXBuildFile; fileRef = 24ABE96F2CDCEDB2000E7EC5 /* UserDefaultsManager.swift */; };
		24ABE9732CDCEF9D000E7EC5 /* StoreRouter.swift in Sources */ = {isa = PBXBuildFile; fileRef = 24ABE9722CDCEF9D000E7EC5 /* StoreRouter.swift */; };
		24ABE9792CDCF02A000E7EC5 /* PayValidationResponse.swift in Sources */ = {isa = PBXBuildFile; fileRef = 24ABE9782CDCF02A000E7EC5 /* PayValidationResponse.swift */; };
		24ABE97B2CDCF03D000E7EC5 /* StoreItemResponse.swift in Sources */ = {isa = PBXBuildFile; fileRef = 24ABE97A2CDCF03D000E7EC5 /* StoreItemResponse.swift */; };
		24ABE97D2CDCF15D000E7EC5 /* PayValidationRequest.swift in Sources */ = {isa = PBXBuildFile; fileRef = 24ABE97C2CDCF15D000E7EC5 /* PayValidationRequest.swift */; };
		24ABE9822CDE0FE9000E7EC5 /* ChannelRouter.swift in Sources */ = {isa = PBXBuildFile; fileRef = 24ABE9812CDE0FE9000E7EC5 /* ChannelRouter.swift */; };
		24ABE9862CDE12BE000E7EC5 /* ChannelResponse.swift in Sources */ = {isa = PBXBuildFile; fileRef = 24ABE9852CDE12BE000E7EC5 /* ChannelResponse.swift */; };
		24ABE9882CDE172F000E7EC5 /* ChannelRequest.swift in Sources */ = {isa = PBXBuildFile; fileRef = 24ABE9872CDE172F000E7EC5 /* ChannelRequest.swift */; };
		24ABE98A2CDF004D000E7EC5 /* ChannelChattingResponse.swift in Sources */ = {isa = PBXBuildFile; fileRef = 24ABE9892CDF004D000E7EC5 /* ChannelChattingResponse.swift */; };
		24ABE98C2CDF005F000E7EC5 /* MemberResponse.swift in Sources */ = {isa = PBXBuildFile; fileRef = 24ABE98B2CDF005F000E7EC5 /* MemberResponse.swift */; };
		24ABE98E2CDF02E1000E7EC5 /* ChattingRequest.swift in Sources */ = {isa = PBXBuildFile; fileRef = 24ABE98D2CDF02E1000E7EC5 /* ChattingRequest.swift */; };
		24ABE9902CDF0CFB000E7EC5 /* OwnerRequest.swift in Sources */ = {isa = PBXBuildFile; fileRef = 24ABE98F2CDF0CFB000E7EC5 /* OwnerRequest.swift */; };
		24F7BFC32CF301D600040C09 /* MultipartData.swift in Sources */ = {isa = PBXBuildFile; fileRef = 24F7BFC22CF301D600040C09 /* MultipartData.swift */; };
		24F7BFC82CFC21AA00040C09 /* GatheringNavigationModifier.swift in Sources */ = {isa = PBXBuildFile; fileRef = 24F7BFC72CFC21AA00040C09 /* GatheringNavigationModifier.swift */; };
		24F7BFCA2CFC2C5200040C09 /* UINavigationController+.swift in Sources */ = {isa = PBXBuildFile; fileRef = 24F7BFC92CFC2C5200040C09 /* UINavigationController+.swift */; };
		24F7BFCF2CFDDF6E00040C09 /* ChannelDBModel.swift in Sources */ = {isa = PBXBuildFile; fileRef = 24F7BFCE2CFDDF6E00040C09 /* ChannelDBModel.swift */; };
		24F7BFD12CFDE05000040C09 /* DMRoomDBModel.swift in Sources */ = {isa = PBXBuildFile; fileRef = 24F7BFD02CFDE05000040C09 /* DMRoomDBModel.swift */; };
		24F7BFDA2D00532100040C09 /* SocketIO in Frameworks */ = {isa = PBXBuildFile; productRef = 24F7BFD92D00532100040C09 /* SocketIO */; };
		24F7BFDD2D00550900040C09 /* SocketError.swift in Sources */ = {isa = PBXBuildFile; fileRef = 24F7BFDC2D00550900040C09 /* SocketError.swift */; };
		24F7BFDF2D00552200040C09 /* SocketIOManager.swift in Sources */ = {isa = PBXBuildFile; fileRef = 24F7BFDE2D00552200040C09 /* SocketIOManager.swift */; };
		24F7BFE52D0062FE00040C09 /* SocketClient.swift in Sources */ = {isa = PBXBuildFile; fileRef = 24F7BFE42D0062FE00040C09 /* SocketClient.swift */; };
		843E7FD72CE30DC30057A426 /* UserRouter.swift in Sources */ = {isa = PBXBuildFile; fileRef = 843E7FD62CE30DC30057A426 /* UserRouter.swift */; };
		843E7FD92CE31BA10057A426 /* JoinRequest.swift in Sources */ = {isa = PBXBuildFile; fileRef = 843E7FD82CE31BA10057A426 /* JoinRequest.swift */; };
		843E7FDB2CE3283E0057A426 /* JoinLoginResponse.swift in Sources */ = {isa = PBXBuildFile; fileRef = 843E7FDA2CE3283E0057A426 /* JoinLoginResponse.swift */; };
		843E7FDD2CE337330057A426 /* EmailValidationRequest.swift in Sources */ = {isa = PBXBuildFile; fileRef = 843E7FDC2CE337330057A426 /* EmailValidationRequest.swift */; };
		843E7FDF2CE337420057A426 /* EmailLoginRequest.swift in Sources */ = {isa = PBXBuildFile; fileRef = 843E7FDE2CE337420057A426 /* EmailLoginRequest.swift */; };
		843E7FE12CE337550057A426 /* KakaoLoginRequest.swift in Sources */ = {isa = PBXBuildFile; fileRef = 843E7FE02CE337550057A426 /* KakaoLoginRequest.swift */; };
		843E7FE32CE3379B0057A426 /* AppleLoginRequest.swift in Sources */ = {isa = PBXBuildFile; fileRef = 843E7FE22CE3379B0057A426 /* AppleLoginRequest.swift */; };
		843E7FE52CE337BA0057A426 /* SaveDeviceTokenRequest.swift in Sources */ = {isa = PBXBuildFile; fileRef = 843E7FE42CE337BA0057A426 /* SaveDeviceTokenRequest.swift */; };
		843E7FE72CE337E70057A426 /* EditMyProfileRequest.swift in Sources */ = {isa = PBXBuildFile; fileRef = 843E7FE62CE337E70057A426 /* EditMyProfileRequest.swift */; };
		843E7FE92CE337F80057A426 /* EditMyProfileImageRequest.swift in Sources */ = {isa = PBXBuildFile; fileRef = 843E7FE82CE337F80057A426 /* EditMyProfileImageRequest.swift */; };
		843E7FEB2CE3382F0057A426 /* MyProfileResponse.swift in Sources */ = {isa = PBXBuildFile; fileRef = 843E7FEA2CE3382F0057A426 /* MyProfileResponse.swift */; };
		843E7FED2CE338420057A426 /* EditMyProfileResponse.swift in Sources */ = {isa = PBXBuildFile; fileRef = 843E7FEC2CE338420057A426 /* EditMyProfileResponse.swift */; };
		847A3F842CD9000F004A9361 /* HomeView.swift in Sources */ = {isa = PBXBuildFile; fileRef = 847A3F832CD9000F004A9361 /* HomeView.swift */; };
		847A3F882CD9C032004A9361 /* LoadedImageView.swift in Sources */ = {isa = PBXBuildFile; fileRef = 847A3F872CD9C032004A9361 /* LoadedImageView.swift */; };
		847A3F8B2CD9EA54004A9361 /* Channel.swift in Sources */ = {isa = PBXBuildFile; fileRef = 847A3F8A2CD9EA54004A9361 /* Channel.swift */; };
		847A3F902CDA440F004A9361 /* CustomDisclosureGroup.swift in Sources */ = {isa = PBXBuildFile; fileRef = 847A3F8F2CDA440F004A9361 /* CustomDisclosureGroup.swift */; };
		847A3F922CDA9FC0004A9361 /* GatheringNavigationStack.swift in Sources */ = {isa = PBXBuildFile; fileRef = 847A3F912CDA9FC0004A9361 /* GatheringNavigationStack.swift */; };
		847A3F972CDAFB19004A9361 /* TargetType.swift in Sources */ = {isa = PBXBuildFile; fileRef = 847A3F962CDAFB19004A9361 /* TargetType.swift */; };
		847A3F9B2CDAFF04004A9361 /* Header.swift in Sources */ = {isa = PBXBuildFile; fileRef = 847A3F9A2CDAFF04004A9361 /* Header.swift */; };
		847A3F9D2CDB0E6B004A9361 /* CreateChannelView.swift in Sources */ = {isa = PBXBuildFile; fileRef = 847A3F9C2CDB0E6B004A9361 /* CreateChannelView.swift */; };
		847A3F9F2CDB6AC4004A9361 /* ToolbarModifier.swift in Sources */ = {isa = PBXBuildFile; fileRef = 847A3F9E2CDB6AC4004A9361 /* ToolbarModifier.swift */; };
		847A3FA12CDCB96E004A9361 /* SheetHeaderView.swift in Sources */ = {isa = PBXBuildFile; fileRef = 847A3FA02CDCB96E004A9361 /* SheetHeaderView.swift */; };
		847A3FA32CDE111A004A9361 /* InviteMemberView.swift in Sources */ = {isa = PBXBuildFile; fileRef = 847A3FA22CDE111A004A9361 /* InviteMemberView.swift */; };
		847A3FA52CDE1183004A9361 /* ExploreChannelView.swift in Sources */ = {isa = PBXBuildFile; fileRef = 847A3FA42CDE1183004A9361 /* ExploreChannelView.swift */; };
		84B8AD172CE3696400011D73 /* UserClient.swift in Sources */ = {isa = PBXBuildFile; fileRef = 84B8AD162CE3696400011D73 /* UserClient.swift */; };
		84B8AD1A2CE3815D00011D73 /* AuthRouter.swift in Sources */ = {isa = PBXBuildFile; fileRef = 84B8AD192CE3815D00011D73 /* AuthRouter.swift */; };
		84B8AD1C2CE3859400011D73 /* AuthClient.swift in Sources */ = {isa = PBXBuildFile; fileRef = 84B8AD1B2CE3859400011D73 /* AuthClient.swift */; };
		84B8AD212CE3D55000011D73 /* HomeFeature.swift in Sources */ = {isa = PBXBuildFile; fileRef = 84B8AD202CE3D55000011D73 /* HomeFeature.swift */; };
		84B8AD232CE46A8E00011D73 /* CustomAlert.swift in Sources */ = {isa = PBXBuildFile; fileRef = 84B8AD222CE46A8E00011D73 /* CustomAlert.swift */; };
		84B8AD2D2CE6788400011D73 /* CreateChannelFeature.swift in Sources */ = {isa = PBXBuildFile; fileRef = 84B8AD2C2CE6788400011D73 /* CreateChannelFeature.swift */; };
		84B8AD2F2CE6795100011D73 /* ExploreChannelFeature.swift in Sources */ = {isa = PBXBuildFile; fileRef = 84B8AD2E2CE6795100011D73 /* ExploreChannelFeature.swift */; };
		84B8AD312CE6797C00011D73 /* InviteMemberFeature.swift in Sources */ = {isa = PBXBuildFile; fileRef = 84B8AD302CE6797C00011D73 /* InviteMemberFeature.swift */; };
		84E8A8152CEE01B000589171 /* ExploreView.swift in Sources */ = {isa = PBXBuildFile; fileRef = 84E8A8142CEE01B000589171 /* ExploreView.swift */; };
		84E8A8182CEF0D8100589171 /* ChannelChattingFeature.swift in Sources */ = {isa = PBXBuildFile; fileRef = 84E8A8172CEF0D8100589171 /* ChannelChattingFeature.swift */; };
		84E8A81B2CEF171C00589171 /* DMChattingFeature.swift in Sources */ = {isa = PBXBuildFile; fileRef = 84E8A81A2CEF171C00589171 /* DMChattingFeature.swift */; };
		84E8A81D2CEF1B1300589171 /* DMChattingView.swift in Sources */ = {isa = PBXBuildFile; fileRef = 84E8A81C2CEF1B1300589171 /* DMChattingView.swift */; };
		84E8A81F2CEF1B3E00589171 /* ChannelChattingView.swift in Sources */ = {isa = PBXBuildFile; fileRef = 84E8A81E2CEF1B3E00589171 /* ChannelChattingView.swift */; };
		84E8A8232CEF241C00589171 /* ChannelSettingFeature.swift in Sources */ = {isa = PBXBuildFile; fileRef = 84E8A8222CEF241C00589171 /* ChannelSettingFeature.swift */; };
		84E8A8262CF09AAA00589171 /* ProfileFeature.swift in Sources */ = {isa = PBXBuildFile; fileRef = 84E8A8252CF09AAA00589171 /* ProfileFeature.swift */; };
		84E8A8282CF5ED1400589171 /* RootFeature.swift in Sources */ = {isa = PBXBuildFile; fileRef = 84E8A8272CF5ED1400589171 /* RootFeature.swift */; };
		A0404A3D2CF5BEF700B46EF1 /* ButtonWrappedModifier.swift in Sources */ = {isa = PBXBuildFile; fileRef = A0404A3C2CF5BEF700B46EF1 /* ButtonWrappedModifier.swift */; };
		A0C7CFAA2D04C8AF00A7DA7A /* CustomizableImageView.swift in Sources */ = {isa = PBXBuildFile; fileRef = A0C7CFA92D04C8AF00A7DA7A /* CustomizableImageView.swift */; };
		A0CA54D22CF27E4700E9A284 /* View+.swift in Sources */ = {isa = PBXBuildFile; fileRef = A0CA54D12CF27E4700E9A284 /* View+.swift */; };
		A0DBC1032CEE4CC0008E4665 /* ChannelSettingView.swift in Sources */ = {isa = PBXBuildFile; fileRef = A0DBC1022CEE4CC0008E4665 /* ChannelSettingView.swift */; };
		A0E444C52CDD0A5C0024AE71 /* ChattingPresentModel.swift in Sources */ = {isa = PBXBuildFile; fileRef = A0E444C42CDD0A5C0024AE71 /* ChattingPresentModel.swift */; };
		A0E444CA2CDDF4520024AE71 /* ChattingPhotoPicker.swift in Sources */ = {isa = PBXBuildFile; fileRef = A0E444C92CDDF4520024AE71 /* ChattingPhotoPicker.swift */; };
		A0E444CC2CDE010D0024AE71 /* ChattingImageView.swift in Sources */ = {isa = PBXBuildFile; fileRef = A0E444CB2CDE010D0024AE71 /* ChattingImageView.swift */; };
		A0E444D12CE29A850024AE71 /* WorkSpaceRouter.swift in Sources */ = {isa = PBXBuildFile; fileRef = A0E444D02CE29A850024AE71 /* WorkSpaceRouter.swift */; };
		A0E444D92CE2A90C0024AE71 /* WorkspaceCreateRequest.swift in Sources */ = {isa = PBXBuildFile; fileRef = A0E444D82CE2A90C0024AE71 /* WorkspaceCreateRequest.swift */; };
		A0E444DB2CE2AC130024AE71 /* WorkspaceEditRequest.swift in Sources */ = {isa = PBXBuildFile; fileRef = A0E444DA2CE2AC130024AE71 /* WorkspaceEditRequest.swift */; };
		A0E444DD2CE2AD690024AE71 /* InviteMemberRequest.swift in Sources */ = {isa = PBXBuildFile; fileRef = A0E444DC2CE2AD690024AE71 /* InviteMemberRequest.swift */; };
		A0E444DF2CE2B1ED0024AE71 /* WorkspaceResponse.swift in Sources */ = {isa = PBXBuildFile; fileRef = A0E444DE2CE2B1ED0024AE71 /* WorkspaceResponse.swift */; };
		A0E444E12CE2B37D0024AE71 /* WorkspaceInfoResponse.swift in Sources */ = {isa = PBXBuildFile; fileRef = A0E444E02CE2B37D0024AE71 /* WorkspaceInfoResponse.swift */; };
		A0E444E32CE2C0F20024AE71 /* DmsRouter.swift in Sources */ = {isa = PBXBuildFile; fileRef = A0E444E22CE2C0F20024AE71 /* DmsRouter.swift */; };
		A0E444E72CE2C3800024AE71 /* DMRequest.swift in Sources */ = {isa = PBXBuildFile; fileRef = A0E444E62CE2C3800024AE71 /* DMRequest.swift */; };
		A0E444E92CE2C3D80024AE71 /* DMOpponentRequest.swift in Sources */ = {isa = PBXBuildFile; fileRef = A0E444E82CE2C3D80024AE71 /* DMOpponentRequest.swift */; };
		A0E444EB2CE2C7E20024AE71 /* DMsResponse.swift in Sources */ = {isa = PBXBuildFile; fileRef = A0E444EA2CE2C7E20024AE71 /* DMsResponse.swift */; };
		A0E444ED2CE2C9C70024AE71 /* UnreadDMsResponse.swift in Sources */ = {isa = PBXBuildFile; fileRef = A0E444EC2CE2C9C70024AE71 /* UnreadDMsResponse.swift */; };
		A0E444EF2CE2CA8C0024AE71 /* DMsRoomResponse.swift in Sources */ = {isa = PBXBuildFile; fileRef = A0E444EE2CE2CA8C0024AE71 /* DMsRoomResponse.swift */; };
		A0E444F12CE326170024AE71 /* WorkspaceClient.swift in Sources */ = {isa = PBXBuildFile; fileRef = A0E444F02CE326170024AE71 /* WorkspaceClient.swift */; };
		A0E444F32CE336F30024AE71 /* DMsClient.swift in Sources */ = {isa = PBXBuildFile; fileRef = A0E444F22CE336F30024AE71 /* DMsClient.swift */; };
		A0EEC1982CDA46B700D81239 /* ChattingView.swift in Sources */ = {isa = PBXBuildFile; fileRef = A0EEC1972CDA46B700D81239 /* ChattingView.swift */; };
/* End PBXBuildFile section */

/* Begin PBXCopyFilesBuildPhase section */
		24ABE93A2CD4B0B4000E7EC5 /* Embed Frameworks */ = {
			isa = PBXCopyFilesBuildPhase;
			buildActionMask = 2147483647;
			dstPath = "";
			dstSubfolderSpec = 10;
			files = (
				24ABE9392CD4B0B4000E7EC5 /* RealmSwift in Embed Frameworks */,
			);
			name = "Embed Frameworks";
			runOnlyForDeploymentPostprocessing = 0;
		};
/* End PBXCopyFilesBuildPhase section */

/* Begin PBXFileReference section */
		2447AB522CE1C4C100399C4D /* LaunchScreen.storyboard */ = {isa = PBXFileReference; lastKnownFileType = file.storyboard; path = LaunchScreen.storyboard; sourceTree = "<group>"; };
		2447AB552CE1D0EC00399C4D /* StoreClient.swift */ = {isa = PBXFileReference; lastKnownFileType = sourcecode.swift; path = StoreClient.swift; sourceTree = "<group>"; };
		2447AB572CE1E16200399C4D /* ErrorResponse.swift */ = {isa = PBXFileReference; lastKnownFileType = sourcecode.swift; path = ErrorResponse.swift; sourceTree = "<group>"; };
		2447AB592CE2200100399C4D /* ChannelClient.swift */ = {isa = PBXFileReference; lastKnownFileType = sourcecode.swift; path = ChannelClient.swift; sourceTree = "<group>"; };
		2447AB5B2CE22D1300399C4D /* APIError.swift */ = {isa = PBXFileReference; lastKnownFileType = sourcecode.swift; path = APIError.swift; sourceTree = "<group>"; };
		2447AB5D2CE2371C00399C4D /* UnreadCountResponse.swift */ = {isa = PBXFileReference; lastKnownFileType = sourcecode.swift; path = UnreadCountResponse.swift; sourceTree = "<group>"; };
		2447AB632CE327C800399C4D /* ToastView.swift */ = {isa = PBXFileReference; lastKnownFileType = sourcecode.swift; path = ToastView.swift; sourceTree = "<group>"; };
		2447AB652CE329AB00399C4D /* ToastWindowManager.swift */ = {isa = PBXFileReference; lastKnownFileType = sourcecode.swift; path = ToastWindowManager.swift; sourceTree = "<group>"; };
		2447AB672CE329BB00399C4D /* Toast.swift */ = {isa = PBXFileReference; lastKnownFileType = sourcecode.swift; path = Toast.swift; sourceTree = "<group>"; };
		2447AB692CE32B6800399C4D /* ToastModifier.swift */ = {isa = PBXFileReference; lastKnownFileType = sourcecode.swift; path = ToastModifier.swift; sourceTree = "<group>"; };
		2447AB6C2CE32ED300399C4D /* Notification+.swift */ = {isa = PBXFileReference; lastKnownFileType = sourcecode.swift; path = "Notification+.swift"; sourceTree = "<group>"; };
		2447AB6E2CE3326D00399C4D /* OnboardingView.swift */ = {isa = PBXFileReference; lastKnownFileType = sourcecode.swift; path = OnboardingView.swift; sourceTree = "<group>"; };
		2447AB702CE3789600399C4D /* LoginPopUpView.swift */ = {isa = PBXFileReference; lastKnownFileType = sourcecode.swift; path = LoginPopUpView.swift; sourceTree = "<group>"; };
		2447AB722CE378B600399C4D /* OnboardingFeature.swift */ = {isa = PBXFileReference; lastKnownFileType = sourcecode.swift; path = OnboardingFeature.swift; sourceTree = "<group>"; };
		2447AB782CE7329000399C4D /* SignUpView.swift */ = {isa = PBXFileReference; lastKnownFileType = sourcecode.swift; path = SignUpView.swift; sourceTree = "<group>"; };
		2447AB7A2CE732C400399C4D /* TextFieldWithTitle.swift */ = {isa = PBXFileReference; lastKnownFileType = sourcecode.swift; path = TextFieldWithTitle.swift; sourceTree = "<group>"; };
		2447AB7C2CE734ED00399C4D /* SignUpFeature.swift */ = {isa = PBXFileReference; lastKnownFileType = sourcecode.swift; path = SignUpFeature.swift; sourceTree = "<group>"; };
		2447AB7E2CE878AA00399C4D /* LoginPopUpFeature.swift */ = {isa = PBXFileReference; lastKnownFileType = sourcecode.swift; path = LoginPopUpFeature.swift; sourceTree = "<group>"; };
		2447AB802CE87A3A00399C4D /* EmailLoginView.swift */ = {isa = PBXFileReference; lastKnownFileType = sourcecode.swift; path = EmailLoginView.swift; sourceTree = "<group>"; };
		2447AB822CE87A9200399C4D /* EmailLoginFeature.swift */ = {isa = PBXFileReference; lastKnownFileType = sourcecode.swift; path = EmailLoginFeature.swift; sourceTree = "<group>"; };
		2447AB862CE8C25C00399C4D /* SecureTextFieldWithTitle.swift */ = {isa = PBXFileReference; lastKnownFileType = sourcecode.swift; path = SecureTextFieldWithTitle.swift; sourceTree = "<group>"; };
		2447AB882CE8C46B00399C4D /* DMFeature.swift */ = {isa = PBXFileReference; lastKnownFileType = sourcecode.swift; path = DMFeature.swift; sourceTree = "<group>"; };
		2447AB8A2CE9E58700399C4D /* AppFeature.swift */ = {isa = PBXFileReference; lastKnownFileType = sourcecode.swift; path = AppFeature.swift; sourceTree = "<group>"; };
		2459BDAE2D083A470040BC6E /* ImageDetailView.swift */ = {isa = PBXFileReference; lastKnownFileType = sourcecode.swift; path = ImageDetailView.swift; sourceTree = "<group>"; };
		2459BDB02D0AF8B20040BC6E /* ExploreFeature.swift */ = {isa = PBXFileReference; lastKnownFileType = sourcecode.swift; path = ExploreFeature.swift; sourceTree = "<group>"; };
		2459BDB22D0B039A0040BC6E /* Image+.swift */ = {isa = PBXFileReference; lastKnownFileType = sourcecode.swift; path = "Image+.swift"; sourceTree = "<group>"; };
		249FB0BF2CEC643800CA418B /* ImageFileManager.swift */ = {isa = PBXFileReference; lastKnownFileType = sourcecode.swift; path = ImageFileManager.swift; sourceTree = "<group>"; };
		249FB0C42CEC70EA00CA418B /* DMChattingDBModel.swift */ = {isa = PBXFileReference; lastKnownFileType = sourcecode.swift; path = DMChattingDBModel.swift; sourceTree = "<group>"; };
		249FB0C62CEC70F700CA418B /* ChannelChattingDBModel.swift */ = {isa = PBXFileReference; lastKnownFileType = sourcecode.swift; path = ChannelChattingDBModel.swift; sourceTree = "<group>"; };
		249FB0C82CEC711800CA418B /* MemberDBModel.swift */ = {isa = PBXFileReference; lastKnownFileType = sourcecode.swift; path = MemberDBModel.swift; sourceTree = "<group>"; };
		249FB0CB2CEC9F4400CA418B /* ImageRouter.swift */ = {isa = PBXFileReference; lastKnownFileType = sourcecode.swift; path = ImageRouter.swift; sourceTree = "<group>"; };
		249FB0CD2CEC9F5B00CA418B /* ImageClient.swift */ = {isa = PBXFileReference; lastKnownFileType = sourcecode.swift; path = ImageClient.swift; sourceTree = "<group>"; };
		249FB0D12CECA8EE00CA418B /* DBClient.swift */ = {isa = PBXFileReference; lastKnownFileType = sourcecode.swift; path = DBClient.swift; sourceTree = "<group>"; };
		249FB0DA2CECAB3B00CA418B /* Token.swift */ = {isa = PBXFileReference; lastKnownFileType = sourcecode.swift; path = Token.swift; sourceTree = "<group>"; };
		249FB0FB2CECBCDB00CA418B /* BadgeModifier.swift */ = {isa = PBXFileReference; lastKnownFileType = sourcecode.swift; path = BadgeModifier.swift; sourceTree = "<group>"; };
		249FB0FD2CEDA92000CA418B /* ImageCache.swift */ = {isa = PBXFileReference; lastKnownFileType = sourcecode.swift; path = ImageCache.swift; sourceTree = "<group>"; };
		249FB1012CEF5E0600CA418B /* WorkspaceView.swift */ = {isa = PBXFileReference; lastKnownFileType = sourcecode.swift; path = WorkspaceView.swift; sourceTree = "<group>"; };
		249FB1032CEF5E1000CA418B /* ProfileView.swift */ = {isa = PBXFileReference; lastKnownFileType = sourcecode.swift; path = ProfileView.swift; sourceTree = "<group>"; };
		249FB1052CEF5FFD00CA418B /* Member.swift */ = {isa = PBXFileReference; lastKnownFileType = sourcecode.swift; path = Member.swift; sourceTree = "<group>"; };
		249FB1072CEF602300CA418B /* DMsRoom.swift */ = {isa = PBXFileReference; lastKnownFileType = sourcecode.swift; path = DMsRoom.swift; sourceTree = "<group>"; };
		249FB1092CEF619900CA418B /* Date+.swift */ = {isa = PBXFileReference; lastKnownFileType = sourcecode.swift; path = "Date+.swift"; sourceTree = "<group>"; };
		24ABE9192CD4AEDB000E7EC5 /* Gathering.app */ = {isa = PBXFileReference; explicitFileType = wrapper.application; includeInIndex = 0; path = Gathering.app; sourceTree = BUILT_PRODUCTS_DIR; };
		24ABE91C2CD4AEDB000E7EC5 /* GatheringApp.swift */ = {isa = PBXFileReference; lastKnownFileType = sourcecode.swift; path = GatheringApp.swift; sourceTree = "<group>"; };
		24ABE9202CD4AEDD000E7EC5 /* Assets.xcassets */ = {isa = PBXFileReference; lastKnownFileType = folder.assetcatalog; path = Assets.xcassets; sourceTree = "<group>"; };
		24ABE9232CD4AEDD000E7EC5 /* Preview Assets.xcassets */ = {isa = PBXFileReference; lastKnownFileType = folder.assetcatalog; path = "Preview Assets.xcassets"; sourceTree = "<group>"; };
		24ABE93B2CD4B4D9000E7EC5 /* .gitignore */ = {isa = PBXFileReference; lastKnownFileType = text; path = .gitignore; sourceTree = "<group>"; };
		24ABE93E2CD4B5B9000E7EC5 /* Info.plist */ = {isa = PBXFileReference; lastKnownFileType = text.plist.xml; name = Info.plist; path = Gathering/Resource/Info.plist; sourceTree = SOURCE_ROOT; };
		24ABE93F2CD4B6D1000E7EC5 /* APIAuth.swift */ = {isa = PBXFileReference; lastKnownFileType = sourcecode.swift; path = APIAuth.swift; sourceTree = "<group>"; };
		24ABE94A2CD4B8A9000E7EC5 /* .swiftlint.yml */ = {isa = PBXFileReference; lastKnownFileType = text.yaml; path = .swiftlint.yml; sourceTree = "<group>"; };
		24ABE94D2CD8A71D000E7EC5 /* RootView.swift */ = {isa = PBXFileReference; lastKnownFileType = sourcecode.swift; path = RootView.swift; sourceTree = "<group>"; };
		24ABE9512CD8B65E000E7EC5 /* DMView.swift */ = {isa = PBXFileReference; lastKnownFileType = sourcecode.swift; path = DMView.swift; sourceTree = "<group>"; };
		24ABE9532CD8B711000E7EC5 /* Font+.swift */ = {isa = PBXFileReference; lastKnownFileType = sourcecode.swift; path = "Font+.swift"; sourceTree = "<group>"; };
		24ABE9592CDB86F3000E7EC5 /* Color+.swift */ = {isa = PBXFileReference; lastKnownFileType = sourcecode.swift; path = "Color+.swift"; sourceTree = "<group>"; };
		24ABE95B2CDB8701000E7EC5 /* Design.swift */ = {isa = PBXFileReference; lastKnownFileType = sourcecode.swift; path = Design.swift; sourceTree = "<group>"; };
		24ABE95E2CDB93B5000E7EC5 /* RoundButtonModifier.swift */ = {isa = PBXFileReference; lastKnownFileType = sourcecode.swift; path = RoundButtonModifier.swift; sourceTree = "<group>"; };
		24ABE9612CDB99B1000E7EC5 /* RoundedBorderButton.swift */ = {isa = PBXFileReference; lastKnownFileType = sourcecode.swift; path = RoundedBorderButton.swift; sourceTree = "<group>"; };
		24ABE9632CDB99C8000E7EC5 /* ContinueEmailButton.swift */ = {isa = PBXFileReference; lastKnownFileType = sourcecode.swift; path = ContinueEmailButton.swift; sourceTree = "<group>"; };
		24ABE9652CDB99D0000E7EC5 /* RoundedButton.swift */ = {isa = PBXFileReference; lastKnownFileType = sourcecode.swift; path = RoundedButton.swift; sourceTree = "<group>"; };
		24ABE9692CDB9AB8000E7EC5 /* KakaoLoginButton.swift */ = {isa = PBXFileReference; lastKnownFileType = sourcecode.swift; path = KakaoLoginButton.swift; sourceTree = "<group>"; };
		24ABE96B2CDB9AF9000E7EC5 /* AppleLoginButton.swift */ = {isa = PBXFileReference; lastKnownFileType = sourcecode.swift; path = AppleLoginButton.swift; sourceTree = "<group>"; };
		24ABE96D2CDCE2A3000E7EC5 /* NetworkManager.swift */ = {isa = PBXFileReference; lastKnownFileType = sourcecode.swift; path = NetworkManager.swift; sourceTree = "<group>"; };
		24ABE96F2CDCEDB2000E7EC5 /* UserDefaultsManager.swift */ = {isa = PBXFileReference; lastKnownFileType = sourcecode.swift; path = UserDefaultsManager.swift; sourceTree = "<group>"; };
		24ABE9722CDCEF9D000E7EC5 /* StoreRouter.swift */ = {isa = PBXFileReference; lastKnownFileType = sourcecode.swift; path = StoreRouter.swift; sourceTree = "<group>"; };
		24ABE9782CDCF02A000E7EC5 /* PayValidationResponse.swift */ = {isa = PBXFileReference; lastKnownFileType = sourcecode.swift; path = PayValidationResponse.swift; sourceTree = "<group>"; };
		24ABE97A2CDCF03D000E7EC5 /* StoreItemResponse.swift */ = {isa = PBXFileReference; lastKnownFileType = sourcecode.swift; path = StoreItemResponse.swift; sourceTree = "<group>"; };
		24ABE97C2CDCF15D000E7EC5 /* PayValidationRequest.swift */ = {isa = PBXFileReference; lastKnownFileType = sourcecode.swift; path = PayValidationRequest.swift; sourceTree = "<group>"; };
		24ABE9812CDE0FE9000E7EC5 /* ChannelRouter.swift */ = {isa = PBXFileReference; lastKnownFileType = sourcecode.swift; path = ChannelRouter.swift; sourceTree = "<group>"; };
		24ABE9852CDE12BE000E7EC5 /* ChannelResponse.swift */ = {isa = PBXFileReference; lastKnownFileType = sourcecode.swift; path = ChannelResponse.swift; sourceTree = "<group>"; };
		24ABE9872CDE172F000E7EC5 /* ChannelRequest.swift */ = {isa = PBXFileReference; lastKnownFileType = sourcecode.swift; path = ChannelRequest.swift; sourceTree = "<group>"; };
		24ABE9892CDF004D000E7EC5 /* ChannelChattingResponse.swift */ = {isa = PBXFileReference; lastKnownFileType = sourcecode.swift; path = ChannelChattingResponse.swift; sourceTree = "<group>"; };
		24ABE98B2CDF005F000E7EC5 /* MemberResponse.swift */ = {isa = PBXFileReference; lastKnownFileType = sourcecode.swift; path = MemberResponse.swift; sourceTree = "<group>"; };
		24ABE98D2CDF02E1000E7EC5 /* ChattingRequest.swift */ = {isa = PBXFileReference; lastKnownFileType = sourcecode.swift; path = ChattingRequest.swift; sourceTree = "<group>"; };
		24ABE98F2CDF0CFB000E7EC5 /* OwnerRequest.swift */ = {isa = PBXFileReference; lastKnownFileType = sourcecode.swift; path = OwnerRequest.swift; sourceTree = "<group>"; };
		24F7BFC22CF301D600040C09 /* MultipartData.swift */ = {isa = PBXFileReference; lastKnownFileType = sourcecode.swift; path = MultipartData.swift; sourceTree = "<group>"; };
		24F7BFC72CFC21AA00040C09 /* GatheringNavigationModifier.swift */ = {isa = PBXFileReference; lastKnownFileType = sourcecode.swift; path = GatheringNavigationModifier.swift; sourceTree = "<group>"; };
		24F7BFC92CFC2C5200040C09 /* UINavigationController+.swift */ = {isa = PBXFileReference; lastKnownFileType = sourcecode.swift; path = "UINavigationController+.swift"; sourceTree = "<group>"; };
		24F7BFCE2CFDDF6E00040C09 /* ChannelDBModel.swift */ = {isa = PBXFileReference; lastKnownFileType = sourcecode.swift; path = ChannelDBModel.swift; sourceTree = "<group>"; };
		24F7BFD02CFDE05000040C09 /* DMRoomDBModel.swift */ = {isa = PBXFileReference; lastKnownFileType = sourcecode.swift; path = DMRoomDBModel.swift; sourceTree = "<group>"; };
		24F7BFDC2D00550900040C09 /* SocketError.swift */ = {isa = PBXFileReference; lastKnownFileType = sourcecode.swift; path = SocketError.swift; sourceTree = "<group>"; };
		24F7BFDE2D00552200040C09 /* SocketIOManager.swift */ = {isa = PBXFileReference; lastKnownFileType = sourcecode.swift; path = SocketIOManager.swift; sourceTree = "<group>"; };
		24F7BFE42D0062FE00040C09 /* SocketClient.swift */ = {isa = PBXFileReference; lastKnownFileType = sourcecode.swift; path = SocketClient.swift; sourceTree = "<group>"; };
		843E7FD62CE30DC30057A426 /* UserRouter.swift */ = {isa = PBXFileReference; lastKnownFileType = sourcecode.swift; path = UserRouter.swift; sourceTree = "<group>"; };
		843E7FD82CE31BA10057A426 /* JoinRequest.swift */ = {isa = PBXFileReference; lastKnownFileType = sourcecode.swift; path = JoinRequest.swift; sourceTree = "<group>"; };
		843E7FDA2CE3283E0057A426 /* JoinLoginResponse.swift */ = {isa = PBXFileReference; lastKnownFileType = sourcecode.swift; path = JoinLoginResponse.swift; sourceTree = "<group>"; };
		843E7FDC2CE337330057A426 /* EmailValidationRequest.swift */ = {isa = PBXFileReference; lastKnownFileType = sourcecode.swift; path = EmailValidationRequest.swift; sourceTree = "<group>"; };
		843E7FDE2CE337420057A426 /* EmailLoginRequest.swift */ = {isa = PBXFileReference; lastKnownFileType = sourcecode.swift; path = EmailLoginRequest.swift; sourceTree = "<group>"; };
		843E7FE02CE337550057A426 /* KakaoLoginRequest.swift */ = {isa = PBXFileReference; lastKnownFileType = sourcecode.swift; path = KakaoLoginRequest.swift; sourceTree = "<group>"; };
		843E7FE22CE3379B0057A426 /* AppleLoginRequest.swift */ = {isa = PBXFileReference; lastKnownFileType = sourcecode.swift; path = AppleLoginRequest.swift; sourceTree = "<group>"; };
		843E7FE42CE337BA0057A426 /* SaveDeviceTokenRequest.swift */ = {isa = PBXFileReference; lastKnownFileType = sourcecode.swift; path = SaveDeviceTokenRequest.swift; sourceTree = "<group>"; };
		843E7FE62CE337E70057A426 /* EditMyProfileRequest.swift */ = {isa = PBXFileReference; lastKnownFileType = sourcecode.swift; path = EditMyProfileRequest.swift; sourceTree = "<group>"; };
		843E7FE82CE337F80057A426 /* EditMyProfileImageRequest.swift */ = {isa = PBXFileReference; lastKnownFileType = sourcecode.swift; path = EditMyProfileImageRequest.swift; sourceTree = "<group>"; };
		843E7FEA2CE3382F0057A426 /* MyProfileResponse.swift */ = {isa = PBXFileReference; lastKnownFileType = sourcecode.swift; path = MyProfileResponse.swift; sourceTree = "<group>"; };
		843E7FEC2CE338420057A426 /* EditMyProfileResponse.swift */ = {isa = PBXFileReference; lastKnownFileType = sourcecode.swift; path = EditMyProfileResponse.swift; sourceTree = "<group>"; };
		847A3F832CD9000F004A9361 /* HomeView.swift */ = {isa = PBXFileReference; lastKnownFileType = sourcecode.swift; path = HomeView.swift; sourceTree = "<group>"; };
		847A3F872CD9C032004A9361 /* LoadedImageView.swift */ = {isa = PBXFileReference; lastKnownFileType = sourcecode.swift; path = LoadedImageView.swift; sourceTree = "<group>"; };
		847A3F8A2CD9EA54004A9361 /* Channel.swift */ = {isa = PBXFileReference; lastKnownFileType = sourcecode.swift; path = Channel.swift; sourceTree = "<group>"; };
		847A3F8F2CDA440F004A9361 /* CustomDisclosureGroup.swift */ = {isa = PBXFileReference; lastKnownFileType = sourcecode.swift; path = CustomDisclosureGroup.swift; sourceTree = "<group>"; };
		847A3F912CDA9FC0004A9361 /* GatheringNavigationStack.swift */ = {isa = PBXFileReference; lastKnownFileType = sourcecode.swift; path = GatheringNavigationStack.swift; sourceTree = "<group>"; };
		847A3F962CDAFB19004A9361 /* TargetType.swift */ = {isa = PBXFileReference; lastKnownFileType = sourcecode.swift; path = TargetType.swift; sourceTree = "<group>"; };
		847A3F9A2CDAFF04004A9361 /* Header.swift */ = {isa = PBXFileReference; lastKnownFileType = sourcecode.swift; path = Header.swift; sourceTree = "<group>"; };
		847A3F9C2CDB0E6B004A9361 /* CreateChannelView.swift */ = {isa = PBXFileReference; lastKnownFileType = sourcecode.swift; path = CreateChannelView.swift; sourceTree = "<group>"; };
		847A3F9E2CDB6AC4004A9361 /* ToolbarModifier.swift */ = {isa = PBXFileReference; lastKnownFileType = sourcecode.swift; path = ToolbarModifier.swift; sourceTree = "<group>"; };
		847A3FA02CDCB96E004A9361 /* SheetHeaderView.swift */ = {isa = PBXFileReference; lastKnownFileType = sourcecode.swift; path = SheetHeaderView.swift; sourceTree = "<group>"; };
		847A3FA22CDE111A004A9361 /* InviteMemberView.swift */ = {isa = PBXFileReference; lastKnownFileType = sourcecode.swift; path = InviteMemberView.swift; sourceTree = "<group>"; };
		847A3FA42CDE1183004A9361 /* ExploreChannelView.swift */ = {isa = PBXFileReference; lastKnownFileType = sourcecode.swift; path = ExploreChannelView.swift; sourceTree = "<group>"; };
		84B8AD162CE3696400011D73 /* UserClient.swift */ = {isa = PBXFileReference; lastKnownFileType = sourcecode.swift; path = UserClient.swift; sourceTree = "<group>"; };
		84B8AD192CE3815D00011D73 /* AuthRouter.swift */ = {isa = PBXFileReference; lastKnownFileType = sourcecode.swift; path = AuthRouter.swift; sourceTree = "<group>"; };
		84B8AD1B2CE3859400011D73 /* AuthClient.swift */ = {isa = PBXFileReference; lastKnownFileType = sourcecode.swift; path = AuthClient.swift; sourceTree = "<group>"; };
		84B8AD202CE3D55000011D73 /* HomeFeature.swift */ = {isa = PBXFileReference; lastKnownFileType = sourcecode.swift; path = HomeFeature.swift; sourceTree = "<group>"; };
		84B8AD222CE46A8E00011D73 /* CustomAlert.swift */ = {isa = PBXFileReference; lastKnownFileType = sourcecode.swift; path = CustomAlert.swift; sourceTree = "<group>"; };
		84B8AD2C2CE6788400011D73 /* CreateChannelFeature.swift */ = {isa = PBXFileReference; lastKnownFileType = sourcecode.swift; path = CreateChannelFeature.swift; sourceTree = "<group>"; };
		84B8AD2E2CE6795100011D73 /* ExploreChannelFeature.swift */ = {isa = PBXFileReference; lastKnownFileType = sourcecode.swift; path = ExploreChannelFeature.swift; sourceTree = "<group>"; };
		84B8AD302CE6797C00011D73 /* InviteMemberFeature.swift */ = {isa = PBXFileReference; lastKnownFileType = sourcecode.swift; path = InviteMemberFeature.swift; sourceTree = "<group>"; };
		84E8A8122CEDA53600589171 /* APIKey.xcconfig */ = {isa = PBXFileReference; lastKnownFileType = text.xcconfig; path = APIKey.xcconfig; sourceTree = "<group>"; };
		84E8A8142CEE01B000589171 /* ExploreView.swift */ = {isa = PBXFileReference; lastKnownFileType = sourcecode.swift; path = ExploreView.swift; sourceTree = "<group>"; };
		84E8A8172CEF0D8100589171 /* ChannelChattingFeature.swift */ = {isa = PBXFileReference; lastKnownFileType = sourcecode.swift; path = ChannelChattingFeature.swift; sourceTree = "<group>"; };
		84E8A81A2CEF171C00589171 /* DMChattingFeature.swift */ = {isa = PBXFileReference; lastKnownFileType = sourcecode.swift; path = DMChattingFeature.swift; sourceTree = "<group>"; };
		84E8A81C2CEF1B1300589171 /* DMChattingView.swift */ = {isa = PBXFileReference; lastKnownFileType = sourcecode.swift; path = DMChattingView.swift; sourceTree = "<group>"; };
		84E8A81E2CEF1B3E00589171 /* ChannelChattingView.swift */ = {isa = PBXFileReference; lastKnownFileType = sourcecode.swift; path = ChannelChattingView.swift; sourceTree = "<group>"; };
		84E8A8222CEF241C00589171 /* ChannelSettingFeature.swift */ = {isa = PBXFileReference; lastKnownFileType = sourcecode.swift; path = ChannelSettingFeature.swift; sourceTree = "<group>"; };
		84E8A8252CF09AAA00589171 /* ProfileFeature.swift */ = {isa = PBXFileReference; lastKnownFileType = sourcecode.swift; path = ProfileFeature.swift; sourceTree = "<group>"; };
		84E8A8272CF5ED1400589171 /* RootFeature.swift */ = {isa = PBXFileReference; lastKnownFileType = sourcecode.swift; path = RootFeature.swift; sourceTree = "<group>"; };
		A0404A3C2CF5BEF700B46EF1 /* ButtonWrappedModifier.swift */ = {isa = PBXFileReference; lastKnownFileType = sourcecode.swift; path = ButtonWrappedModifier.swift; sourceTree = "<group>"; };
		A0C7CFA92D04C8AF00A7DA7A /* CustomizableImageView.swift */ = {isa = PBXFileReference; lastKnownFileType = sourcecode.swift; path = CustomizableImageView.swift; sourceTree = "<group>"; };
		A0CA54D12CF27E4700E9A284 /* View+.swift */ = {isa = PBXFileReference; lastKnownFileType = sourcecode.swift; path = "View+.swift"; sourceTree = "<group>"; };
		A0DBC1022CEE4CC0008E4665 /* ChannelSettingView.swift */ = {isa = PBXFileReference; lastKnownFileType = sourcecode.swift; path = ChannelSettingView.swift; sourceTree = "<group>"; };
		A0E444C42CDD0A5C0024AE71 /* ChattingPresentModel.swift */ = {isa = PBXFileReference; lastKnownFileType = sourcecode.swift; path = ChattingPresentModel.swift; sourceTree = "<group>"; };
		A0E444C92CDDF4520024AE71 /* ChattingPhotoPicker.swift */ = {isa = PBXFileReference; lastKnownFileType = sourcecode.swift; path = ChattingPhotoPicker.swift; sourceTree = "<group>"; };
		A0E444CB2CDE010D0024AE71 /* ChattingImageView.swift */ = {isa = PBXFileReference; lastKnownFileType = sourcecode.swift; path = ChattingImageView.swift; sourceTree = "<group>"; };
		A0E444D02CE29A850024AE71 /* WorkSpaceRouter.swift */ = {isa = PBXFileReference; lastKnownFileType = sourcecode.swift; path = WorkSpaceRouter.swift; sourceTree = "<group>"; };
		A0E444D82CE2A90C0024AE71 /* WorkspaceCreateRequest.swift */ = {isa = PBXFileReference; lastKnownFileType = sourcecode.swift; path = WorkspaceCreateRequest.swift; sourceTree = "<group>"; };
		A0E444DA2CE2AC130024AE71 /* WorkspaceEditRequest.swift */ = {isa = PBXFileReference; lastKnownFileType = sourcecode.swift; path = WorkspaceEditRequest.swift; sourceTree = "<group>"; };
		A0E444DC2CE2AD690024AE71 /* InviteMemberRequest.swift */ = {isa = PBXFileReference; lastKnownFileType = sourcecode.swift; path = InviteMemberRequest.swift; sourceTree = "<group>"; };
		A0E444DE2CE2B1ED0024AE71 /* WorkspaceResponse.swift */ = {isa = PBXFileReference; lastKnownFileType = sourcecode.swift; path = WorkspaceResponse.swift; sourceTree = "<group>"; };
		A0E444E02CE2B37D0024AE71 /* WorkspaceInfoResponse.swift */ = {isa = PBXFileReference; lastKnownFileType = sourcecode.swift; path = WorkspaceInfoResponse.swift; sourceTree = "<group>"; };
		A0E444E22CE2C0F20024AE71 /* DmsRouter.swift */ = {isa = PBXFileReference; lastKnownFileType = sourcecode.swift; path = DmsRouter.swift; sourceTree = "<group>"; };
		A0E444E62CE2C3800024AE71 /* DMRequest.swift */ = {isa = PBXFileReference; lastKnownFileType = sourcecode.swift; path = DMRequest.swift; sourceTree = "<group>"; };
		A0E444E82CE2C3D80024AE71 /* DMOpponentRequest.swift */ = {isa = PBXFileReference; lastKnownFileType = sourcecode.swift; path = DMOpponentRequest.swift; sourceTree = "<group>"; };
		A0E444EA2CE2C7E20024AE71 /* DMsResponse.swift */ = {isa = PBXFileReference; lastKnownFileType = sourcecode.swift; path = DMsResponse.swift; sourceTree = "<group>"; };
		A0E444EC2CE2C9C70024AE71 /* UnreadDMsResponse.swift */ = {isa = PBXFileReference; lastKnownFileType = sourcecode.swift; path = UnreadDMsResponse.swift; sourceTree = "<group>"; };
		A0E444EE2CE2CA8C0024AE71 /* DMsRoomResponse.swift */ = {isa = PBXFileReference; lastKnownFileType = sourcecode.swift; path = DMsRoomResponse.swift; sourceTree = "<group>"; };
		A0E444F02CE326170024AE71 /* WorkspaceClient.swift */ = {isa = PBXFileReference; lastKnownFileType = sourcecode.swift; path = WorkspaceClient.swift; sourceTree = "<group>"; };
		A0E444F22CE336F30024AE71 /* DMsClient.swift */ = {isa = PBXFileReference; lastKnownFileType = sourcecode.swift; path = DMsClient.swift; sourceTree = "<group>"; };
		A0EEC1972CDA46B700D81239 /* ChattingView.swift */ = {isa = PBXFileReference; lastKnownFileType = sourcecode.swift; path = ChattingView.swift; sourceTree = "<group>"; };
/* End PBXFileReference section */

/* Begin PBXFrameworksBuildPhase section */
		24ABE9162CD4AEDB000E7EC5 /* Frameworks */ = {
			isa = PBXFrameworksBuildPhase;
			buildActionMask = 2147483647;
			files = (
				24ABE9352CD4AF81000E7EC5 /* RealmSwift in Frameworks */,
				24ABE9322CD4AF3D000E7EC5 /* Kingfisher in Frameworks */,
				24ABE92C2CD4AEF2000E7EC5 /* ComposableArchitecture in Frameworks */,
				24F7BFDA2D00532100040C09 /* SocketIO in Frameworks */,
				24ABE92F2CD4AF24000E7EC5 /* Alamofire in Frameworks */,
			);
			runOnlyForDeploymentPostprocessing = 0;
		};
/* End PBXFrameworksBuildPhase section */

/* Begin PBXGroup section */
		2447AB542CE1D0D400399C4D /* Client */ = {
			isa = PBXGroup;
			children = (
				249FB0CD2CEC9F5B00CA418B /* ImageClient.swift */,
				84B8AD1B2CE3859400011D73 /* AuthClient.swift */,
				84B8AD162CE3696400011D73 /* UserClient.swift */,
				A0E444F02CE326170024AE71 /* WorkspaceClient.swift */,
				2447AB592CE2200100399C4D /* ChannelClient.swift */,
				A0E444F22CE336F30024AE71 /* DMsClient.swift */,
				2447AB552CE1D0EC00399C4D /* StoreClient.swift */,
			);
			path = Client;
			sourceTree = "<group>";
		};
		2447AB622CE3278E00399C4D /* Toast */ = {
			isa = PBXGroup;
			children = (
				2447AB672CE329BB00399C4D /* Toast.swift */,
				2447AB632CE327C800399C4D /* ToastView.swift */,
				2447AB692CE32B6800399C4D /* ToastModifier.swift */,
				2447AB652CE329AB00399C4D /* ToastWindowManager.swift */,
			);
			path = Toast;
			sourceTree = "<group>";
		};
		2447AB6B2CE32EC900399C4D /* Util */ = {
			isa = PBXGroup;
			children = (
				24F7BFC92CFC2C5200040C09 /* UINavigationController+.swift */,
				2447AB6C2CE32ED300399C4D /* Notification+.swift */,
				249FB0FD2CEDA92000CA418B /* ImageCache.swift */,
				249FB1092CEF619900CA418B /* Date+.swift */,
				A0CA54D12CF27E4700E9A284 /* View+.swift */,
			);
			path = Util;
			sourceTree = "<group>";
		};
		249FB0C12CEC65FF00CA418B /* Database */ = {
			isa = PBXGroup;
			children = (
				249FB0D12CECA8EE00CA418B /* DBClient.swift */,
				249FB0C32CEC70E000CA418B /* Model */,
			);
			path = Database;
			sourceTree = "<group>";
		};
		249FB0C22CEC660F00CA418B /* LocalStorage */ = {
			isa = PBXGroup;
			children = (
				24ABE96F2CDCEDB2000E7EC5 /* UserDefaultsManager.swift */,
				249FB0BF2CEC643800CA418B /* ImageFileManager.swift */,
			);
			path = LocalStorage;
			sourceTree = "<group>";
		};
		249FB0C32CEC70E000CA418B /* Model */ = {
			isa = PBXGroup;
			children = (
				24F7BFD22CFDE2A400040C09 /* Channel */,
				24F7BFD32CFDE2AC00040C09 /* DM */,
				249FB0C82CEC711800CA418B /* MemberDBModel.swift */,
			);
			path = Model;
			sourceTree = "<group>";
		};
		249FB0CF2CECA80C00CA418B /* Source */ = {
			isa = PBXGroup;
			children = (
				249FB0F42CECB27E00CA418B /* Global */,
				249FB0F52CECB34300CA418B /* App */,
				249FB0E72CECAE8000CA418B /* Screen */,
				847A3F952CDAFAFF004A9361 /* Network */,
				249FB0C12CEC65FF00CA418B /* Database */,
				249FB0C22CEC660F00CA418B /* LocalStorage */,
				249FB0F92CECB62D00CA418B /* PresentModel */,
			);
			path = Source;
			sourceTree = "<group>";
		};
		249FB0D02CECA81400CA418B /* Resource */ = {
			isa = PBXGroup;
			children = (
				24ABE93E2CD4B5B9000E7EC5 /* Info.plist */,
				84E8A8122CEDA53600589171 /* APIKey.xcconfig */,
				2447AB522CE1C4C100399C4D /* LaunchScreen.storyboard */,
				24ABE9202CD4AEDD000E7EC5 /* Assets.xcassets */,
				24ABE9552CD8BC3A000E7EC5 /* Design */,
				24ABE9222CD4AEDD000E7EC5 /* Preview Content */,
			);
			path = Resource;
			sourceTree = "<group>";
		};
		249FB0D32CECA94B00CA418B /* RequestModel */ = {
			isa = PBXGroup;
			children = (
				24F7BFC22CF301D600040C09 /* MultipartData.swift */,
				249FB0D92CECAB1000CA418B /* User */,
				249FB0DD2CECAB6C00CA418B /* Workspace */,
				249FB0DF2CECABA300CA418B /* Channel */,
				249FB0E12CECABE300CA418B /* DMs */,
				249FB0E32CECAC6F00CA418B /* Store */,
			);
			path = RequestModel;
			sourceTree = "<group>";
		};
		249FB0D42CECA98500CA418B /* ResponseModel */ = {
			isa = PBXGroup;
			children = (
				249FB0DC2CECAB5800CA418B /* Auth */,
				249FB0D62CECA9B200CA418B /* User */,
				249FB0DE2CECAB7500CA418B /* Workspace */,
				249FB0E02CECABAB00CA418B /* Channel */,
				249FB0E22CECABF000CA418B /* DMs */,
				249FB0E42CECAC7700CA418B /* Store */,
			);
			path = ResponseModel;
			sourceTree = "<group>";
		};
		249FB0D62CECA9B200CA418B /* User */ = {
			isa = PBXGroup;
			children = (
				843E7FDA2CE3283E0057A426 /* JoinLoginResponse.swift */,
				843E7FEA2CE3382F0057A426 /* MyProfileResponse.swift */,
				843E7FEC2CE338420057A426 /* EditMyProfileResponse.swift */,
			);
			path = User;
			sourceTree = "<group>";
		};
		249FB0D92CECAB1000CA418B /* User */ = {
			isa = PBXGroup;
			children = (
				843E7FD82CE31BA10057A426 /* JoinRequest.swift */,
				843E7FDC2CE337330057A426 /* EmailValidationRequest.swift */,
				843E7FDE2CE337420057A426 /* EmailLoginRequest.swift */,
				843E7FE02CE337550057A426 /* KakaoLoginRequest.swift */,
				843E7FE22CE3379B0057A426 /* AppleLoginRequest.swift */,
				843E7FE42CE337BA0057A426 /* SaveDeviceTokenRequest.swift */,
				843E7FE62CE337E70057A426 /* EditMyProfileRequest.swift */,
				843E7FE82CE337F80057A426 /* EditMyProfileImageRequest.swift */,
			);
			path = User;
			sourceTree = "<group>";
		};
		249FB0DC2CECAB5800CA418B /* Auth */ = {
			isa = PBXGroup;
			children = (
				249FB0DA2CECAB3B00CA418B /* Token.swift */,
			);
			path = Auth;
			sourceTree = "<group>";
		};
		249FB0DD2CECAB6C00CA418B /* Workspace */ = {
			isa = PBXGroup;
			children = (
				A0E444D82CE2A90C0024AE71 /* WorkspaceCreateRequest.swift */,
				A0E444DA2CE2AC130024AE71 /* WorkspaceEditRequest.swift */,
				A0E444DC2CE2AD690024AE71 /* InviteMemberRequest.swift */,
			);
			path = Workspace;
			sourceTree = "<group>";
		};
		249FB0DE2CECAB7500CA418B /* Workspace */ = {
			isa = PBXGroup;
			children = (
				A0E444DE2CE2B1ED0024AE71 /* WorkspaceResponse.swift */,
				A0E444E02CE2B37D0024AE71 /* WorkspaceInfoResponse.swift */,
			);
			path = Workspace;
			sourceTree = "<group>";
		};
		249FB0DF2CECABA300CA418B /* Channel */ = {
			isa = PBXGroup;
			children = (
				24ABE9872CDE172F000E7EC5 /* ChannelRequest.swift */,
				24ABE98D2CDF02E1000E7EC5 /* ChattingRequest.swift */,
				24ABE98F2CDF0CFB000E7EC5 /* OwnerRequest.swift */,
			);
			path = Channel;
			sourceTree = "<group>";
		};
		249FB0E02CECABAB00CA418B /* Channel */ = {
			isa = PBXGroup;
			children = (
				24ABE9852CDE12BE000E7EC5 /* ChannelResponse.swift */,
				24ABE98B2CDF005F000E7EC5 /* MemberResponse.swift */,
				24ABE9892CDF004D000E7EC5 /* ChannelChattingResponse.swift */,
				2447AB5D2CE2371C00399C4D /* UnreadCountResponse.swift */,
			);
			path = Channel;
			sourceTree = "<group>";
		};
		249FB0E12CECABE300CA418B /* DMs */ = {
			isa = PBXGroup;
			children = (
				A0E444E62CE2C3800024AE71 /* DMRequest.swift */,
				A0E444E82CE2C3D80024AE71 /* DMOpponentRequest.swift */,
			);
			path = DMs;
			sourceTree = "<group>";
		};
		249FB0E22CECABF000CA418B /* DMs */ = {
			isa = PBXGroup;
			children = (
				A0E444EE2CE2CA8C0024AE71 /* DMsRoomResponse.swift */,
				A0E444EA2CE2C7E20024AE71 /* DMsResponse.swift */,
				A0E444EC2CE2C9C70024AE71 /* UnreadDMsResponse.swift */,
			);
			path = DMs;
			sourceTree = "<group>";
		};
		249FB0E32CECAC6F00CA418B /* Store */ = {
			isa = PBXGroup;
			children = (
				24ABE97C2CDCF15D000E7EC5 /* PayValidationRequest.swift */,
			);
			path = Store;
			sourceTree = "<group>";
		};
		249FB0E42CECAC7700CA418B /* Store */ = {
			isa = PBXGroup;
			children = (
				24ABE9782CDCF02A000E7EC5 /* PayValidationResponse.swift */,
				24ABE97A2CDCF03D000E7EC5 /* StoreItemResponse.swift */,
			);
			path = Store;
			sourceTree = "<group>";
		};
		249FB0E52CECAD0A00CA418B /* Error */ = {
			isa = PBXGroup;
			children = (
				2447AB5B2CE22D1300399C4D /* APIError.swift */,
				2447AB572CE1E16200399C4D /* ErrorResponse.swift */,
			);
			path = Error;
			sourceTree = "<group>";
		};
		249FB0E72CECAE8000CA418B /* Screen */ = {
			isa = PBXGroup;
			children = (
				24ABE94D2CD8A71D000E7EC5 /* RootView.swift */,
				84E8A8272CF5ED1400589171 /* RootFeature.swift */,
				249FB0FA2CECB76D00CA418B /* Home */,
				249FB0EF2CECB0DC00CA418B /* Auth */,
				249FB0F02CECB0EB00CA418B /* Workspace */,
				249FB0F12CECB11900CA418B /* Channel */,
				249FB0F22CECB12000CA418B /* DM */,
				249FB0F32CECB12400CA418B /* Profile */,
				249FB0F82CECB5E700CA418B /* Chatting */,
				84E8A8132CEE019600589171 /* Explore */,
			);
			path = Screen;
			sourceTree = "<group>";
		};
		249FB0EB2CECAFCD00CA418B /* Onboarding */ = {
			isa = PBXGroup;
			children = (
				2447AB6E2CE3326D00399C4D /* OnboardingView.swift */,
				2447AB722CE378B600399C4D /* OnboardingFeature.swift */,
			);
			path = Onboarding;
			sourceTree = "<group>";
		};
		249FB0EC2CECAFEF00CA418B /* LoginPopUp */ = {
			isa = PBXGroup;
			children = (
				2447AB702CE3789600399C4D /* LoginPopUpView.swift */,
				2447AB7E2CE878AA00399C4D /* LoginPopUpFeature.swift */,
			);
			path = LoginPopUp;
			sourceTree = "<group>";
		};
		249FB0ED2CECAFFD00CA418B /* EmailLogin */ = {
			isa = PBXGroup;
			children = (
				2447AB802CE87A3A00399C4D /* EmailLoginView.swift */,
				2447AB822CE87A9200399C4D /* EmailLoginFeature.swift */,
			);
			path = EmailLogin;
			sourceTree = "<group>";
		};
		249FB0EE2CECB01700CA418B /* SignUp */ = {
			isa = PBXGroup;
			children = (
				2447AB782CE7329000399C4D /* SignUpView.swift */,
				2447AB7C2CE734ED00399C4D /* SignUpFeature.swift */,
			);
			path = SignUp;
			sourceTree = "<group>";
		};
		249FB0EF2CECB0DC00CA418B /* Auth */ = {
			isa = PBXGroup;
			children = (
				249FB0EB2CECAFCD00CA418B /* Onboarding */,
				249FB0EC2CECAFEF00CA418B /* LoginPopUp */,
				249FB0ED2CECAFFD00CA418B /* EmailLogin */,
				249FB0EE2CECB01700CA418B /* SignUp */,
			);
			path = Auth;
			sourceTree = "<group>";
		};
		249FB0F02CECB0EB00CA418B /* Workspace */ = {
			isa = PBXGroup;
			children = (
				249FB1012CEF5E0600CA418B /* WorkspaceView.swift */,
			);
			path = Workspace;
			sourceTree = "<group>";
		};
		249FB0F12CECB11900CA418B /* Channel */ = {
			isa = PBXGroup;
			children = (
				84E8A8162CEF0C3600589171 /* ChannelChatting */,
				84E8A8242CEF241F00589171 /* ChannelSetting */,
				84B8AD292CE6785800011D73 /* CreateChannel */,
				84B8AD2A2CE6786100011D73 /* ExploreChannel */,
				84B8AD2B2CE6787000011D73 /* InviteMember */,
			);
			path = Channel;
			sourceTree = "<group>";
		};
		249FB0F22CECB12000CA418B /* DM */ = {
			isa = PBXGroup;
			children = (
				24ABE9512CD8B65E000E7EC5 /* DMView.swift */,
				2447AB882CE8C46B00399C4D /* DMFeature.swift */,
				84E8A8192CEF162300589171 /* DMChatting */,
			);
			path = DM;
			sourceTree = "<group>";
		};
		249FB0F32CECB12400CA418B /* Profile */ = {
			isa = PBXGroup;
			children = (
				249FB1032CEF5E1000CA418B /* ProfileView.swift */,
				84E8A8252CF09AAA00589171 /* ProfileFeature.swift */,
			);
			path = Profile;
			sourceTree = "<group>";
		};
		249FB0F42CECB27E00CA418B /* Global */ = {
			isa = PBXGroup;
			children = (
				24ABE9582CDA167C000E7EC5 /* Component */,
				24ABE95D2CDB931B000E7EC5 /* Modifier */,
				2447AB622CE3278E00399C4D /* Toast */,
				2447AB6B2CE32EC900399C4D /* Util */,
			);
			path = Global;
			sourceTree = "<group>";
		};
		249FB0F52CECB34300CA418B /* App */ = {
			isa = PBXGroup;
			children = (
				24ABE91C2CD4AEDB000E7EC5 /* GatheringApp.swift */,
				2447AB8A2CE9E58700399C4D /* AppFeature.swift */,
			);
			path = App;
			sourceTree = "<group>";
		};
		249FB0F62CECB44C00CA418B /* ImageView */ = {
			isa = PBXGroup;
			children = (
				847A3F872CD9C032004A9361 /* LoadedImageView.swift */,
				A0E444CB2CDE010D0024AE71 /* ChattingImageView.swift */,
				A0C7CFA92D04C8AF00A7DA7A /* CustomizableImageView.swift */,
			);
			path = ImageView;
			sourceTree = "<group>";
		};
		249FB0F72CECB45A00CA418B /* TextField */ = {
			isa = PBXGroup;
			children = (
				2447AB7A2CE732C400399C4D /* TextFieldWithTitle.swift */,
				2447AB862CE8C25C00399C4D /* SecureTextFieldWithTitle.swift */,
			);
			path = TextField;
			sourceTree = "<group>";
		};
		249FB0F82CECB5E700CA418B /* Chatting */ = {
			isa = PBXGroup;
			children = (
				A0EEC1972CDA46B700D81239 /* ChattingView.swift */,
				A0E444C92CDDF4520024AE71 /* ChattingPhotoPicker.swift */,
			);
			path = Chatting;
			sourceTree = "<group>";
		};
		249FB0F92CECB62D00CA418B /* PresentModel */ = {
			isa = PBXGroup;
			children = (
				A0E444C42CDD0A5C0024AE71 /* ChattingPresentModel.swift */,
				847A3F8A2CD9EA54004A9361 /* Channel.swift */,
				249FB1052CEF5FFD00CA418B /* Member.swift */,
				249FB1072CEF602300CA418B /* DMsRoom.swift */,
			);
			path = PresentModel;
			sourceTree = "<group>";
		};
		249FB0FA2CECB76D00CA418B /* Home */ = {
			isa = PBXGroup;
			children = (
				847A3F832CD9000F004A9361 /* HomeView.swift */,
				84B8AD202CE3D55000011D73 /* HomeFeature.swift */,
			);
			path = Home;
			sourceTree = "<group>";
		};
		24ABE9102CD4AEDB000E7EC5 = {
			isa = PBXGroup;
			children = (
				24ABE94A2CD4B8A9000E7EC5 /* .swiftlint.yml */,
				24ABE93B2CD4B4D9000E7EC5 /* .gitignore */,
				24ABE91B2CD4AEDB000E7EC5 /* Gathering */,
				24ABE91A2CD4AEDB000E7EC5 /* Products */,
			);
			sourceTree = "<group>";
		};
		24ABE91A2CD4AEDB000E7EC5 /* Products */ = {
			isa = PBXGroup;
			children = (
				24ABE9192CD4AEDB000E7EC5 /* Gathering.app */,
			);
			name = Products;
			sourceTree = "<group>";
		};
		24ABE91B2CD4AEDB000E7EC5 /* Gathering */ = {
			isa = PBXGroup;
			children = (
				249FB0CF2CECA80C00CA418B /* Source */,
				249FB0D02CECA81400CA418B /* Resource */,
			);
			path = Gathering;
			sourceTree = "<group>";
		};
		24ABE9222CD4AEDD000E7EC5 /* Preview Content */ = {
			isa = PBXGroup;
			children = (
				24ABE9232CD4AEDD000E7EC5 /* Preview Assets.xcassets */,
			);
			path = "Preview Content";
			sourceTree = "<group>";
		};
		24ABE9552CD8BC3A000E7EC5 /* Design */ = {
			isa = PBXGroup;
			children = (
				24ABE95B2CDB8701000E7EC5 /* Design.swift */,
				24ABE9532CD8B711000E7EC5 /* Font+.swift */,
				24ABE9592CDB86F3000E7EC5 /* Color+.swift */,
				2459BDB22D0B039A0040BC6E /* Image+.swift */,
			);
			path = Design;
			sourceTree = "<group>";
		};
		24ABE9582CDA167C000E7EC5 /* Component */ = {
			isa = PBXGroup;
			children = (
				24ABE9602CDB99A8000E7EC5 /* Button */,
				249FB0F62CECB44C00CA418B /* ImageView */,
				249FB0F72CECB45A00CA418B /* TextField */,
				847A3F912CDA9FC0004A9361 /* GatheringNavigationStack.swift */,
				847A3FA02CDCB96E004A9361 /* SheetHeaderView.swift */,
				84B8AD222CE46A8E00011D73 /* CustomAlert.swift */,
				847A3F8F2CDA440F004A9361 /* CustomDisclosureGroup.swift */,
				2459BDAE2D083A470040BC6E /* ImageDetailView.swift */,
			);
			path = Component;
			sourceTree = "<group>";
		};
		24ABE95D2CDB931B000E7EC5 /* Modifier */ = {
			isa = PBXGroup;
			children = (
				24F7BFC72CFC21AA00040C09 /* GatheringNavigationModifier.swift */,
				24ABE95E2CDB93B5000E7EC5 /* RoundButtonModifier.swift */,
				249FB0FB2CECBCDB00CA418B /* BadgeModifier.swift */,
				847A3F9E2CDB6AC4004A9361 /* ToolbarModifier.swift */,
				A0404A3C2CF5BEF700B46EF1 /* ButtonWrappedModifier.swift */,
			);
			path = Modifier;
			sourceTree = "<group>";
		};
		24ABE9602CDB99A8000E7EC5 /* Button */ = {
			isa = PBXGroup;
			children = (
				24ABE9652CDB99D0000E7EC5 /* RoundedButton.swift */,
				24ABE9612CDB99B1000E7EC5 /* RoundedBorderButton.swift */,
				24ABE9632CDB99C8000E7EC5 /* ContinueEmailButton.swift */,
				24ABE9692CDB9AB8000E7EC5 /* KakaoLoginButton.swift */,
				24ABE96B2CDB9AF9000E7EC5 /* AppleLoginButton.swift */,
			);
			path = Button;
			sourceTree = "<group>";
		};
		24ABE9742CDCEFB4000E7EC5 /* Router */ = {
			isa = PBXGroup;
			children = (
				249FB0CB2CEC9F4400CA418B /* ImageRouter.swift */,
				84B8AD192CE3815D00011D73 /* AuthRouter.swift */,
				843E7FD62CE30DC30057A426 /* UserRouter.swift */,
				A0E444D02CE29A850024AE71 /* WorkSpaceRouter.swift */,
				24ABE9812CDE0FE9000E7EC5 /* ChannelRouter.swift */,
				A0E444E22CE2C0F20024AE71 /* DmsRouter.swift */,
				24ABE9722CDCEF9D000E7EC5 /* StoreRouter.swift */,
			);
			path = Router;
			sourceTree = "<group>";
		};
		24F7BFD22CFDE2A400040C09 /* Channel */ = {
			isa = PBXGroup;
			children = (
				24F7BFCE2CFDDF6E00040C09 /* ChannelDBModel.swift */,
				249FB0C62CEC70F700CA418B /* ChannelChattingDBModel.swift */,
			);
			path = Channel;
			sourceTree = "<group>";
		};
		24F7BFD32CFDE2AC00040C09 /* DM */ = {
			isa = PBXGroup;
			children = (
				24F7BFD02CFDE05000040C09 /* DMRoomDBModel.swift */,
				249FB0C42CEC70EA00CA418B /* DMChattingDBModel.swift */,
			);
			path = DM;
			sourceTree = "<group>";
		};
		24F7BFDB2D0054FE00040C09 /* Socket */ = {
			isa = PBXGroup;
			children = (
				24F7BFDC2D00550900040C09 /* SocketError.swift */,
				24F7BFDE2D00552200040C09 /* SocketIOManager.swift */,
				24F7BFE42D0062FE00040C09 /* SocketClient.swift */,
			);
			path = Socket;
			sourceTree = "<group>";
		};
		847A3F952CDAFAFF004A9361 /* Network */ = {
			isa = PBXGroup;
			children = (
				24ABE93F2CD4B6D1000E7EC5 /* APIAuth.swift */,
				24ABE96D2CDCE2A3000E7EC5 /* NetworkManager.swift */,
				847A3F9A2CDAFF04004A9361 /* Header.swift */,
				847A3F962CDAFB19004A9361 /* TargetType.swift */,
				249FB0E52CECAD0A00CA418B /* Error */,
				249FB0D32CECA94B00CA418B /* RequestModel */,
				249FB0D42CECA98500CA418B /* ResponseModel */,
				24ABE9742CDCEFB4000E7EC5 /* Router */,
				2447AB542CE1D0D400399C4D /* Client */,
				24F7BFDB2D0054FE00040C09 /* Socket */,
			);
			path = Network;
			sourceTree = "<group>";
		};
		84B8AD292CE6785800011D73 /* CreateChannel */ = {
			isa = PBXGroup;
			children = (
				847A3F9C2CDB0E6B004A9361 /* CreateChannelView.swift */,
				84B8AD2C2CE6788400011D73 /* CreateChannelFeature.swift */,
			);
			path = CreateChannel;
			sourceTree = "<group>";
		};
		84B8AD2A2CE6786100011D73 /* ExploreChannel */ = {
			isa = PBXGroup;
			children = (
				847A3FA42CDE1183004A9361 /* ExploreChannelView.swift */,
				84B8AD2E2CE6795100011D73 /* ExploreChannelFeature.swift */,
			);
			path = ExploreChannel;
			sourceTree = "<group>";
		};
		84B8AD2B2CE6787000011D73 /* InviteMember */ = {
			isa = PBXGroup;
			children = (
				847A3FA22CDE111A004A9361 /* InviteMemberView.swift */,
				84B8AD302CE6797C00011D73 /* InviteMemberFeature.swift */,
			);
			path = InviteMember;
			sourceTree = "<group>";
		};
		84E8A8132CEE019600589171 /* Explore */ = {
			isa = PBXGroup;
			children = (
				84E8A8142CEE01B000589171 /* ExploreView.swift */,
				2459BDB02D0AF8B20040BC6E /* ExploreFeature.swift */,
			);
			path = Explore;
			sourceTree = "<group>";
		};
		84E8A8162CEF0C3600589171 /* ChannelChatting */ = {
			isa = PBXGroup;
			children = (
				84E8A81E2CEF1B3E00589171 /* ChannelChattingView.swift */,
				84E8A8172CEF0D8100589171 /* ChannelChattingFeature.swift */,
			);
			path = ChannelChatting;
			sourceTree = "<group>";
		};
		84E8A8192CEF162300589171 /* DMChatting */ = {
			isa = PBXGroup;
			children = (
				84E8A81C2CEF1B1300589171 /* DMChattingView.swift */,
				84E8A81A2CEF171C00589171 /* DMChattingFeature.swift */,
			);
			path = DMChatting;
			sourceTree = "<group>";
		};
		84E8A8242CEF241F00589171 /* ChannelSetting */ = {
			isa = PBXGroup;
			children = (
				A0DBC1022CEE4CC0008E4665 /* ChannelSettingView.swift */,
				84E8A8222CEF241C00589171 /* ChannelSettingFeature.swift */,
			);
			path = ChannelSetting;
			sourceTree = "<group>";
		};
/* End PBXGroup section */

/* Begin PBXNativeTarget section */
		24ABE9182CD4AEDB000E7EC5 /* Gathering */ = {
			isa = PBXNativeTarget;
			buildConfigurationList = 24ABE9272CD4AEDD000E7EC5 /* Build configuration list for PBXNativeTarget "Gathering" */;
			buildPhases = (
				24ABE9152CD4AEDB000E7EC5 /* Sources */,
				24ABE9162CD4AEDB000E7EC5 /* Frameworks */,
				24ABE9172CD4AEDB000E7EC5 /* Resources */,
				24ABE93A2CD4B0B4000E7EC5 /* Embed Frameworks */,
			);
			buildRules = (
			);
			dependencies = (
				24ABE9382CD4B04D000E7EC5 /* PBXTargetDependency */,
			);
			name = Gathering;
			packageProductDependencies = (
				24ABE92B2CD4AEF2000E7EC5 /* ComposableArchitecture */,
				24ABE92E2CD4AF24000E7EC5 /* Alamofire */,
				24ABE9312CD4AF3D000E7EC5 /* Kingfisher */,
				24ABE9342CD4AF81000E7EC5 /* RealmSwift */,
				24F7BFD92D00532100040C09 /* SocketIO */,
			);
			productName = Gathering;
			productReference = 24ABE9192CD4AEDB000E7EC5 /* Gathering.app */;
			productType = "com.apple.product-type.application";
		};
/* End PBXNativeTarget section */

/* Begin PBXProject section */
		24ABE9112CD4AEDB000E7EC5 /* Project object */ = {
			isa = PBXProject;
			attributes = {
				BuildIndependentTargetsInParallel = 1;
				LastSwiftUpdateCheck = 1540;
				LastUpgradeCheck = 1540;
				TargetAttributes = {
					24ABE9182CD4AEDB000E7EC5 = {
						CreatedOnToolsVersion = 15.4;
					};
				};
			};
			buildConfigurationList = 24ABE9142CD4AEDB000E7EC5 /* Build configuration list for PBXProject "Gathering" */;
			compatibilityVersion = "Xcode 14.0";
			developmentRegion = en;
			hasScannedForEncodings = 0;
			knownRegions = (
				en,
				Base,
			);
			mainGroup = 24ABE9102CD4AEDB000E7EC5;
			packageReferences = (
				24ABE92A2CD4AEF2000E7EC5 /* XCRemoteSwiftPackageReference "swift-composable-architecture" */,
				24ABE92D2CD4AF24000E7EC5 /* XCRemoteSwiftPackageReference "Alamofire" */,
				24ABE9302CD4AF3D000E7EC5 /* XCRemoteSwiftPackageReference "Kingfisher" */,
				24ABE9332CD4AF81000E7EC5 /* XCRemoteSwiftPackageReference "realm-swift" */,
				24ABE9362CD4B006000E7EC5 /* XCRemoteSwiftPackageReference "SwiftLint" */,
				24F7BFD82D00532100040C09 /* XCRemoteSwiftPackageReference "socket.io-client-swift" */,
			);
			productRefGroup = 24ABE91A2CD4AEDB000E7EC5 /* Products */;
			projectDirPath = "";
			projectRoot = "";
			targets = (
				24ABE9182CD4AEDB000E7EC5 /* Gathering */,
			);
		};
/* End PBXProject section */

/* Begin PBXResourcesBuildPhase section */
		24ABE9172CD4AEDB000E7EC5 /* Resources */ = {
			isa = PBXResourcesBuildPhase;
			buildActionMask = 2147483647;
			files = (
				24ABE94B2CD4B8A9000E7EC5 /* .swiftlint.yml in Resources */,
				24ABE9242CD4AEDD000E7EC5 /* Preview Assets.xcassets in Resources */,
				2447AB532CE1C4C100399C4D /* LaunchScreen.storyboard in Resources */,
				24ABE93C2CD4B4D9000E7EC5 /* .gitignore in Resources */,
				24ABE9212CD4AEDD000E7EC5 /* Assets.xcassets in Resources */,
			);
			runOnlyForDeploymentPostprocessing = 0;
		};
/* End PBXResourcesBuildPhase section */

/* Begin PBXSourcesBuildPhase section */
		24ABE9152CD4AEDB000E7EC5 /* Sources */ = {
			isa = PBXSourcesBuildPhase;
			buildActionMask = 2147483647;
			files = (
				847A3F9B2CDAFF04004A9361 /* Header.swift in Sources */,
				84E8A81B2CEF171C00589171 /* DMChattingFeature.swift in Sources */,
				2447AB8B2CE9E58700399C4D /* AppFeature.swift in Sources */,
				84B8AD212CE3D55000011D73 /* HomeFeature.swift in Sources */,
				A0E444CA2CDDF4520024AE71 /* ChattingPhotoPicker.swift in Sources */,
				843E7FD92CE31BA10057A426 /* JoinRequest.swift in Sources */,
				249FB1082CEF602300CA418B /* DMsRoom.swift in Sources */,
				843E7FE12CE337550057A426 /* KakaoLoginRequest.swift in Sources */,
				24F7BFC82CFC21AA00040C09 /* GatheringNavigationModifier.swift in Sources */,
				84B8AD172CE3696400011D73 /* UserClient.swift in Sources */,
				84B8AD232CE46A8E00011D73 /* CustomAlert.swift in Sources */,
				24F7BFC32CF301D600040C09 /* MultipartData.swift in Sources */,
				A0E444DD2CE2AD690024AE71 /* InviteMemberRequest.swift in Sources */,
				249FB0C02CEC643800CA418B /* ImageFileManager.swift in Sources */,
				A0E444CC2CDE010D0024AE71 /* ChattingImageView.swift in Sources */,
				843E7FE32CE3379B0057A426 /* AppleLoginRequest.swift in Sources */,
				24ABE9402CD4B6D1000E7EC5 /* APIAuth.swift in Sources */,
				84B8AD1A2CE3815D00011D73 /* AuthRouter.swift in Sources */,
				843E7FED2CE338420057A426 /* EditMyProfileResponse.swift in Sources */,
				2447AB832CE87A9200399C4D /* EmailLoginFeature.swift in Sources */,
				2447AB812CE87A3A00399C4D /* EmailLoginView.swift in Sources */,
				2459BDAF2D083A470040BC6E /* ImageDetailView.swift in Sources */,
				24ABE95C2CDB8701000E7EC5 /* Design.swift in Sources */,
				249FB0FE2CEDA92000CA418B /* ImageCache.swift in Sources */,
				249FB0C92CEC711800CA418B /* MemberDBModel.swift in Sources */,
				84E8A8152CEE01B000589171 /* ExploreView.swift in Sources */,
				2447AB562CE1D0EC00399C4D /* StoreClient.swift in Sources */,
				2447AB6A2CE32B6800399C4D /* ToastModifier.swift in Sources */,
				24ABE9702CDCEDB2000E7EC5 /* UserDefaultsManager.swift in Sources */,
				A0E444EB2CE2C7E20024AE71 /* DMsResponse.swift in Sources */,
				249FB0C72CEC70F700CA418B /* ChannelChattingDBModel.swift in Sources */,
				84E8A81D2CEF1B1300589171 /* DMChattingView.swift in Sources */,
				A0E444E12CE2B37D0024AE71 /* WorkspaceInfoResponse.swift in Sources */,
				2447AB892CE8C46B00399C4D /* DMFeature.swift in Sources */,
				2447AB6F2CE3326D00399C4D /* OnboardingView.swift in Sources */,
				A0E444EF2CE2CA8C0024AE71 /* DMsRoomResponse.swift in Sources */,
				843E7FDF2CE337420057A426 /* EmailLoginRequest.swift in Sources */,
				2459BDB32D0B039A0040BC6E /* Image+.swift in Sources */,
				A0E444DB2CE2AC130024AE71 /* WorkspaceEditRequest.swift in Sources */,
				24ABE96C2CDB9AF9000E7EC5 /* AppleLoginButton.swift in Sources */,
				2447AB712CE3789600399C4D /* LoginPopUpView.swift in Sources */,
				A0E444F32CE336F30024AE71 /* DMsClient.swift in Sources */,
				84E8A8282CF5ED1400589171 /* RootFeature.swift in Sources */,
				84E8A8262CF09AAA00589171 /* ProfileFeature.swift in Sources */,
				A0E444F12CE326170024AE71 /* WorkspaceClient.swift in Sources */,
				A0E444DF2CE2B1ED0024AE71 /* WorkspaceResponse.swift in Sources */,
				24ABE97D2CDCF15D000E7EC5 /* PayValidationRequest.swift in Sources */,
				24ABE95F2CDB93B5000E7EC5 /* RoundButtonModifier.swift in Sources */,
				84E8A81F2CEF1B3E00589171 /* ChannelChattingView.swift in Sources */,
				24ABE9822CDE0FE9000E7EC5 /* ChannelRouter.swift in Sources */,
				249FB0D22CECA8EE00CA418B /* DBClient.swift in Sources */,
				24ABE9902CDF0CFB000E7EC5 /* OwnerRequest.swift in Sources */,
				24ABE96A2CDB9AB8000E7EC5 /* KakaoLoginButton.swift in Sources */,
				A0E444E92CE2C3D80024AE71 /* DMOpponentRequest.swift in Sources */,
				847A3FA12CDCB96E004A9361 /* SheetHeaderView.swift in Sources */,
				847A3F8B2CD9EA54004A9361 /* Channel.swift in Sources */,
				24ABE9622CDB99B1000E7EC5 /* RoundedBorderButton.swift in Sources */,
				843E7FE92CE337F80057A426 /* EditMyProfileImageRequest.swift in Sources */,
				24ABE96E2CDCE2A3000E7EC5 /* NetworkManager.swift in Sources */,
				2447AB792CE7329000399C4D /* SignUpView.swift in Sources */,
				A0E444C52CDD0A5C0024AE71 /* ChattingPresentModel.swift in Sources */,
				843E7FDD2CE337330057A426 /* EmailValidationRequest.swift in Sources */,
				24F7BFD12CFDE05000040C09 /* DMRoomDBModel.swift in Sources */,
				2447AB7B2CE732C400399C4D /* TextFieldWithTitle.swift in Sources */,
				2447AB642CE327C800399C4D /* ToastView.swift in Sources */,
				249FB10A2CEF619A00CA418B /* Date+.swift in Sources */,
				2447AB5C2CE22D1300399C4D /* APIError.swift in Sources */,
				249FB0FC2CECBCDB00CA418B /* BadgeModifier.swift in Sources */,
				843E7FDB2CE3283E0057A426 /* JoinLoginResponse.swift in Sources */,
				24ABE95A2CDB86F3000E7EC5 /* Color+.swift in Sources */,
				847A3F9F2CDB6AC4004A9361 /* ToolbarModifier.swift in Sources */,
				24F7BFCA2CFC2C5200040C09 /* UINavigationController+.swift in Sources */,
				847A3F882CD9C032004A9361 /* LoadedImageView.swift in Sources */,
				2447AB7D2CE734ED00399C4D /* SignUpFeature.swift in Sources */,
				24ABE9882CDE172F000E7EC5 /* ChannelRequest.swift in Sources */,
				847A3F842CD9000F004A9361 /* HomeView.swift in Sources */,
				A0E444ED2CE2C9C70024AE71 /* UnreadDMsResponse.swift in Sources */,
				249FB0CE2CEC9F5B00CA418B /* ImageClient.swift in Sources */,
				A0404A3D2CF5BEF700B46EF1 /* ButtonWrappedModifier.swift in Sources */,
				A0DBC1032CEE4CC0008E4665 /* ChannelSettingView.swift in Sources */,
				24ABE9862CDE12BE000E7EC5 /* ChannelResponse.swift in Sources */,
				24ABE9662CDB99D0000E7EC5 /* RoundedButton.swift in Sources */,
				2447AB7F2CE878AA00399C4D /* LoginPopUpFeature.swift in Sources */,
				249FB0CC2CEC9F4400CA418B /* ImageRouter.swift in Sources */,
				24F7BFDF2D00552200040C09 /* SocketIOManager.swift in Sources */,
				847A3F922CDA9FC0004A9361 /* GatheringNavigationStack.swift in Sources */,
				A0E444D92CE2A90C0024AE71 /* WorkspaceCreateRequest.swift in Sources */,
				847A3F902CDA440F004A9361 /* CustomDisclosureGroup.swift in Sources */,
				24ABE9542CD8B711000E7EC5 /* Font+.swift in Sources */,
				24ABE97B2CDCF03D000E7EC5 /* StoreItemResponse.swift in Sources */,
				2447AB732CE378B600399C4D /* OnboardingFeature.swift in Sources */,
				847A3F972CDAFB19004A9361 /* TargetType.swift in Sources */,
				249FB1042CEF5E1000CA418B /* ProfileView.swift in Sources */,
				2447AB662CE329AB00399C4D /* ToastWindowManager.swift in Sources */,
				24ABE9792CDCF02A000E7EC5 /* PayValidationResponse.swift in Sources */,
				84B8AD1C2CE3859400011D73 /* AuthClient.swift in Sources */,
				24ABE9642CDB99C8000E7EC5 /* ContinueEmailButton.swift in Sources */,
				24F7BFDD2D00550900040C09 /* SocketError.swift in Sources */,
				249FB1022CEF5E0600CA418B /* WorkspaceView.swift in Sources */,
				24ABE98A2CDF004D000E7EC5 /* ChannelChattingResponse.swift in Sources */,
				24ABE9522CD8B65E000E7EC5 /* DMView.swift in Sources */,
				843E7FE72CE337E70057A426 /* EditMyProfileRequest.swift in Sources */,
				24ABE9732CDCEF9D000E7EC5 /* StoreRouter.swift in Sources */,
				24F7BFCF2CFDDF6E00040C09 /* ChannelDBModel.swift in Sources */,
				84B8AD2D2CE6788400011D73 /* CreateChannelFeature.swift in Sources */,
				A0CA54D22CF27E4700E9A284 /* View+.swift in Sources */,
				24ABE91D2CD4AEDB000E7EC5 /* GatheringApp.swift in Sources */,
				A0C7CFAA2D04C8AF00A7DA7A /* CustomizableImageView.swift in Sources */,
				84E8A8182CEF0D8100589171 /* ChannelChattingFeature.swift in Sources */,
				2447AB682CE329BB00399C4D /* Toast.swift in Sources */,
				A0EEC1982CDA46B700D81239 /* ChattingView.swift in Sources */,
				84B8AD2F2CE6795100011D73 /* ExploreChannelFeature.swift in Sources */,
				24ABE94E2CD8A71D000E7EC5 /* RootView.swift in Sources */,
				843E7FE52CE337BA0057A426 /* SaveDeviceTokenRequest.swift in Sources */,
				2447AB5A2CE2200100399C4D /* ChannelClient.swift in Sources */,
				A0E444E32CE2C0F20024AE71 /* DmsRouter.swift in Sources */,
				A0E444E72CE2C3800024AE71 /* DMRequest.swift in Sources */,
				843E7FEB2CE3382F0057A426 /* MyProfileResponse.swift in Sources */,
				A0E444D12CE29A850024AE71 /* WorkSpaceRouter.swift in Sources */,
				24F7BFE52D0062FE00040C09 /* SocketClient.swift in Sources */,
				84E8A8232CEF241C00589171 /* ChannelSettingFeature.swift in Sources */,
				24ABE98E2CDF02E1000E7EC5 /* ChattingRequest.swift in Sources */,
				2459BDB12D0AF8B20040BC6E /* ExploreFeature.swift in Sources */,
				24ABE98C2CDF005F000E7EC5 /* MemberResponse.swift in Sources */,
				84B8AD312CE6797C00011D73 /* InviteMemberFeature.swift in Sources */,
				847A3F9D2CDB0E6B004A9361 /* CreateChannelView.swift in Sources */,
				249FB0DB2CECAB3B00CA418B /* Token.swift in Sources */,
				843E7FD72CE30DC30057A426 /* UserRouter.swift in Sources */,
				249FB1062CEF5FFD00CA418B /* Member.swift in Sources */,
				847A3FA52CDE1183004A9361 /* ExploreChannelView.swift in Sources */,
				249FB0C52CEC70EA00CA418B /* DMChattingDBModel.swift in Sources */,
				2447AB6D2CE32ED300399C4D /* Notification+.swift in Sources */,
				847A3FA32CDE111A004A9361 /* InviteMemberView.swift in Sources */,
				2447AB582CE1E16200399C4D /* ErrorResponse.swift in Sources */,
				2447AB5E2CE2371C00399C4D /* UnreadCountResponse.swift in Sources */,
				2447AB872CE8C25C00399C4D /* SecureTextFieldWithTitle.swift in Sources */,
			);
			runOnlyForDeploymentPostprocessing = 0;
		};
/* End PBXSourcesBuildPhase section */

/* Begin PBXTargetDependency section */
		24ABE9382CD4B04D000E7EC5 /* PBXTargetDependency */ = {
			isa = PBXTargetDependency;
			productRef = 24ABE9372CD4B04D000E7EC5 /* SwiftLintBuildToolPlugin */;
		};
/* End PBXTargetDependency section */

/* Begin XCBuildConfiguration section */
		24ABE9252CD4AEDD000E7EC5 /* Debug */ = {
			isa = XCBuildConfiguration;
			buildSettings = {
				ALWAYS_SEARCH_USER_PATHS = NO;
				ASSETCATALOG_COMPILER_GENERATE_SWIFT_ASSET_SYMBOL_EXTENSIONS = YES;
				CLANG_ANALYZER_NONNULL = YES;
				CLANG_ANALYZER_NUMBER_OBJECT_CONVERSION = YES_AGGRESSIVE;
				CLANG_CXX_LANGUAGE_STANDARD = "gnu++20";
				CLANG_ENABLE_MODULES = YES;
				CLANG_ENABLE_OBJC_ARC = YES;
				CLANG_ENABLE_OBJC_WEAK = YES;
				CLANG_WARN_BLOCK_CAPTURE_AUTORELEASING = YES;
				CLANG_WARN_BOOL_CONVERSION = YES;
				CLANG_WARN_COMMA = YES;
				CLANG_WARN_CONSTANT_CONVERSION = YES;
				CLANG_WARN_DEPRECATED_OBJC_IMPLEMENTATIONS = YES;
				CLANG_WARN_DIRECT_OBJC_ISA_USAGE = YES_ERROR;
				CLANG_WARN_DOCUMENTATION_COMMENTS = YES;
				CLANG_WARN_EMPTY_BODY = YES;
				CLANG_WARN_ENUM_CONVERSION = YES;
				CLANG_WARN_INFINITE_RECURSION = YES;
				CLANG_WARN_INT_CONVERSION = YES;
				CLANG_WARN_NON_LITERAL_NULL_CONVERSION = YES;
				CLANG_WARN_OBJC_IMPLICIT_RETAIN_SELF = YES;
				CLANG_WARN_OBJC_LITERAL_CONVERSION = YES;
				CLANG_WARN_OBJC_ROOT_CLASS = YES_ERROR;
				CLANG_WARN_QUOTED_INCLUDE_IN_FRAMEWORK_HEADER = YES;
				CLANG_WARN_RANGE_LOOP_ANALYSIS = YES;
				CLANG_WARN_STRICT_PROTOTYPES = YES;
				CLANG_WARN_SUSPICIOUS_MOVE = YES;
				CLANG_WARN_UNGUARDED_AVAILABILITY = YES_AGGRESSIVE;
				CLANG_WARN_UNREACHABLE_CODE = YES;
				CLANG_WARN__DUPLICATE_METHOD_MATCH = YES;
				COPY_PHASE_STRIP = NO;
				DEBUG_INFORMATION_FORMAT = dwarf;
				ENABLE_STRICT_OBJC_MSGSEND = YES;
				ENABLE_TESTABILITY = YES;
				ENABLE_USER_SCRIPT_SANDBOXING = YES;
				GCC_C_LANGUAGE_STANDARD = gnu17;
				GCC_DYNAMIC_NO_PIC = NO;
				GCC_NO_COMMON_BLOCKS = YES;
				GCC_OPTIMIZATION_LEVEL = 0;
				GCC_PREPROCESSOR_DEFINITIONS = (
					"DEBUG=1",
					"$(inherited)",
				);
				GCC_WARN_64_TO_32_BIT_CONVERSION = YES;
				GCC_WARN_ABOUT_RETURN_TYPE = YES_ERROR;
				GCC_WARN_UNDECLARED_SELECTOR = YES;
				GCC_WARN_UNINITIALIZED_AUTOS = YES_AGGRESSIVE;
				GCC_WARN_UNUSED_FUNCTION = YES;
				GCC_WARN_UNUSED_VARIABLE = YES;
				IPHONEOS_DEPLOYMENT_TARGET = 17.5;
				LOCALIZATION_PREFERS_STRING_CATALOGS = YES;
				MTL_ENABLE_DEBUG_INFO = INCLUDE_SOURCE;
				MTL_FAST_MATH = YES;
				ONLY_ACTIVE_ARCH = YES;
				SDKROOT = iphoneos;
				SWIFT_ACTIVE_COMPILATION_CONDITIONS = "DEBUG $(inherited)";
				SWIFT_OPTIMIZATION_LEVEL = "-Onone";
			};
			name = Debug;
		};
		24ABE9262CD4AEDD000E7EC5 /* Release */ = {
			isa = XCBuildConfiguration;
			buildSettings = {
				ALWAYS_SEARCH_USER_PATHS = NO;
				ASSETCATALOG_COMPILER_GENERATE_SWIFT_ASSET_SYMBOL_EXTENSIONS = YES;
				CLANG_ANALYZER_NONNULL = YES;
				CLANG_ANALYZER_NUMBER_OBJECT_CONVERSION = YES_AGGRESSIVE;
				CLANG_CXX_LANGUAGE_STANDARD = "gnu++20";
				CLANG_ENABLE_MODULES = YES;
				CLANG_ENABLE_OBJC_ARC = YES;
				CLANG_ENABLE_OBJC_WEAK = YES;
				CLANG_WARN_BLOCK_CAPTURE_AUTORELEASING = YES;
				CLANG_WARN_BOOL_CONVERSION = YES;
				CLANG_WARN_COMMA = YES;
				CLANG_WARN_CONSTANT_CONVERSION = YES;
				CLANG_WARN_DEPRECATED_OBJC_IMPLEMENTATIONS = YES;
				CLANG_WARN_DIRECT_OBJC_ISA_USAGE = YES_ERROR;
				CLANG_WARN_DOCUMENTATION_COMMENTS = YES;
				CLANG_WARN_EMPTY_BODY = YES;
				CLANG_WARN_ENUM_CONVERSION = YES;
				CLANG_WARN_INFINITE_RECURSION = YES;
				CLANG_WARN_INT_CONVERSION = YES;
				CLANG_WARN_NON_LITERAL_NULL_CONVERSION = YES;
				CLANG_WARN_OBJC_IMPLICIT_RETAIN_SELF = YES;
				CLANG_WARN_OBJC_LITERAL_CONVERSION = YES;
				CLANG_WARN_OBJC_ROOT_CLASS = YES_ERROR;
				CLANG_WARN_QUOTED_INCLUDE_IN_FRAMEWORK_HEADER = YES;
				CLANG_WARN_RANGE_LOOP_ANALYSIS = YES;
				CLANG_WARN_STRICT_PROTOTYPES = YES;
				CLANG_WARN_SUSPICIOUS_MOVE = YES;
				CLANG_WARN_UNGUARDED_AVAILABILITY = YES_AGGRESSIVE;
				CLANG_WARN_UNREACHABLE_CODE = YES;
				CLANG_WARN__DUPLICATE_METHOD_MATCH = YES;
				COPY_PHASE_STRIP = NO;
				DEBUG_INFORMATION_FORMAT = "dwarf-with-dsym";
				ENABLE_NS_ASSERTIONS = NO;
				ENABLE_STRICT_OBJC_MSGSEND = YES;
				ENABLE_USER_SCRIPT_SANDBOXING = YES;
				GCC_C_LANGUAGE_STANDARD = gnu17;
				GCC_NO_COMMON_BLOCKS = YES;
				GCC_WARN_64_TO_32_BIT_CONVERSION = YES;
				GCC_WARN_ABOUT_RETURN_TYPE = YES_ERROR;
				GCC_WARN_UNDECLARED_SELECTOR = YES;
				GCC_WARN_UNINITIALIZED_AUTOS = YES_AGGRESSIVE;
				GCC_WARN_UNUSED_FUNCTION = YES;
				GCC_WARN_UNUSED_VARIABLE = YES;
				IPHONEOS_DEPLOYMENT_TARGET = 17.5;
				LOCALIZATION_PREFERS_STRING_CATALOGS = YES;
				MTL_ENABLE_DEBUG_INFO = NO;
				MTL_FAST_MATH = YES;
				SDKROOT = iphoneos;
				SWIFT_COMPILATION_MODE = wholemodule;
				VALIDATE_PRODUCT = YES;
			};
			name = Release;
		};
		24ABE9282CD4AEDD000E7EC5 /* Debug */ = {
			isa = XCBuildConfiguration;
			baseConfigurationReference = 84E8A8122CEDA53600589171 /* APIKey.xcconfig */;
			buildSettings = {
				ASSETCATALOG_COMPILER_APPICON_NAME = AppIcon;
				ASSETCATALOG_COMPILER_GLOBAL_ACCENT_COLOR_NAME = AccentColor;
				CODE_SIGN_STYLE = Automatic;
				CURRENT_PROJECT_VERSION = 1;
				DEVELOPMENT_ASSET_PATHS = "\"Gathering/Resource/Preview Content\"";
				DEVELOPMENT_TEAM = HP4XA8YZN3;
				ENABLE_PREVIEWS = YES;
				GENERATE_INFOPLIST_FILE = YES;
				INFOPLIST_FILE = Gathering/Resource/Info.plist;
				INFOPLIST_KEY_LSApplicationCategoryType = "";
				INFOPLIST_KEY_UIApplicationSceneManifest_Generation = YES;
				INFOPLIST_KEY_UIApplicationSupportsIndirectInputEvents = YES;
				INFOPLIST_KEY_UILaunchScreen_Generation = YES;
				INFOPLIST_KEY_UILaunchStoryboardName = LaunchScreen.storyboard;
				INFOPLIST_KEY_UISupportedInterfaceOrientations = UIInterfaceOrientationPortrait;
				INFOPLIST_KEY_UISupportedInterfaceOrientations_iPad = "UIInterfaceOrientationLandscapeLeft UIInterfaceOrientationLandscapeRight UIInterfaceOrientationPortrait UIInterfaceOrientationPortraitUpsideDown";
				INFOPLIST_KEY_UIUserInterfaceStyle = Light;
				IPHONEOS_DEPLOYMENT_TARGET = 16.0;
				LD_RUNPATH_SEARCH_PATHS = (
					"$(inherited)",
					"@executable_path/Frameworks",
				);
				MARKETING_VERSION = 1.0;
				PRODUCT_BUNDLE_IDENTIFIER = com.ksm.Gathering;
				PRODUCT_NAME = "$(TARGET_NAME)";
				SUPPORTED_PLATFORMS = "iphoneos iphonesimulator";
				SUPPORTS_MACCATALYST = NO;
				SUPPORTS_MAC_DESIGNED_FOR_IPHONE_IPAD = NO;
				SUPPORTS_XR_DESIGNED_FOR_IPHONE_IPAD = NO;
				SWIFT_EMIT_LOC_STRINGS = YES;
				SWIFT_VERSION = 5.0;
				TARGETED_DEVICE_FAMILY = 1;
			};
			name = Debug;
		};
		24ABE9292CD4AEDD000E7EC5 /* Release */ = {
			isa = XCBuildConfiguration;
			baseConfigurationReference = 84E8A8122CEDA53600589171 /* APIKey.xcconfig */;
			buildSettings = {
				ASSETCATALOG_COMPILER_APPICON_NAME = AppIcon;
				ASSETCATALOG_COMPILER_GLOBAL_ACCENT_COLOR_NAME = AccentColor;
				CODE_SIGN_STYLE = Automatic;
				CURRENT_PROJECT_VERSION = 1;
				DEVELOPMENT_ASSET_PATHS = "\"Gathering/Resource/Preview Content\"";
				DEVELOPMENT_TEAM = HP4XA8YZN3;
				ENABLE_PREVIEWS = YES;
				GENERATE_INFOPLIST_FILE = YES;
				INFOPLIST_FILE = Gathering/Resource/Info.plist;
				INFOPLIST_KEY_LSApplicationCategoryType = "";
				INFOPLIST_KEY_UIApplicationSceneManifest_Generation = YES;
				INFOPLIST_KEY_UIApplicationSupportsIndirectInputEvents = YES;
				INFOPLIST_KEY_UILaunchScreen_Generation = YES;
				INFOPLIST_KEY_UILaunchStoryboardName = LaunchScreen.storyboard;
				INFOPLIST_KEY_UISupportedInterfaceOrientations = UIInterfaceOrientationPortrait;
				INFOPLIST_KEY_UISupportedInterfaceOrientations_iPad = "UIInterfaceOrientationLandscapeLeft UIInterfaceOrientationLandscapeRight UIInterfaceOrientationPortrait UIInterfaceOrientationPortraitUpsideDown";
				INFOPLIST_KEY_UIUserInterfaceStyle = Light;
				IPHONEOS_DEPLOYMENT_TARGET = 16.0;
				LD_RUNPATH_SEARCH_PATHS = (
					"$(inherited)",
					"@executable_path/Frameworks",
				);
				MARKETING_VERSION = 1.0;
				PRODUCT_BUNDLE_IDENTIFIER = com.ksm.Gathering;
				PRODUCT_NAME = "$(TARGET_NAME)";
				SUPPORTED_PLATFORMS = "iphoneos iphonesimulator";
				SUPPORTS_MACCATALYST = NO;
				SUPPORTS_MAC_DESIGNED_FOR_IPHONE_IPAD = NO;
				SUPPORTS_XR_DESIGNED_FOR_IPHONE_IPAD = NO;
				SWIFT_EMIT_LOC_STRINGS = YES;
				SWIFT_VERSION = 5.0;
				TARGETED_DEVICE_FAMILY = 1;
			};
			name = Release;
		};
/* End XCBuildConfiguration section */

/* Begin XCConfigurationList section */
		24ABE9142CD4AEDB000E7EC5 /* Build configuration list for PBXProject "Gathering" */ = {
			isa = XCConfigurationList;
			buildConfigurations = (
				24ABE9252CD4AEDD000E7EC5 /* Debug */,
				24ABE9262CD4AEDD000E7EC5 /* Release */,
			);
			defaultConfigurationIsVisible = 0;
			defaultConfigurationName = Release;
		};
		24ABE9272CD4AEDD000E7EC5 /* Build configuration list for PBXNativeTarget "Gathering" */ = {
			isa = XCConfigurationList;
			buildConfigurations = (
				24ABE9282CD4AEDD000E7EC5 /* Debug */,
				24ABE9292CD4AEDD000E7EC5 /* Release */,
			);
			defaultConfigurationIsVisible = 0;
			defaultConfigurationName = Release;
		};
/* End XCConfigurationList section */

/* Begin XCRemoteSwiftPackageReference section */
		24ABE92A2CD4AEF2000E7EC5 /* XCRemoteSwiftPackageReference "swift-composable-architecture" */ = {
			isa = XCRemoteSwiftPackageReference;
			repositoryURL = "https://github.com/pointfreeco/swift-composable-architecture.git";
			requirement = {
				kind = upToNextMajorVersion;
				minimumVersion = 1.15.2;
			};
		};
		24ABE92D2CD4AF24000E7EC5 /* XCRemoteSwiftPackageReference "Alamofire" */ = {
			isa = XCRemoteSwiftPackageReference;
			repositoryURL = "https://github.com/Alamofire/Alamofire.git";
			requirement = {
				kind = upToNextMajorVersion;
				minimumVersion = 5.10.1;
			};
		};
		24ABE9302CD4AF3D000E7EC5 /* XCRemoteSwiftPackageReference "Kingfisher" */ = {
			isa = XCRemoteSwiftPackageReference;
			repositoryURL = "https://github.com/onevcat/Kingfisher";
			requirement = {
				kind = upToNextMajorVersion;
				minimumVersion = 8.1.0;
			};
		};
		24ABE9332CD4AF81000E7EC5 /* XCRemoteSwiftPackageReference "realm-swift" */ = {
			isa = XCRemoteSwiftPackageReference;
			repositoryURL = "https://github.com/realm/realm-swift.git";
			requirement = {
				kind = exactVersion;
				version = 10.54.1;
			};
		};
		24ABE9362CD4B006000E7EC5 /* XCRemoteSwiftPackageReference "SwiftLint" */ = {
			isa = XCRemoteSwiftPackageReference;
			repositoryURL = "https://github.com/realm/SwiftLint.git";
			requirement = {
				kind = upToNextMajorVersion;
				minimumVersion = 0.57.0;
			};
		};
		24F7BFD82D00532100040C09 /* XCRemoteSwiftPackageReference "socket.io-client-swift" */ = {
			isa = XCRemoteSwiftPackageReference;
			repositoryURL = "https://github.com/socketio/socket.io-client-swift.git";
			requirement = {
				kind = exactVersion;
				version = 16.1.1;
			};
		};
/* End XCRemoteSwiftPackageReference section */

/* Begin XCSwiftPackageProductDependency section */
		24ABE92B2CD4AEF2000E7EC5 /* ComposableArchitecture */ = {
			isa = XCSwiftPackageProductDependency;
			package = 24ABE92A2CD4AEF2000E7EC5 /* XCRemoteSwiftPackageReference "swift-composable-architecture" */;
			productName = ComposableArchitecture;
		};
		24ABE92E2CD4AF24000E7EC5 /* Alamofire */ = {
			isa = XCSwiftPackageProductDependency;
			package = 24ABE92D2CD4AF24000E7EC5 /* XCRemoteSwiftPackageReference "Alamofire" */;
			productName = Alamofire;
		};
		24ABE9312CD4AF3D000E7EC5 /* Kingfisher */ = {
			isa = XCSwiftPackageProductDependency;
			package = 24ABE9302CD4AF3D000E7EC5 /* XCRemoteSwiftPackageReference "Kingfisher" */;
			productName = Kingfisher;
		};
		24ABE9342CD4AF81000E7EC5 /* RealmSwift */ = {
			isa = XCSwiftPackageProductDependency;
			package = 24ABE9332CD4AF81000E7EC5 /* XCRemoteSwiftPackageReference "realm-swift" */;
			productName = RealmSwift;
		};
		24ABE9372CD4B04D000E7EC5 /* SwiftLintBuildToolPlugin */ = {
			isa = XCSwiftPackageProductDependency;
			package = 24ABE9362CD4B006000E7EC5 /* XCRemoteSwiftPackageReference "SwiftLint" */;
			productName = "plugin:SwiftLintBuildToolPlugin";
		};
		24F7BFD92D00532100040C09 /* SocketIO */ = {
			isa = XCSwiftPackageProductDependency;
			package = 24F7BFD82D00532100040C09 /* XCRemoteSwiftPackageReference "socket.io-client-swift" */;
			productName = SocketIO;
		};
/* End XCSwiftPackageProductDependency section */
	};
	rootObject = 24ABE9112CD4AEDB000E7EC5 /* Project object */;
}
